{
    "version": 3,
    "terraform_version": "0.12.31",
    "serial": 1,
    "lineage": "a4c265bc-7a42-08aa-048d-ce45950ff393",
    "modules": [
        {
            "path": [
                "root"
            ],
            "outputs": {
                "aws_eks_cluster_tfer--RAK-EKS_id": {
                    "sensitive": false,
                    "type": "string",
                    "value": "RAK-EKS"
                }
            },
            "resources": {
                "aws_eks_cluster.tfer--RAK-EKS": {
                    "type": "aws_eks_cluster",
                    "depends_on": [],
                    "primary": {
                        "id": "RAK-EKS",
                        "attributes": {
                            "arn": "arn:aws:eks:us-east-1:992382545251:cluster/RAK-EKS",
                            "certificate_authority.#": "1",
                            "certificate_authority.0.data": "LS0tLS1CRUdJTiBDRVJUSUZJQ0FURS0tLS0tCk1JSURCVENDQWUyZ0F3SUJBZ0lJWnQxMEV2emhpazh3RFFZSktvWklodmNOQVFFTEJRQXdGVEVUTUJFR0ExVUUKQXhNS2EzVmlaWEp1WlhSbGN6QWVGdzB5TlRBNU1UQXhNekU1TURSYUZ3MHpOVEE1TURneE16STBNRFJhTUJVeApFekFSQmdOVkJBTVRDbXQxWW1WeWJtVjBaWE13Z2dFaU1BMEdDU3FHU0liM0RRRUJBUVVBQTRJQkR3QXdnZ0VLCkFvSUJBUURNRi9JLzNvdTdQSkJ3QkpmN3lhNEVoL0hDdUJQd1FxZi82V0szd21nUStQZi94ZnJSRzRrTkQraW8KUlZyeXdreWhEbHd5ajgxT01aMldPSUtvQTRhTGNGSXIzanpZQWNuTEppV1g5SDlGY0JjNXNoVFJPSVRmQlNmbAozS0ZJZENpSis3OVRTdzQ2emI2ZkpSTXFqbDdvbzdHR0NuNndLY3lIMzJ4QzdCSS81TVZlclRkV29xcE5WeVcyCm92UmlWczJNN2NnWkFFN20wWGw3MU9JbzlsaGxPSUNZa0NGUU5neDljR1B3VlUzM2VhTmoyN2U0OEpsOWhBNVYKTldTakRabk1SM1g4aUFybGFiRHJuOHFCSUYrckZ6TXBjME1RRXoxTDFSUjlSdmJPRzlTaEpaNFFobVYrMzFlYgpxd055RDhoUXpuVjJ5S25rR0h2RHBCM2NvRnFWQWdNQkFBR2pXVEJYTUE0R0ExVWREd0VCL3dRRUF3SUNwREFQCkJnTlZIUk1CQWY4RUJUQURBUUgvTUIwR0ExVWREZ1FXQkJTVjRuQWhrTWNscmE2bndpL2lSK3hReDRSYzJUQVYKQmdOVkhSRUVEakFNZ2dwcmRXSmxjbTVsZEdWek1BMEdDU3FHU0liM0RRRUJDd1VBQTRJQkFRQkRPTE9QQS9qKwptb2ovMllNRk96R05MZUV2Q24vWFhpcGMrakxxTW1TRnIxL2JrMURuUml4cXhQTk41bTc1bCtwN21ERFhJcFYzCm11Y29HUjJPSmk2WnI1amlkdTIxZUtSeTlqWXQ4bzJ6Q3lySE0rNlI3T3BvWHZGQWJ1a3g0dERaMFhPTXFLREoKQXF4dzFjR21kVXhrR1ZxYW50R3k2VUxHSXZGNmh3QURJbWRjT1BJQVVpQm5KdEkyODduUi9zVTcxV1VQWDJ4TAoyeHNQbzUyK09jdnRQZ2wvTXVyeHBwVmNWZmtjNEpWSHcweGdxTW50ZjBBc1dVN3F1UCtUVi8vd1A1ZnRXUWRNCk16VWQ0Z0x2WTVudnBueStySGtMZGNFa2J5TmUrOTRtUEpEei9TR3hFNzV0TkRkeE54NlJ4L0RneVF0TThuYUYKN3NZMy82b05wU3NpCi0tLS0tRU5EIENFUlRJRklDQVRFLS0tLS0K",
                            "created_at": "2025-09-10 13:17:57.947 +0000 UTC",
                            "enabled_cluster_log_types.#": "0",
                            "encryption_config.#": "0",
                            "endpoint": "https://D4AFDE644D4FC914EE599C685D7149FF.gr7.us-east-1.eks.amazonaws.com",
                            "id": "RAK-EKS",
                            "identity.#": "1",
                            "identity.0.oidc.#": "1",
                            "identity.0.oidc.0.issuer": "https://oidc.eks.us-east-1.amazonaws.com/id/D4AFDE644D4FC914EE599C685D7149FF",
                            "kubernetes_network_config.#": "1",
                            "kubernetes_network_config.0.ip_family": "ipv4",
                            "kubernetes_network_config.0.service_ipv4_cidr": "172.20.0.0/16",
                            "name": "RAK-EKS",
                            "platform_version": "eks.12",
                            "role_arn": "arn:aws:iam::992382545251:role/RAK-EKSCLUSTERMANAGER",
                            "status": "ACTIVE",
                            "tags.%": "1",
                            "tags.owner": "RAK",
                            "tags_all.%": "1",
                            "tags_all.owner": "RAK",
                            "version": "1.33",
                            "vpc_config.#": "1",
                            "vpc_config.0.cluster_security_group_id": "sg-0754b76e4b35b763c",
                            "vpc_config.0.endpoint_private_access": "true",
                            "vpc_config.0.endpoint_public_access": "true",
                            "vpc_config.0.public_access_cidrs.#": "1",
                            "vpc_config.0.public_access_cidrs.0": "0.0.0.0/0",
                            "vpc_config.0.security_group_ids.#": "0",
                            "vpc_config.0.subnet_ids.#": "6",
                            "vpc_config.0.subnet_ids.0": "subnet-00fe585624fad502c",
                            "vpc_config.0.subnet_ids.1": "subnet-012e3de3f15043afe",
                            "vpc_config.0.subnet_ids.2": "subnet-05f9aad22ed12c8c8",
                            "vpc_config.0.subnet_ids.3": "subnet-0794bcdafbe8da12b",
                            "vpc_config.0.subnet_ids.4": "subnet-07cc6a65506c506ca",
                            "vpc_config.0.subnet_ids.5": "subnet-0cf84627daa4a19a5",
                            "vpc_config.0.vpc_id": "vpc-083b4e205160a3e08"
                        },
                        "meta": {
                            "schema_version": 0
                        },
                        "tainted": false
                    },
                    "deposed": [],
                    "provider": "provider.aws"
                }
            },
            "depends_on": []
        }
    ]
}
