{
    "version": 3,
    "terraform_version": "0.12.31",
    "serial": 1,
    "lineage": "7ca61eef-f297-6df9-28e0-3228a0b2e952",
    "modules": [
        {
            "path": [
                "root"
            ],
            "outputs": {
                "aws_main_route_table_association_tfer--vpc-01226e7027e21b6e2_id": {
                    "sensitive": false,
                    "type": "string",
                    "value": "rtbassoc-0488747f2ff3e303a"
                },
                "aws_main_route_table_association_tfer--vpc-014e64327a6883f05_id": {
                    "sensitive": false,
                    "type": "string",
                    "value": "rtbassoc-051b864467337ddd7"
                },
                "aws_main_route_table_association_tfer--vpc-020f515a434d1528c_id": {
                    "sensitive": false,
                    "type": "string",
                    "value": "rtbassoc-015f2793b55fde47c"
                },
                "aws_main_route_table_association_tfer--vpc-022256b125ec24b0a_id": {
                    "sensitive": false,
                    "type": "string",
                    "value": "rtbassoc-0643fc78bf0fd1b89"
                },
                "aws_main_route_table_association_tfer--vpc-02fd0b20687bd658c_id": {
                    "sensitive": false,
                    "type": "string",
                    "value": "rtbassoc-0a86b6c5a17ac7024"
                },
                "aws_main_route_table_association_tfer--vpc-03551bf73ceb4d7df_id": {
                    "sensitive": false,
                    "type": "string",
                    "value": "rtbassoc-0654e979ea0d61f4d"
                },
                "aws_main_route_table_association_tfer--vpc-037bbd648cabe0375_id": {
                    "sensitive": false,
                    "type": "string",
                    "value": "rtbassoc-0a3b08e1131d9b655"
                },
                "aws_main_route_table_association_tfer--vpc-04f0854157d7cfe9d_id": {
                    "sensitive": false,
                    "type": "string",
                    "value": "rtbassoc-0de767157db9402b1"
                },
                "aws_main_route_table_association_tfer--vpc-05378dbf126e3680e_id": {
                    "sensitive": false,
                    "type": "string",
                    "value": "rtbassoc-0577529a87c865b78"
                },
                "aws_main_route_table_association_tfer--vpc-0718668e44e2cd265_id": {
                    "sensitive": false,
                    "type": "string",
                    "value": "rtbassoc-0e3d7cab1af68ec3b"
                },
                "aws_main_route_table_association_tfer--vpc-07e39b0b1419bb585_id": {
                    "sensitive": false,
                    "type": "string",
                    "value": "rtbassoc-030273f62c1033c01"
                },
                "aws_main_route_table_association_tfer--vpc-083b4e205160a3e08_id": {
                    "sensitive": false,
                    "type": "string",
                    "value": "rtbassoc-0784e54b1e2f9e79f"
                },
                "aws_main_route_table_association_tfer--vpc-09549181f6d60927a_id": {
                    "sensitive": false,
                    "type": "string",
                    "value": "rtbassoc-019f7f64bb222ef4a"
                },
                "aws_main_route_table_association_tfer--vpc-0965629ddd2b1710b_id": {
                    "sensitive": false,
                    "type": "string",
                    "value": "rtbassoc-0629202bc1f8f25a0"
                },
                "aws_main_route_table_association_tfer--vpc-09c0eaeb5b69b1248_id": {
                    "sensitive": false,
                    "type": "string",
                    "value": "rtbassoc-0861ee0fdb9749b80"
                },
                "aws_main_route_table_association_tfer--vpc-0c4e1a5607643d166_id": {
                    "sensitive": false,
                    "type": "string",
                    "value": "rtbassoc-03175fb88b4c151e8"
                },
                "aws_main_route_table_association_tfer--vpc-0d95db6427d3a4fcb_id": {
                    "sensitive": false,
                    "type": "string",
                    "value": "rtbassoc-06e7893b3d7bcc32b"
                },
                "aws_main_route_table_association_tfer--vpc-0e6130bd6e1263adc_id": {
                    "sensitive": false,
                    "type": "string",
                    "value": "rtbassoc-0b202aba4a151f9bf"
                },
                "aws_main_route_table_association_tfer--vpc-0f8f11cc1ab8691b3_id": {
                    "sensitive": false,
                    "type": "string",
                    "value": "rtbassoc-0481abfe7c369c560"
                },
                "aws_route_table_association_tfer--subnet-00e7a11252d53d099_id": {
                    "sensitive": false,
                    "type": "string",
                    "value": "rtbassoc-0ddc832e8285bac70"
                },
                "aws_route_table_association_tfer--subnet-00fe585624fad502c_id": {
                    "sensitive": false,
                    "type": "string",
                    "value": "rtbassoc-05c8eb7c3fd2c1c42"
                },
                "aws_route_table_association_tfer--subnet-010d938cd143cfa5b_id": {
                    "sensitive": false,
                    "type": "string",
                    "value": "rtbassoc-0cecfb96dc7681795"
                },
                "aws_route_table_association_tfer--subnet-012e3de3f15043afe_id": {
                    "sensitive": false,
                    "type": "string",
                    "value": "rtbassoc-0d37440223170d4e5"
                },
                "aws_route_table_association_tfer--subnet-01414037a5eafa2bd_id": {
                    "sensitive": false,
                    "type": "string",
                    "value": "rtbassoc-05a3920021cfa8efd"
                },
                "aws_route_table_association_tfer--subnet-0184c0dfec8ba4691_id": {
                    "sensitive": false,
                    "type": "string",
                    "value": "rtbassoc-0d315fb0dc77c6494"
                },
                "aws_route_table_association_tfer--subnet-019bafbeb30016c19_id": {
                    "sensitive": false,
                    "type": "string",
                    "value": "rtbassoc-0d4f0a5602126cd3e"
                },
                "aws_route_table_association_tfer--subnet-023e5d283d3c95c37_id": {
                    "sensitive": false,
                    "type": "string",
                    "value": "rtbassoc-0ab071de535983995"
                },
                "aws_route_table_association_tfer--subnet-02b499a6d981becd9_id": {
                    "sensitive": false,
                    "type": "string",
                    "value": "rtbassoc-0129e01802769971d"
                },
                "aws_route_table_association_tfer--subnet-02bd2edb4de1d31f0_id": {
                    "sensitive": false,
                    "type": "string",
                    "value": "rtbassoc-0bd5ad265c1bcb404"
                },
                "aws_route_table_association_tfer--subnet-02bfa1ec9485ccbd6_id": {
                    "sensitive": false,
                    "type": "string",
                    "value": "rtbassoc-054896af42a476106"
                },
                "aws_route_table_association_tfer--subnet-02f28a9723c0a6880_id": {
                    "sensitive": false,
                    "type": "string",
                    "value": "rtbassoc-0ca4af9b47f856ae4"
                },
                "aws_route_table_association_tfer--subnet-03208633fc0003ed2_id": {
                    "sensitive": false,
                    "type": "string",
                    "value": "rtbassoc-0ac4dbe12f161582e"
                },
                "aws_route_table_association_tfer--subnet-03d77889a7d7cec26_id": {
                    "sensitive": false,
                    "type": "string",
                    "value": "rtbassoc-06cf61e15f1195116"
                },
                "aws_route_table_association_tfer--subnet-03d88fd39e0303f7d_id": {
                    "sensitive": false,
                    "type": "string",
                    "value": "rtbassoc-074abc4ec09c8884f"
                },
                "aws_route_table_association_tfer--subnet-03df233962b5b9895_id": {
                    "sensitive": false,
                    "type": "string",
                    "value": "rtbassoc-07a6cd95be6621a7e"
                },
                "aws_route_table_association_tfer--subnet-0406d282f511c33ca_id": {
                    "sensitive": false,
                    "type": "string",
                    "value": "rtbassoc-0f970f5aa0b3ed6fd"
                },
                "aws_route_table_association_tfer--subnet-0468e933b4fdab115_id": {
                    "sensitive": false,
                    "type": "string",
                    "value": "rtbassoc-07cebbbb8c850857d"
                },
                "aws_route_table_association_tfer--subnet-048df857666f497b2_id": {
                    "sensitive": false,
                    "type": "string",
                    "value": "rtbassoc-020c3e4680a3d12c8"
                },
                "aws_route_table_association_tfer--subnet-04dbb51903521e551_id": {
                    "sensitive": false,
                    "type": "string",
                    "value": "rtbassoc-0d71ed1c9bca40753"
                },
                "aws_route_table_association_tfer--subnet-04e6bc93755db4780_id": {
                    "sensitive": false,
                    "type": "string",
                    "value": "rtbassoc-01da28dbad744d804"
                },
                "aws_route_table_association_tfer--subnet-04f43be43718d6387_id": {
                    "sensitive": false,
                    "type": "string",
                    "value": "rtbassoc-00bab7dc0c50babfd"
                },
                "aws_route_table_association_tfer--subnet-04f934b5dd92afc2b_id": {
                    "sensitive": false,
                    "type": "string",
                    "value": "rtbassoc-07216da9f2900b3fc"
                },
                "aws_route_table_association_tfer--subnet-052928045b461bd10_id": {
                    "sensitive": false,
                    "type": "string",
                    "value": "rtbassoc-0c529a478da96e3b6"
                },
                "aws_route_table_association_tfer--subnet-05a75df6462060933_id": {
                    "sensitive": false,
                    "type": "string",
                    "value": "rtbassoc-0e48dcb0e36e57b23"
                },
                "aws_route_table_association_tfer--subnet-05f9aad22ed12c8c8_id": {
                    "sensitive": false,
                    "type": "string",
                    "value": "rtbassoc-054503d7a8289e82d"
                },
                "aws_route_table_association_tfer--subnet-064d2805fcb8e9514_id": {
                    "sensitive": false,
                    "type": "string",
                    "value": "rtbassoc-0adc83c0d7f922be2"
                },
                "aws_route_table_association_tfer--subnet-065679fd74300ff63_id": {
                    "sensitive": false,
                    "type": "string",
                    "value": "rtbassoc-00ccad332788da03c"
                },
                "aws_route_table_association_tfer--subnet-070c17a7438d0faef_id": {
                    "sensitive": false,
                    "type": "string",
                    "value": "rtbassoc-0031bb07e18ce1e95"
                },
                "aws_route_table_association_tfer--subnet-071e1b16b635f632a_id": {
                    "sensitive": false,
                    "type": "string",
                    "value": "rtbassoc-01b696882e9350fd9"
                },
                "aws_route_table_association_tfer--subnet-0742f98b1dfbc5214_id": {
                    "sensitive": false,
                    "type": "string",
                    "value": "rtbassoc-046f4c0967d3c0788"
                },
                "aws_route_table_association_tfer--subnet-074bf17aae2dba706_id": {
                    "sensitive": false,
                    "type": "string",
                    "value": "rtbassoc-0f07bec3f27b82a5d"
                },
                "aws_route_table_association_tfer--subnet-07837dadc50a3213a_id": {
                    "sensitive": false,
                    "type": "string",
                    "value": "rtbassoc-056de904e56eb4f6c"
                },
                "aws_route_table_association_tfer--subnet-0794bcdafbe8da12b_id": {
                    "sensitive": false,
                    "type": "string",
                    "value": "rtbassoc-0b946c38d9d1aba09"
                },
                "aws_route_table_association_tfer--subnet-07b3560784b6c8a4d_id": {
                    "sensitive": false,
                    "type": "string",
                    "value": "rtbassoc-0e60530479d230963"
                },
                "aws_route_table_association_tfer--subnet-07cc6a65506c506ca_id": {
                    "sensitive": false,
                    "type": "string",
                    "value": "rtbassoc-05dd005e2994e8162"
                },
                "aws_route_table_association_tfer--subnet-08795c4a15a5e15df_id": {
                    "sensitive": false,
                    "type": "string",
                    "value": "rtbassoc-0b8831e58f3f22483"
                },
                "aws_route_table_association_tfer--subnet-0919001dae778877a_id": {
                    "sensitive": false,
                    "type": "string",
                    "value": "rtbassoc-0243b1bb2d008573b"
                },
                "aws_route_table_association_tfer--subnet-09705217965c59e5a_id": {
                    "sensitive": false,
                    "type": "string",
                    "value": "rtbassoc-0437def77ad8263e2"
                },
                "aws_route_table_association_tfer--subnet-0972cc251792d5095_id": {
                    "sensitive": false,
                    "type": "string",
                    "value": "rtbassoc-0f5ee7c40f0e0c465"
                },
                "aws_route_table_association_tfer--subnet-097694c121c7b7bb7_id": {
                    "sensitive": false,
                    "type": "string",
                    "value": "rtbassoc-09dd1a21476237e0e"
                },
                "aws_route_table_association_tfer--subnet-0a1bb7b133000a0d6_id": {
                    "sensitive": false,
                    "type": "string",
                    "value": "rtbassoc-00f75c19a55ad981a"
                },
                "aws_route_table_association_tfer--subnet-0a8336384b6d3b85b_id": {
                    "sensitive": false,
                    "type": "string",
                    "value": "rtbassoc-0fa9aa07e2ff04506"
                },
                "aws_route_table_association_tfer--subnet-0a90d5c353da427c6_id": {
                    "sensitive": false,
                    "type": "string",
                    "value": "rtbassoc-0beecf9a2df5d7e3c"
                },
                "aws_route_table_association_tfer--subnet-0ade8070d5563cde3_id": {
                    "sensitive": false,
                    "type": "string",
                    "value": "rtbassoc-05493182905d97132"
                },
                "aws_route_table_association_tfer--subnet-0c23ba0951f9296fa_id": {
                    "sensitive": false,
                    "type": "string",
                    "value": "rtbassoc-01c6a852f72fbae2a"
                },
                "aws_route_table_association_tfer--subnet-0c4e66d37885ae4e7_id": {
                    "sensitive": false,
                    "type": "string",
                    "value": "rtbassoc-07716eea7f3b074b4"
                },
                "aws_route_table_association_tfer--subnet-0cf84627daa4a19a5_id": {
                    "sensitive": false,
                    "type": "string",
                    "value": "rtbassoc-066150e8051cdbdf1"
                },
                "aws_route_table_association_tfer--subnet-0d9f83e21ccbacf25_id": {
                    "sensitive": false,
                    "type": "string",
                    "value": "rtbassoc-0a32dc660d3f50494"
                },
                "aws_route_table_association_tfer--subnet-0e320d61192515d93_id": {
                    "sensitive": false,
                    "type": "string",
                    "value": "rtbassoc-0ab4bd0b2c70c071f"
                },
                "aws_route_table_association_tfer--subnet-0e4dfbf05c6273091_id": {
                    "sensitive": false,
                    "type": "string",
                    "value": "rtbassoc-06e7d2f025cd74886"
                },
                "aws_route_table_association_tfer--subnet-0e7be37767717a051_id": {
                    "sensitive": false,
                    "type": "string",
                    "value": "rtbassoc-0b2f94b62348137d8"
                },
                "aws_route_table_association_tfer--subnet-0edfab6c9b2870f9b_id": {
                    "sensitive": false,
                    "type": "string",
                    "value": "rtbassoc-0f7604e59d0c2eb21"
                },
                "aws_route_table_association_tfer--subnet-0f5d4b510588d151a_id": {
                    "sensitive": false,
                    "type": "string",
                    "value": "rtbassoc-0e4825ea3f2904f83"
                },
                "aws_route_table_association_tfer--subnet-0fa0c760cde6d926f_id": {
                    "sensitive": false,
                    "type": "string",
                    "value": "rtbassoc-0ae640e6a5fa581e3"
                },
                "aws_route_table_association_tfer--subnet-0fa413b471b4a729a_id": {
                    "sensitive": false,
                    "type": "string",
                    "value": "rtbassoc-087986ccd96f81bfa"
                },
                "aws_route_table_tfer--rtb-000f3d8fea01e2e54_id": {
                    "sensitive": false,
                    "type": "string",
                    "value": "rtb-000f3d8fea01e2e54"
                },
                "aws_route_table_tfer--rtb-0055e4277d5b1309f_id": {
                    "sensitive": false,
                    "type": "string",
                    "value": "rtb-0055e4277d5b1309f"
                },
                "aws_route_table_tfer--rtb-005d23342536d590f_id": {
                    "sensitive": false,
                    "type": "string",
                    "value": "rtb-005d23342536d590f"
                },
                "aws_route_table_tfer--rtb-0063bb46787d4ad18_id": {
                    "sensitive": false,
                    "type": "string",
                    "value": "rtb-0063bb46787d4ad18"
                },
                "aws_route_table_tfer--rtb-00b147beb89bbe266_id": {
                    "sensitive": false,
                    "type": "string",
                    "value": "rtb-00b147beb89bbe266"
                },
                "aws_route_table_tfer--rtb-00be9ee3821f9c887_id": {
                    "sensitive": false,
                    "type": "string",
                    "value": "rtb-00be9ee3821f9c887"
                },
                "aws_route_table_tfer--rtb-00f03e4c01212d25e_id": {
                    "sensitive": false,
                    "type": "string",
                    "value": "rtb-00f03e4c01212d25e"
                },
                "aws_route_table_tfer--rtb-010a49d28502bf9be_id": {
                    "sensitive": false,
                    "type": "string",
                    "value": "rtb-010a49d28502bf9be"
                },
                "aws_route_table_tfer--rtb-0126572f369c24662_id": {
                    "sensitive": false,
                    "type": "string",
                    "value": "rtb-0126572f369c24662"
                },
                "aws_route_table_tfer--rtb-017e0066db45ac186_id": {
                    "sensitive": false,
                    "type": "string",
                    "value": "rtb-017e0066db45ac186"
                },
                "aws_route_table_tfer--rtb-01bdd515b4f3383a0_id": {
                    "sensitive": false,
                    "type": "string",
                    "value": "rtb-01bdd515b4f3383a0"
                },
                "aws_route_table_tfer--rtb-020ad55ec542da189_id": {
                    "sensitive": false,
                    "type": "string",
                    "value": "rtb-020ad55ec542da189"
                },
                "aws_route_table_tfer--rtb-022f79179a43bf273_id": {
                    "sensitive": false,
                    "type": "string",
                    "value": "rtb-022f79179a43bf273"
                },
                "aws_route_table_tfer--rtb-02d78229ced3c6657_id": {
                    "sensitive": false,
                    "type": "string",
                    "value": "rtb-02d78229ced3c6657"
                },
                "aws_route_table_tfer--rtb-046b92ae4635cd4d2_id": {
                    "sensitive": false,
                    "type": "string",
                    "value": "rtb-046b92ae4635cd4d2"
                },
                "aws_route_table_tfer--rtb-046c9d3ae43af3009_id": {
                    "sensitive": false,
                    "type": "string",
                    "value": "rtb-046c9d3ae43af3009"
                },
                "aws_route_table_tfer--rtb-04831a9273fcaaf2e_id": {
                    "sensitive": false,
                    "type": "string",
                    "value": "rtb-04831a9273fcaaf2e"
                },
                "aws_route_table_tfer--rtb-049d578059cce0b5d_id": {
                    "sensitive": false,
                    "type": "string",
                    "value": "rtb-049d578059cce0b5d"
                },
                "aws_route_table_tfer--rtb-04cbe91db1f4c000c_id": {
                    "sensitive": false,
                    "type": "string",
                    "value": "rtb-04cbe91db1f4c000c"
                },
                "aws_route_table_tfer--rtb-04d39e25507983a2c_id": {
                    "sensitive": false,
                    "type": "string",
                    "value": "rtb-04d39e25507983a2c"
                },
                "aws_route_table_tfer--rtb-053cbb13c4975605c_id": {
                    "sensitive": false,
                    "type": "string",
                    "value": "rtb-053cbb13c4975605c"
                },
                "aws_route_table_tfer--rtb-0550a1ca1941af280_id": {
                    "sensitive": false,
                    "type": "string",
                    "value": "rtb-0550a1ca1941af280"
                },
                "aws_route_table_tfer--rtb-059aa29e110d39d6d_id": {
                    "sensitive": false,
                    "type": "string",
                    "value": "rtb-059aa29e110d39d6d"
                },
                "aws_route_table_tfer--rtb-05c58e4d57b41507c_id": {
                    "sensitive": false,
                    "type": "string",
                    "value": "rtb-05c58e4d57b41507c"
                },
                "aws_route_table_tfer--rtb-065062e253cc3f5ed_id": {
                    "sensitive": false,
                    "type": "string",
                    "value": "rtb-065062e253cc3f5ed"
                },
                "aws_route_table_tfer--rtb-068f914dfc58e0621_id": {
                    "sensitive": false,
                    "type": "string",
                    "value": "rtb-068f914dfc58e0621"
                },
                "aws_route_table_tfer--rtb-06e3befabe4999e77_id": {
                    "sensitive": false,
                    "type": "string",
                    "value": "rtb-06e3befabe4999e77"
                },
                "aws_route_table_tfer--rtb-0740854cca894dd3a_id": {
                    "sensitive": false,
                    "type": "string",
                    "value": "rtb-0740854cca894dd3a"
                },
                "aws_route_table_tfer--rtb-076c9dda6e57ae628_id": {
                    "sensitive": false,
                    "type": "string",
                    "value": "rtb-076c9dda6e57ae628"
                },
                "aws_route_table_tfer--rtb-07b0161184c07aec6_id": {
                    "sensitive": false,
                    "type": "string",
                    "value": "rtb-07b0161184c07aec6"
                },
                "aws_route_table_tfer--rtb-07b472d6b3b99f3b4_id": {
                    "sensitive": false,
                    "type": "string",
                    "value": "rtb-07b472d6b3b99f3b4"
                },
                "aws_route_table_tfer--rtb-080404d15e7f86fc5_id": {
                    "sensitive": false,
                    "type": "string",
                    "value": "rtb-080404d15e7f86fc5"
                },
                "aws_route_table_tfer--rtb-08c6db5973a498b96_id": {
                    "sensitive": false,
                    "type": "string",
                    "value": "rtb-08c6db5973a498b96"
                },
                "aws_route_table_tfer--rtb-09742f0c0f3d75002_id": {
                    "sensitive": false,
                    "type": "string",
                    "value": "rtb-09742f0c0f3d75002"
                },
                "aws_route_table_tfer--rtb-09ef20452e1beca94_id": {
                    "sensitive": false,
                    "type": "string",
                    "value": "rtb-09ef20452e1beca94"
                },
                "aws_route_table_tfer--rtb-09f71fd5011985299_id": {
                    "sensitive": false,
                    "type": "string",
                    "value": "rtb-09f71fd5011985299"
                },
                "aws_route_table_tfer--rtb-0a145cadb245c1db0_id": {
                    "sensitive": false,
                    "type": "string",
                    "value": "rtb-0a145cadb245c1db0"
                },
                "aws_route_table_tfer--rtb-0a30626817f2365e7_id": {
                    "sensitive": false,
                    "type": "string",
                    "value": "rtb-0a30626817f2365e7"
                },
                "aws_route_table_tfer--rtb-0a502514d6e34c8da_id": {
                    "sensitive": false,
                    "type": "string",
                    "value": "rtb-0a502514d6e34c8da"
                },
                "aws_route_table_tfer--rtb-0c22c6f2f393a0b05_id": {
                    "sensitive": false,
                    "type": "string",
                    "value": "rtb-0c22c6f2f393a0b05"
                },
                "aws_route_table_tfer--rtb-0c3080ad26e9a1eaa_id": {
                    "sensitive": false,
                    "type": "string",
                    "value": "rtb-0c3080ad26e9a1eaa"
                },
                "aws_route_table_tfer--rtb-0c5f66ecb5b6c21c5_id": {
                    "sensitive": false,
                    "type": "string",
                    "value": "rtb-0c5f66ecb5b6c21c5"
                },
                "aws_route_table_tfer--rtb-0c671331b8472a153_id": {
                    "sensitive": false,
                    "type": "string",
                    "value": "rtb-0c671331b8472a153"
                },
                "aws_route_table_tfer--rtb-0d1949a70862af3e4_id": {
                    "sensitive": false,
                    "type": "string",
                    "value": "rtb-0d1949a70862af3e4"
                },
                "aws_route_table_tfer--rtb-0dba065f1414a11b2_id": {
                    "sensitive": false,
                    "type": "string",
                    "value": "rtb-0dba065f1414a11b2"
                },
                "aws_route_table_tfer--rtb-0dc3744cda1666daa_id": {
                    "sensitive": false,
                    "type": "string",
                    "value": "rtb-0dc3744cda1666daa"
                },
                "aws_route_table_tfer--rtb-0e6845a0841506cca_id": {
                    "sensitive": false,
                    "type": "string",
                    "value": "rtb-0e6845a0841506cca"
                },
                "aws_route_table_tfer--rtb-0e9941e3809d0259f_id": {
                    "sensitive": false,
                    "type": "string",
                    "value": "rtb-0e9941e3809d0259f"
                },
                "aws_route_table_tfer--rtb-0ee6153ce704790dc_id": {
                    "sensitive": false,
                    "type": "string",
                    "value": "rtb-0ee6153ce704790dc"
                },
                "aws_route_table_tfer--rtb-0ee6c8c75d6b06737_id": {
                    "sensitive": false,
                    "type": "string",
                    "value": "rtb-0ee6c8c75d6b06737"
                },
                "aws_route_table_tfer--rtb-0f2af54607be57af0_id": {
                    "sensitive": false,
                    "type": "string",
                    "value": "rtb-0f2af54607be57af0"
                },
                "aws_route_table_tfer--rtb-0f370fc94e549bef0_id": {
                    "sensitive": false,
                    "type": "string",
                    "value": "rtb-0f370fc94e549bef0"
                },
                "aws_route_table_tfer--rtb-0f4f128aef5402f44_id": {
                    "sensitive": false,
                    "type": "string",
                    "value": "rtb-0f4f128aef5402f44"
                },
                "aws_route_table_tfer--rtb-0f61c0e9c2bcfd63f_id": {
                    "sensitive": false,
                    "type": "string",
                    "value": "rtb-0f61c0e9c2bcfd63f"
                },
                "aws_route_table_tfer--rtb-0f86c4e8d65480c61_id": {
                    "sensitive": false,
                    "type": "string",
                    "value": "rtb-0f86c4e8d65480c61"
                },
                "aws_route_table_tfer--rtb-0f9c823fcc469279a_id": {
                    "sensitive": false,
                    "type": "string",
                    "value": "rtb-0f9c823fcc469279a"
                },
                "aws_route_table_tfer--rtb-0f9f399afe57c6f27_id": {
                    "sensitive": false,
                    "type": "string",
                    "value": "rtb-0f9f399afe57c6f27"
                },
                "aws_route_table_tfer--rtb-0fd04a270eede2546_id": {
                    "sensitive": false,
                    "type": "string",
                    "value": "rtb-0fd04a270eede2546"
                }
            },
            "resources": {
                "aws_main_route_table_association.tfer--vpc-01226e7027e21b6e2": {
                    "type": "aws_main_route_table_association",
                    "depends_on": [],
                    "primary": {
                        "id": "rtbassoc-0488747f2ff3e303a",
                        "attributes": {
                            "id": "rtbassoc-0488747f2ff3e303a",
                            "route_table_id": "rtb-076c9dda6e57ae628",
                            "vpc_id": "vpc-01226e7027e21b6e2"
                        },
                        "meta": {
                            "schema_version": 0
                        },
                        "tainted": false
                    },
                    "deposed": [],
                    "provider": "provider.aws"
                },
                "aws_main_route_table_association.tfer--vpc-014e64327a6883f05": {
                    "type": "aws_main_route_table_association",
                    "depends_on": [],
                    "primary": {
                        "id": "rtbassoc-051b864467337ddd7",
                        "attributes": {
                            "id": "rtbassoc-051b864467337ddd7",
                            "route_table_id": "rtb-0a502514d6e34c8da",
                            "vpc_id": "vpc-014e64327a6883f05"
                        },
                        "meta": {
                            "schema_version": 0
                        },
                        "tainted": false
                    },
                    "deposed": [],
                    "provider": "provider.aws"
                },
                "aws_main_route_table_association.tfer--vpc-020f515a434d1528c": {
                    "type": "aws_main_route_table_association",
                    "depends_on": [],
                    "primary": {
                        "id": "rtbassoc-015f2793b55fde47c",
                        "attributes": {
                            "id": "rtbassoc-015f2793b55fde47c",
                            "route_table_id": "rtb-0c3080ad26e9a1eaa",
                            "vpc_id": "vpc-020f515a434d1528c"
                        },
                        "meta": {
                            "schema_version": 0
                        },
                        "tainted": false
                    },
                    "deposed": [],
                    "provider": "provider.aws"
                },
                "aws_main_route_table_association.tfer--vpc-022256b125ec24b0a": {
                    "type": "aws_main_route_table_association",
                    "depends_on": [],
                    "primary": {
                        "id": "rtbassoc-0643fc78bf0fd1b89",
                        "attributes": {
                            "id": "rtbassoc-0643fc78bf0fd1b89",
                            "route_table_id": "rtb-080404d15e7f86fc5",
                            "vpc_id": "vpc-022256b125ec24b0a"
                        },
                        "meta": {
                            "schema_version": 0
                        },
                        "tainted": false
                    },
                    "deposed": [],
                    "provider": "provider.aws"
                },
                "aws_main_route_table_association.tfer--vpc-02fd0b20687bd658c": {
                    "type": "aws_main_route_table_association",
                    "depends_on": [],
                    "primary": {
                        "id": "rtbassoc-0a86b6c5a17ac7024",
                        "attributes": {
                            "id": "rtbassoc-0a86b6c5a17ac7024",
                            "route_table_id": "rtb-046c9d3ae43af3009",
                            "vpc_id": "vpc-02fd0b20687bd658c"
                        },
                        "meta": {
                            "schema_version": 0
                        },
                        "tainted": false
                    },
                    "deposed": [],
                    "provider": "provider.aws"
                },
                "aws_main_route_table_association.tfer--vpc-03551bf73ceb4d7df": {
                    "type": "aws_main_route_table_association",
                    "depends_on": [],
                    "primary": {
                        "id": "rtbassoc-0654e979ea0d61f4d",
                        "attributes": {
                            "id": "rtbassoc-0654e979ea0d61f4d",
                            "route_table_id": "rtb-0f370fc94e549bef0",
                            "vpc_id": "vpc-03551bf73ceb4d7df"
                        },
                        "meta": {
                            "schema_version": 0
                        },
                        "tainted": false
                    },
                    "deposed": [],
                    "provider": "provider.aws"
                },
                "aws_main_route_table_association.tfer--vpc-037bbd648cabe0375": {
                    "type": "aws_main_route_table_association",
                    "depends_on": [],
                    "primary": {
                        "id": "rtbassoc-0a3b08e1131d9b655",
                        "attributes": {
                            "id": "rtbassoc-0a3b08e1131d9b655",
                            "route_table_id": "rtb-020ad55ec542da189",
                            "vpc_id": "vpc-037bbd648cabe0375"
                        },
                        "meta": {
                            "schema_version": 0
                        },
                        "tainted": false
                    },
                    "deposed": [],
                    "provider": "provider.aws"
                },
                "aws_main_route_table_association.tfer--vpc-04f0854157d7cfe9d": {
                    "type": "aws_main_route_table_association",
                    "depends_on": [],
                    "primary": {
                        "id": "rtbassoc-0de767157db9402b1",
                        "attributes": {
                            "id": "rtbassoc-0de767157db9402b1",
                            "route_table_id": "rtb-0f9c823fcc469279a",
                            "vpc_id": "vpc-04f0854157d7cfe9d"
                        },
                        "meta": {
                            "schema_version": 0
                        },
                        "tainted": false
                    },
                    "deposed": [],
                    "provider": "provider.aws"
                },
                "aws_main_route_table_association.tfer--vpc-05378dbf126e3680e": {
                    "type": "aws_main_route_table_association",
                    "depends_on": [],
                    "primary": {
                        "id": "rtbassoc-0577529a87c865b78",
                        "attributes": {
                            "id": "rtbassoc-0577529a87c865b78",
                            "route_table_id": "rtb-02d78229ced3c6657",
                            "vpc_id": "vpc-05378dbf126e3680e"
                        },
                        "meta": {
                            "schema_version": 0
                        },
                        "tainted": false
                    },
                    "deposed": [],
                    "provider": "provider.aws"
                },
                "aws_main_route_table_association.tfer--vpc-0718668e44e2cd265": {
                    "type": "aws_main_route_table_association",
                    "depends_on": [],
                    "primary": {
                        "id": "rtbassoc-0e3d7cab1af68ec3b",
                        "attributes": {
                            "id": "rtbassoc-0e3d7cab1af68ec3b",
                            "route_table_id": "rtb-0126572f369c24662",
                            "vpc_id": "vpc-0718668e44e2cd265"
                        },
                        "meta": {
                            "schema_version": 0
                        },
                        "tainted": false
                    },
                    "deposed": [],
                    "provider": "provider.aws"
                },
                "aws_main_route_table_association.tfer--vpc-07e39b0b1419bb585": {
                    "type": "aws_main_route_table_association",
                    "depends_on": [],
                    "primary": {
                        "id": "rtbassoc-030273f62c1033c01",
                        "attributes": {
                            "id": "rtbassoc-030273f62c1033c01",
                            "route_table_id": "rtb-0f4f128aef5402f44",
                            "vpc_id": "vpc-07e39b0b1419bb585"
                        },
                        "meta": {
                            "schema_version": 0
                        },
                        "tainted": false
                    },
                    "deposed": [],
                    "provider": "provider.aws"
                },
                "aws_main_route_table_association.tfer--vpc-083b4e205160a3e08": {
                    "type": "aws_main_route_table_association",
                    "depends_on": [],
                    "primary": {
                        "id": "rtbassoc-0784e54b1e2f9e79f",
                        "attributes": {
                            "id": "rtbassoc-0784e54b1e2f9e79f",
                            "route_table_id": "rtb-01bdd515b4f3383a0",
                            "vpc_id": "vpc-083b4e205160a3e08"
                        },
                        "meta": {
                            "schema_version": 0
                        },
                        "tainted": false
                    },
                    "deposed": [],
                    "provider": "provider.aws"
                },
                "aws_main_route_table_association.tfer--vpc-09549181f6d60927a": {
                    "type": "aws_main_route_table_association",
                    "depends_on": [],
                    "primary": {
                        "id": "rtbassoc-019f7f64bb222ef4a",
                        "attributes": {
                            "id": "rtbassoc-019f7f64bb222ef4a",
                            "route_table_id": "rtb-053cbb13c4975605c",
                            "vpc_id": "vpc-09549181f6d60927a"
                        },
                        "meta": {
                            "schema_version": 0
                        },
                        "tainted": false
                    },
                    "deposed": [],
                    "provider": "provider.aws"
                },
                "aws_main_route_table_association.tfer--vpc-0965629ddd2b1710b": {
                    "type": "aws_main_route_table_association",
                    "depends_on": [],
                    "primary": {
                        "id": "rtbassoc-0629202bc1f8f25a0",
                        "attributes": {
                            "id": "rtbassoc-0629202bc1f8f25a0",
                            "route_table_id": "rtb-005d23342536d590f",
                            "vpc_id": "vpc-0965629ddd2b1710b"
                        },
                        "meta": {
                            "schema_version": 0
                        },
                        "tainted": false
                    },
                    "deposed": [],
                    "provider": "provider.aws"
                },
                "aws_main_route_table_association.tfer--vpc-09c0eaeb5b69b1248": {
                    "type": "aws_main_route_table_association",
                    "depends_on": [],
                    "primary": {
                        "id": "rtbassoc-0861ee0fdb9749b80",
                        "attributes": {
                            "id": "rtbassoc-0861ee0fdb9749b80",
                            "route_table_id": "rtb-0740854cca894dd3a",
                            "vpc_id": "vpc-09c0eaeb5b69b1248"
                        },
                        "meta": {
                            "schema_version": 0
                        },
                        "tainted": false
                    },
                    "deposed": [],
                    "provider": "provider.aws"
                },
                "aws_main_route_table_association.tfer--vpc-0c4e1a5607643d166": {
                    "type": "aws_main_route_table_association",
                    "depends_on": [],
                    "primary": {
                        "id": "rtbassoc-03175fb88b4c151e8",
                        "attributes": {
                            "id": "rtbassoc-03175fb88b4c151e8",
                            "route_table_id": "rtb-0a145cadb245c1db0",
                            "vpc_id": "vpc-0c4e1a5607643d166"
                        },
                        "meta": {
                            "schema_version": 0
                        },
                        "tainted": false
                    },
                    "deposed": [],
                    "provider": "provider.aws"
                },
                "aws_main_route_table_association.tfer--vpc-0d95db6427d3a4fcb": {
                    "type": "aws_main_route_table_association",
                    "depends_on": [],
                    "primary": {
                        "id": "rtbassoc-06e7893b3d7bcc32b",
                        "attributes": {
                            "id": "rtbassoc-06e7893b3d7bcc32b",
                            "route_table_id": "rtb-017e0066db45ac186",
                            "vpc_id": "vpc-0d95db6427d3a4fcb"
                        },
                        "meta": {
                            "schema_version": 0
                        },
                        "tainted": false
                    },
                    "deposed": [],
                    "provider": "provider.aws"
                },
                "aws_main_route_table_association.tfer--vpc-0e6130bd6e1263adc": {
                    "type": "aws_main_route_table_association",
                    "depends_on": [],
                    "primary": {
                        "id": "rtbassoc-0b202aba4a151f9bf",
                        "attributes": {
                            "id": "rtbassoc-0b202aba4a151f9bf",
                            "route_table_id": "rtb-00be9ee3821f9c887",
                            "vpc_id": "vpc-0e6130bd6e1263adc"
                        },
                        "meta": {
                            "schema_version": 0
                        },
                        "tainted": false
                    },
                    "deposed": [],
                    "provider": "provider.aws"
                },
                "aws_main_route_table_association.tfer--vpc-0f8f11cc1ab8691b3": {
                    "type": "aws_main_route_table_association",
                    "depends_on": [],
                    "primary": {
                        "id": "rtbassoc-0481abfe7c369c560",
                        "attributes": {
                            "id": "rtbassoc-0481abfe7c369c560",
                            "route_table_id": "rtb-0e9941e3809d0259f",
                            "vpc_id": "vpc-0f8f11cc1ab8691b3"
                        },
                        "meta": {
                            "schema_version": 0
                        },
                        "tainted": false
                    },
                    "deposed": [],
                    "provider": "provider.aws"
                },
                "aws_route_table.tfer--rtb-000f3d8fea01e2e54": {
                    "type": "aws_route_table",
                    "depends_on": [],
                    "primary": {
                        "id": "rtb-000f3d8fea01e2e54",
                        "attributes": {
                            "arn": "arn:aws:ec2:us-east-1:992382545251:route-table/rtb-000f3d8fea01e2e54",
                            "id": "rtb-000f3d8fea01e2e54",
                            "owner_id": "992382545251",
                            "propagating_vgws.#": "0",
                            "route.#": "1",
                            "route.0.carrier_gateway_id": "",
                            "route.0.cidr_block": "0.0.0.0/0",
                            "route.0.destination_prefix_list_id": "",
                            "route.0.egress_only_gateway_id": "",
                            "route.0.gateway_id": "igw-06617fa035e8216b5",
                            "route.0.instance_id": "",
                            "route.0.ipv6_cidr_block": "",
                            "route.0.local_gateway_id": "",
                            "route.0.nat_gateway_id": "",
                            "route.0.network_interface_id": "",
                            "route.0.transit_gateway_id": "",
                            "route.0.vpc_endpoint_id": "",
                            "route.0.vpc_peering_connection_id": "",
                            "tags.%": "2",
                            "tags.Name": "msdw-public-rt",
                            "tags.owner": "msdw",
                            "tags_all.%": "2",
                            "tags_all.Name": "msdw-public-rt",
                            "tags_all.owner": "msdw",
                            "vpc_id": "vpc-0d95db6427d3a4fcb"
                        },
                        "meta": {
                            "schema_version": 0
                        },
                        "tainted": false
                    },
                    "deposed": [],
                    "provider": "provider.aws"
                },
                "aws_route_table.tfer--rtb-0055e4277d5b1309f": {
                    "type": "aws_route_table",
                    "depends_on": [],
                    "primary": {
                        "id": "rtb-0055e4277d5b1309f",
                        "attributes": {
                            "arn": "arn:aws:ec2:us-east-1:992382545251:route-table/rtb-0055e4277d5b1309f",
                            "id": "rtb-0055e4277d5b1309f",
                            "owner_id": "992382545251",
                            "propagating_vgws.#": "0",
                            "route.#": "1",
                            "route.0.carrier_gateway_id": "",
                            "route.0.cidr_block": "0.0.0.0/0",
                            "route.0.destination_prefix_list_id": "",
                            "route.0.egress_only_gateway_id": "",
                            "route.0.gateway_id": "igw-010a5ce2f13174f2d",
                            "route.0.instance_id": "",
                            "route.0.ipv6_cidr_block": "",
                            "route.0.local_gateway_id": "",
                            "route.0.nat_gateway_id": "",
                            "route.0.network_interface_id": "",
                            "route.0.transit_gateway_id": "",
                            "route.0.vpc_endpoint_id": "",
                            "route.0.vpc_peering_connection_id": "",
                            "tags.%": "2",
                            "tags.DoNotDelete": "True",
                            "tags.Name": "publicRouteTable",
                            "tags_all.%": "2",
                            "tags_all.DoNotDelete": "True",
                            "tags_all.Name": "publicRouteTable",
                            "vpc_id": "vpc-014e64327a6883f05"
                        },
                        "meta": {
                            "schema_version": 0
                        },
                        "tainted": false
                    },
                    "deposed": [],
                    "provider": "provider.aws"
                },
                "aws_route_table.tfer--rtb-005d23342536d590f": {
                    "type": "aws_route_table",
                    "depends_on": [],
                    "primary": {
                        "id": "rtb-005d23342536d590f",
                        "attributes": {
                            "arn": "arn:aws:ec2:us-east-1:992382545251:route-table/rtb-005d23342536d590f",
                            "id": "rtb-005d23342536d590f",
                            "owner_id": "992382545251",
                            "propagating_vgws.#": "0",
                            "route.#": "0",
                            "tags.%": "0",
                            "tags_all.%": "0",
                            "vpc_id": "vpc-0965629ddd2b1710b"
                        },
                        "meta": {
                            "schema_version": 0
                        },
                        "tainted": false
                    },
                    "deposed": [],
                    "provider": "provider.aws"
                },
                "aws_route_table.tfer--rtb-0063bb46787d4ad18": {
                    "type": "aws_route_table",
                    "depends_on": [],
                    "primary": {
                        "id": "rtb-0063bb46787d4ad18",
                        "attributes": {
                            "arn": "arn:aws:ec2:us-east-1:992382545251:route-table/rtb-0063bb46787d4ad18",
                            "id": "rtb-0063bb46787d4ad18",
                            "owner_id": "992382545251",
                            "propagating_vgws.#": "0",
                            "route.#": "1",
                            "route.0.carrier_gateway_id": "",
                            "route.0.cidr_block": "0.0.0.0/0",
                            "route.0.destination_prefix_list_id": "",
                            "route.0.egress_only_gateway_id": "",
                            "route.0.gateway_id": "igw-070560d3ae386b43d",
                            "route.0.instance_id": "",
                            "route.0.ipv6_cidr_block": "",
                            "route.0.local_gateway_id": "",
                            "route.0.nat_gateway_id": "",
                            "route.0.network_interface_id": "",
                            "route.0.transit_gateway_id": "",
                            "route.0.vpc_endpoint_id": "",
                            "route.0.vpc_peering_connection_id": "",
                            "tags.%": "1",
                            "tags.Name": "rt igw lab pro",
                            "tags_all.%": "1",
                            "tags_all.Name": "rt igw lab pro",
                            "vpc_id": "vpc-03551bf73ceb4d7df"
                        },
                        "meta": {
                            "schema_version": 0
                        },
                        "tainted": false
                    },
                    "deposed": [],
                    "provider": "provider.aws"
                },
                "aws_route_table.tfer--rtb-00b147beb89bbe266": {
                    "type": "aws_route_table",
                    "depends_on": [],
                    "primary": {
                        "id": "rtb-00b147beb89bbe266",
                        "attributes": {
                            "arn": "arn:aws:ec2:us-east-1:992382545251:route-table/rtb-00b147beb89bbe266",
                            "id": "rtb-00b147beb89bbe266",
                            "owner_id": "992382545251",
                            "propagating_vgws.#": "0",
                            "route.#": "1",
                            "route.0.carrier_gateway_id": "",
                            "route.0.cidr_block": "0.0.0.0/0",
                            "route.0.destination_prefix_list_id": "",
                            "route.0.egress_only_gateway_id": "",
                            "route.0.gateway_id": "",
                            "route.0.instance_id": "",
                            "route.0.ipv6_cidr_block": "",
                            "route.0.local_gateway_id": "",
                            "route.0.nat_gateway_id": "nat-0c6e95e7e9f55f446",
                            "route.0.network_interface_id": "",
                            "route.0.transit_gateway_id": "",
                            "route.0.vpc_endpoint_id": "",
                            "route.0.vpc_peering_connection_id": "",
                            "tags.%": "2",
                            "tags.Name": "msdw-private-b",
                            "tags.owner": "msdw",
                            "tags_all.%": "2",
                            "tags_all.Name": "msdw-private-b",
                            "tags_all.owner": "msdw",
                            "vpc_id": "vpc-0d95db6427d3a4fcb"
                        },
                        "meta": {
                            "schema_version": 0
                        },
                        "tainted": false
                    },
                    "deposed": [],
                    "provider": "provider.aws"
                },
                "aws_route_table.tfer--rtb-00be9ee3821f9c887": {
                    "type": "aws_route_table",
                    "depends_on": [],
                    "primary": {
                        "id": "rtb-00be9ee3821f9c887",
                        "attributes": {
                            "arn": "arn:aws:ec2:us-east-1:992382545251:route-table/rtb-00be9ee3821f9c887",
                            "id": "rtb-00be9ee3821f9c887",
                            "owner_id": "992382545251",
                            "propagating_vgws.#": "0",
                            "route.#": "0",
                            "tags.%": "3",
                            "tags.Name": "dr_statuspage_cluster-vpc-default",
                            "tags.OWNER": "dr_admin",
                            "tags.Project": "dr_statuspage",
                            "tags_all.%": "3",
                            "tags_all.Name": "dr_statuspage_cluster-vpc-default",
                            "tags_all.OWNER": "dr_admin",
                            "tags_all.Project": "dr_statuspage",
                            "vpc_id": "vpc-0e6130bd6e1263adc"
                        },
                        "meta": {
                            "schema_version": 0
                        },
                        "tainted": false
                    },
                    "deposed": [],
                    "provider": "provider.aws"
                },
                "aws_route_table.tfer--rtb-00f03e4c01212d25e": {
                    "type": "aws_route_table",
                    "depends_on": [],
                    "primary": {
                        "id": "rtb-00f03e4c01212d25e",
                        "attributes": {
                            "arn": "arn:aws:ec2:us-east-1:992382545251:route-table/rtb-00f03e4c01212d25e",
                            "id": "rtb-00f03e4c01212d25e",
                            "owner_id": "992382545251",
                            "propagating_vgws.#": "0",
                            "route.#": "1",
                            "route.0.carrier_gateway_id": "",
                            "route.0.cidr_block": "0.0.0.0/0",
                            "route.0.destination_prefix_list_id": "",
                            "route.0.egress_only_gateway_id": "",
                            "route.0.gateway_id": "",
                            "route.0.instance_id": "",
                            "route.0.ipv6_cidr_block": "",
                            "route.0.local_gateway_id": "",
                            "route.0.nat_gateway_id": "nat-048295f3e7e6c10f1",
                            "route.0.network_interface_id": "",
                            "route.0.transit_gateway_id": "",
                            "route.0.vpc_endpoint_id": "",
                            "route.0.vpc_peering_connection_id": "",
                            "tags.%": "5",
                            "tags.Environment": "prod",
                            "tags.ManagedBy": "terraform",
                            "tags.Name": "ly-statuspage-private-rt-2",
                            "tags.Prefix": "ly-",
                            "tags.Project": "statuspage",
                            "tags_all.%": "5",
                            "tags_all.Environment": "prod",
                            "tags_all.ManagedBy": "terraform",
                            "tags_all.Name": "ly-statuspage-private-rt-2",
                            "tags_all.Prefix": "ly-",
                            "tags_all.Project": "statuspage",
                            "vpc_id": "vpc-0f8f11cc1ab8691b3"
                        },
                        "meta": {
                            "schema_version": 0
                        },
                        "tainted": false
                    },
                    "deposed": [],
                    "provider": "provider.aws"
                },
                "aws_route_table.tfer--rtb-010a49d28502bf9be": {
                    "type": "aws_route_table",
                    "depends_on": [],
                    "primary": {
                        "id": "rtb-010a49d28502bf9be",
                        "attributes": {
                            "arn": "arn:aws:ec2:us-east-1:992382545251:route-table/rtb-010a49d28502bf9be",
                            "id": "rtb-010a49d28502bf9be",
                            "owner_id": "992382545251",
                            "propagating_vgws.#": "0",
                            "route.#": "1",
                            "route.0.carrier_gateway_id": "",
                            "route.0.cidr_block": "0.0.0.0/0",
                            "route.0.destination_prefix_list_id": "",
                            "route.0.egress_only_gateway_id": "",
                            "route.0.gateway_id": "igw-0dfde123c2cd61a23",
                            "route.0.instance_id": "",
                            "route.0.ipv6_cidr_block": "",
                            "route.0.local_gateway_id": "",
                            "route.0.nat_gateway_id": "",
                            "route.0.network_interface_id": "",
                            "route.0.transit_gateway_id": "",
                            "route.0.vpc_endpoint_id": "",
                            "route.0.vpc_peering_connection_id": "",
                            "tags.%": "1",
                            "tags.Name": "or_yuv_bar_pub",
                            "tags_all.%": "1",
                            "tags_all.Name": "or_yuv_bar_pub",
                            "vpc_id": "vpc-02fd0b20687bd658c"
                        },
                        "meta": {
                            "schema_version": 0
                        },
                        "tainted": false
                    },
                    "deposed": [],
                    "provider": "provider.aws"
                },
                "aws_route_table.tfer--rtb-0126572f369c24662": {
                    "type": "aws_route_table",
                    "depends_on": [],
                    "primary": {
                        "id": "rtb-0126572f369c24662",
                        "attributes": {
                            "arn": "arn:aws:ec2:us-east-1:992382545251:route-table/rtb-0126572f369c24662",
                            "id": "rtb-0126572f369c24662",
                            "owner_id": "992382545251",
                            "propagating_vgws.#": "0",
                            "route.#": "0",
                            "tags.%": "0",
                            "tags_all.%": "0",
                            "vpc_id": "vpc-0718668e44e2cd265"
                        },
                        "meta": {
                            "schema_version": 0
                        },
                        "tainted": false
                    },
                    "deposed": [],
                    "provider": "provider.aws"
                },
                "aws_route_table.tfer--rtb-017e0066db45ac186": {
                    "type": "aws_route_table",
                    "depends_on": [],
                    "primary": {
                        "id": "rtb-017e0066db45ac186",
                        "attributes": {
                            "arn": "arn:aws:ec2:us-east-1:992382545251:route-table/rtb-017e0066db45ac186",
                            "id": "rtb-017e0066db45ac186",
                            "owner_id": "992382545251",
                            "propagating_vgws.#": "0",
                            "route.#": "0",
                            "tags.%": "0",
                            "tags_all.%": "0",
                            "vpc_id": "vpc-0d95db6427d3a4fcb"
                        },
                        "meta": {
                            "schema_version": 0
                        },
                        "tainted": false
                    },
                    "deposed": [],
                    "provider": "provider.aws"
                },
                "aws_route_table.tfer--rtb-01bdd515b4f3383a0": {
                    "type": "aws_route_table",
                    "depends_on": [],
                    "primary": {
                        "id": "rtb-01bdd515b4f3383a0",
                        "attributes": {
                            "arn": "arn:aws:ec2:us-east-1:992382545251:route-table/rtb-01bdd515b4f3383a0",
                            "id": "rtb-01bdd515b4f3383a0",
                            "owner_id": "992382545251",
                            "propagating_vgws.#": "0",
                            "route.#": "1",
                            "route.0.carrier_gateway_id": "",
                            "route.0.cidr_block": "0.0.0.0/0",
                            "route.0.destination_prefix_list_id": "",
                            "route.0.egress_only_gateway_id": "",
                            "route.0.gateway_id": "igw-03b2075529531edee",
                            "route.0.instance_id": "",
                            "route.0.ipv6_cidr_block": "",
                            "route.0.local_gateway_id": "",
                            "route.0.nat_gateway_id": "",
                            "route.0.network_interface_id": "",
                            "route.0.transit_gateway_id": "",
                            "route.0.vpc_endpoint_id": "",
                            "route.0.vpc_peering_connection_id": "",
                            "tags.%": "1",
                            "tags.owner": "RAK",
                            "tags_all.%": "1",
                            "tags_all.owner": "RAK",
                            "vpc_id": "vpc-083b4e205160a3e08"
                        },
                        "meta": {
                            "schema_version": 0
                        },
                        "tainted": false
                    },
                    "deposed": [],
                    "provider": "provider.aws"
                },
                "aws_route_table.tfer--rtb-020ad55ec542da189": {
                    "type": "aws_route_table",
                    "depends_on": [],
                    "primary": {
                        "id": "rtb-020ad55ec542da189",
                        "attributes": {
                            "arn": "arn:aws:ec2:us-east-1:992382545251:route-table/rtb-020ad55ec542da189",
                            "id": "rtb-020ad55ec542da189",
                            "owner_id": "992382545251",
                            "propagating_vgws.#": "0",
                            "route.#": "0",
                            "tags.%": "0",
                            "tags_all.%": "0",
                            "vpc_id": "vpc-037bbd648cabe0375"
                        },
                        "meta": {
                            "schema_version": 0
                        },
                        "tainted": false
                    },
                    "deposed": [],
                    "provider": "provider.aws"
                },
                "aws_route_table.tfer--rtb-022f79179a43bf273": {
                    "type": "aws_route_table",
                    "depends_on": [],
                    "primary": {
                        "id": "rtb-022f79179a43bf273",
                        "attributes": {
                            "arn": "arn:aws:ec2:us-east-1:992382545251:route-table/rtb-022f79179a43bf273",
                            "id": "rtb-022f79179a43bf273",
                            "owner_id": "992382545251",
                            "propagating_vgws.#": "0",
                            "route.#": "0",
                            "tags.%": "2",
                            "tags.DoNotDelete": "True",
                            "tags.Name": "PrivateRouteTable",
                            "tags_all.%": "2",
                            "tags_all.DoNotDelete": "True",
                            "tags_all.Name": "PrivateRouteTable",
                            "vpc_id": "vpc-014e64327a6883f05"
                        },
                        "meta": {
                            "schema_version": 0
                        },
                        "tainted": false
                    },
                    "deposed": [],
                    "provider": "provider.aws"
                },
                "aws_route_table.tfer--rtb-02d78229ced3c6657": {
                    "type": "aws_route_table",
                    "depends_on": [],
                    "primary": {
                        "id": "rtb-02d78229ced3c6657",
                        "attributes": {
                            "arn": "arn:aws:ec2:us-east-1:992382545251:route-table/rtb-02d78229ced3c6657",
                            "id": "rtb-02d78229ced3c6657",
                            "owner_id": "992382545251",
                            "propagating_vgws.#": "0",
                            "route.#": "0",
                            "tags.%": "0",
                            "tags_all.%": "0",
                            "vpc_id": "vpc-05378dbf126e3680e"
                        },
                        "meta": {
                            "schema_version": 0
                        },
                        "tainted": false
                    },
                    "deposed": [],
                    "provider": "provider.aws"
                },
                "aws_route_table.tfer--rtb-046b92ae4635cd4d2": {
                    "type": "aws_route_table",
                    "depends_on": [],
                    "primary": {
                        "id": "rtb-046b92ae4635cd4d2",
                        "attributes": {
                            "arn": "arn:aws:ec2:us-east-1:992382545251:route-table/rtb-046b92ae4635cd4d2",
                            "id": "rtb-046b92ae4635cd4d2",
                            "owner_id": "992382545251",
                            "propagating_vgws.#": "0",
                            "route.#": "1",
                            "route.0.carrier_gateway_id": "",
                            "route.0.cidr_block": "0.0.0.0/0",
                            "route.0.destination_prefix_list_id": "",
                            "route.0.egress_only_gateway_id": "",
                            "route.0.gateway_id": "",
                            "route.0.instance_id": "",
                            "route.0.ipv6_cidr_block": "",
                            "route.0.local_gateway_id": "",
                            "route.0.nat_gateway_id": "nat-0db471b261588c5c8",
                            "route.0.network_interface_id": "",
                            "route.0.transit_gateway_id": "",
                            "route.0.vpc_endpoint_id": "",
                            "route.0.vpc_peering_connection_id": "",
                            "tags.%": "3",
                            "tags.Name": "status-page-ay-vpc-private-us-east-1b",
                            "tags.Owner": "arn:aws:iam::992382545251:user/annaperetiatka",
                            "tags.Project": "status-page-ay",
                            "tags_all.%": "3",
                            "tags_all.Name": "status-page-ay-vpc-private-us-east-1b",
                            "tags_all.Owner": "arn:aws:iam::992382545251:user/annaperetiatka",
                            "tags_all.Project": "status-page-ay",
                            "vpc_id": "vpc-04f0854157d7cfe9d"
                        },
                        "meta": {
                            "schema_version": 0
                        },
                        "tainted": false
                    },
                    "deposed": [],
                    "provider": "provider.aws"
                },
                "aws_route_table.tfer--rtb-046c9d3ae43af3009": {
                    "type": "aws_route_table",
                    "depends_on": [],
                    "primary": {
                        "id": "rtb-046c9d3ae43af3009",
                        "attributes": {
                            "arn": "arn:aws:ec2:us-east-1:992382545251:route-table/rtb-046c9d3ae43af3009",
                            "id": "rtb-046c9d3ae43af3009",
                            "owner_id": "992382545251",
                            "propagating_vgws.#": "0",
                            "route.#": "0",
                            "tags.%": "0",
                            "tags_all.%": "0",
                            "vpc_id": "vpc-02fd0b20687bd658c"
                        },
                        "meta": {
                            "schema_version": 0
                        },
                        "tainted": false
                    },
                    "deposed": [],
                    "provider": "provider.aws"
                },
                "aws_route_table.tfer--rtb-04831a9273fcaaf2e": {
                    "type": "aws_route_table",
                    "depends_on": [],
                    "primary": {
                        "id": "rtb-04831a9273fcaaf2e",
                        "attributes": {
                            "arn": "arn:aws:ec2:us-east-1:992382545251:route-table/rtb-04831a9273fcaaf2e",
                            "id": "rtb-04831a9273fcaaf2e",
                            "owner_id": "992382545251",
                            "propagating_vgws.#": "0",
                            "route.#": "0",
                            "tags.%": "1",
                            "tags.Name": "example-vpc-private-us-west-2b",
                            "tags_all.%": "1",
                            "tags_all.Name": "example-vpc-private-us-west-2b",
                            "vpc_id": "vpc-07e39b0b1419bb585"
                        },
                        "meta": {
                            "schema_version": 0
                        },
                        "tainted": false
                    },
                    "deposed": [],
                    "provider": "provider.aws"
                },
                "aws_route_table.tfer--rtb-049d578059cce0b5d": {
                    "type": "aws_route_table",
                    "depends_on": [],
                    "primary": {
                        "id": "rtb-049d578059cce0b5d",
                        "attributes": {
                            "arn": "arn:aws:ec2:us-east-1:992382545251:route-table/rtb-049d578059cce0b5d",
                            "id": "rtb-049d578059cce0b5d",
                            "owner_id": "992382545251",
                            "propagating_vgws.#": "0",
                            "route.#": "0",
                            "tags.%": "1",
                            "tags.Name": "myvpc-i-rtb-private1-us-east-1a",
                            "tags_all.%": "1",
                            "tags_all.Name": "myvpc-i-rtb-private1-us-east-1a",
                            "vpc_id": "vpc-09c0eaeb5b69b1248"
                        },
                        "meta": {
                            "schema_version": 0
                        },
                        "tainted": false
                    },
                    "deposed": [],
                    "provider": "provider.aws"
                },
                "aws_route_table.tfer--rtb-04cbe91db1f4c000c": {
                    "type": "aws_route_table",
                    "depends_on": [],
                    "primary": {
                        "id": "rtb-04cbe91db1f4c000c",
                        "attributes": {
                            "arn": "arn:aws:ec2:us-east-1:992382545251:route-table/rtb-04cbe91db1f4c000c",
                            "id": "rtb-04cbe91db1f4c000c",
                            "owner_id": "992382545251",
                            "propagating_vgws.#": "0",
                            "route.#": "0",
                            "tags.%": "1",
                            "tags.Name": "or_yuv_bar_privet",
                            "tags_all.%": "1",
                            "tags_all.Name": "or_yuv_bar_privet",
                            "vpc_id": "vpc-02fd0b20687bd658c"
                        },
                        "meta": {
                            "schema_version": 0
                        },
                        "tainted": false
                    },
                    "deposed": [],
                    "provider": "provider.aws"
                },
                "aws_route_table.tfer--rtb-04d39e25507983a2c": {
                    "type": "aws_route_table",
                    "depends_on": [],
                    "primary": {
                        "id": "rtb-04d39e25507983a2c",
                        "attributes": {
                            "arn": "arn:aws:ec2:us-east-1:992382545251:route-table/rtb-04d39e25507983a2c",
                            "id": "rtb-04d39e25507983a2c",
                            "owner_id": "992382545251",
                            "propagating_vgws.#": "0",
                            "route.#": "0",
                            "tags.%": "1",
                            "tags.Name": "RDS-Pvt-rt",
                            "tags_all.%": "1",
                            "tags_all.Name": "RDS-Pvt-rt",
                            "vpc_id": "vpc-09549181f6d60927a"
                        },
                        "meta": {
                            "schema_version": 0
                        },
                        "tainted": false
                    },
                    "deposed": [],
                    "provider": "provider.aws"
                },
                "aws_route_table.tfer--rtb-053cbb13c4975605c": {
                    "type": "aws_route_table",
                    "depends_on": [],
                    "primary": {
                        "id": "rtb-053cbb13c4975605c",
                        "attributes": {
                            "arn": "arn:aws:ec2:us-east-1:992382545251:route-table/rtb-053cbb13c4975605c",
                            "id": "rtb-053cbb13c4975605c",
                            "owner_id": "992382545251",
                            "propagating_vgws.#": "0",
                            "route.#": "1",
                            "route.0.carrier_gateway_id": "",
                            "route.0.cidr_block": "0.0.0.0/0",
                            "route.0.destination_prefix_list_id": "",
                            "route.0.egress_only_gateway_id": "",
                            "route.0.gateway_id": "igw-05e35b5d05edfaa2d",
                            "route.0.instance_id": "",
                            "route.0.ipv6_cidr_block": "",
                            "route.0.local_gateway_id": "",
                            "route.0.nat_gateway_id": "",
                            "route.0.network_interface_id": "",
                            "route.0.transit_gateway_id": "",
                            "route.0.vpc_endpoint_id": "",
                            "route.0.vpc_peering_connection_id": "",
                            "tags.%": "0",
                            "tags_all.%": "0",
                            "vpc_id": "vpc-09549181f6d60927a"
                        },
                        "meta": {
                            "schema_version": 0
                        },
                        "tainted": false
                    },
                    "deposed": [],
                    "provider": "provider.aws"
                },
                "aws_route_table.tfer--rtb-0550a1ca1941af280": {
                    "type": "aws_route_table",
                    "depends_on": [],
                    "primary": {
                        "id": "rtb-0550a1ca1941af280",
                        "attributes": {
                            "arn": "arn:aws:ec2:us-east-1:992382545251:route-table/rtb-0550a1ca1941af280",
                            "id": "rtb-0550a1ca1941af280",
                            "owner_id": "992382545251",
                            "propagating_vgws.#": "0",
                            "route.#": "0",
                            "tags.%": "1",
                            "tags.Name": "aa",
                            "tags_all.%": "1",
                            "tags_all.Name": "aa",
                            "vpc_id": "vpc-01226e7027e21b6e2"
                        },
                        "meta": {
                            "schema_version": 0
                        },
                        "tainted": false
                    },
                    "deposed": [],
                    "provider": "provider.aws"
                },
                "aws_route_table.tfer--rtb-059aa29e110d39d6d": {
                    "type": "aws_route_table",
                    "depends_on": [],
                    "primary": {
                        "id": "rtb-059aa29e110d39d6d",
                        "attributes": {
                            "arn": "arn:aws:ec2:us-east-1:992382545251:route-table/rtb-059aa29e110d39d6d",
                            "id": "rtb-059aa29e110d39d6d",
                            "owner_id": "992382545251",
                            "propagating_vgws.#": "0",
                            "route.#": "1",
                            "route.0.carrier_gateway_id": "",
                            "route.0.cidr_block": "0.0.0.0/0",
                            "route.0.destination_prefix_list_id": "",
                            "route.0.egress_only_gateway_id": "",
                            "route.0.gateway_id": "",
                            "route.0.instance_id": "",
                            "route.0.ipv6_cidr_block": "",
                            "route.0.local_gateway_id": "",
                            "route.0.nat_gateway_id": "nat-048295f3e7e6c10f1",
                            "route.0.network_interface_id": "",
                            "route.0.transit_gateway_id": "",
                            "route.0.vpc_endpoint_id": "",
                            "route.0.vpc_peering_connection_id": "",
                            "tags.%": "5",
                            "tags.Environment": "prod",
                            "tags.ManagedBy": "terraform",
                            "tags.Name": "ly-statuspage-private-rt-1",
                            "tags.Prefix": "ly-",
                            "tags.Project": "statuspage",
                            "tags_all.%": "5",
                            "tags_all.Environment": "prod",
                            "tags_all.ManagedBy": "terraform",
                            "tags_all.Name": "ly-statuspage-private-rt-1",
                            "tags_all.Prefix": "ly-",
                            "tags_all.Project": "statuspage",
                            "vpc_id": "vpc-0f8f11cc1ab8691b3"
                        },
                        "meta": {
                            "schema_version": 0
                        },
                        "tainted": false
                    },
                    "deposed": [],
                    "provider": "provider.aws"
                },
                "aws_route_table.tfer--rtb-05c58e4d57b41507c": {
                    "type": "aws_route_table",
                    "depends_on": [],
                    "primary": {
                        "id": "rtb-05c58e4d57b41507c",
                        "attributes": {
                            "arn": "arn:aws:ec2:us-east-1:992382545251:route-table/rtb-05c58e4d57b41507c",
                            "id": "rtb-05c58e4d57b41507c",
                            "owner_id": "992382545251",
                            "propagating_vgws.#": "0",
                            "route.#": "1",
                            "route.0.carrier_gateway_id": "",
                            "route.0.cidr_block": "0.0.0.0/0",
                            "route.0.destination_prefix_list_id": "",
                            "route.0.egress_only_gateway_id": "",
                            "route.0.gateway_id": "igw-0dfeeb384ec5dd3b2",
                            "route.0.instance_id": "",
                            "route.0.ipv6_cidr_block": "",
                            "route.0.local_gateway_id": "",
                            "route.0.nat_gateway_id": "",
                            "route.0.network_interface_id": "",
                            "route.0.transit_gateway_id": "",
                            "route.0.vpc_endpoint_id": "",
                            "route.0.vpc_peering_connection_id": "",
                            "tags.%": "1",
                            "tags.Name": "public route table pro",
                            "tags_all.%": "1",
                            "tags_all.Name": "public route table pro",
                            "vpc_id": "vpc-05378dbf126e3680e"
                        },
                        "meta": {
                            "schema_version": 0
                        },
                        "tainted": false
                    },
                    "deposed": [],
                    "provider": "provider.aws"
                },
                "aws_route_table.tfer--rtb-065062e253cc3f5ed": {
                    "type": "aws_route_table",
                    "depends_on": [],
                    "primary": {
                        "id": "rtb-065062e253cc3f5ed",
                        "attributes": {
                            "arn": "arn:aws:ec2:us-east-1:992382545251:route-table/rtb-065062e253cc3f5ed",
                            "id": "rtb-065062e253cc3f5ed",
                            "owner_id": "992382545251",
                            "propagating_vgws.#": "0",
                            "route.#": "0",
                            "tags.%": "1",
                            "tags.Name": "example-vpc-private-us-west-2a",
                            "tags_all.%": "1",
                            "tags_all.Name": "example-vpc-private-us-west-2a",
                            "vpc_id": "vpc-07e39b0b1419bb585"
                        },
                        "meta": {
                            "schema_version": 0
                        },
                        "tainted": false
                    },
                    "deposed": [],
                    "provider": "provider.aws"
                },
                "aws_route_table.tfer--rtb-068f914dfc58e0621": {
                    "type": "aws_route_table",
                    "depends_on": [],
                    "primary": {
                        "id": "rtb-068f914dfc58e0621",
                        "attributes": {
                            "arn": "arn:aws:ec2:us-east-1:992382545251:route-table/rtb-068f914dfc58e0621",
                            "id": "rtb-068f914dfc58e0621",
                            "owner_id": "992382545251",
                            "propagating_vgws.#": "0",
                            "route.#": "1",
                            "route.0.carrier_gateway_id": "",
                            "route.0.cidr_block": "0.0.0.0/0",
                            "route.0.destination_prefix_list_id": "",
                            "route.0.egress_only_gateway_id": "",
                            "route.0.gateway_id": "",
                            "route.0.instance_id": "",
                            "route.0.ipv6_cidr_block": "",
                            "route.0.local_gateway_id": "",
                            "route.0.nat_gateway_id": "nat-0fb2521dd93013ded",
                            "route.0.network_interface_id": "",
                            "route.0.transit_gateway_id": "",
                            "route.0.vpc_endpoint_id": "",
                            "route.0.vpc_peering_connection_id": "",
                            "tags.%": "1",
                            "tags.Name": "rt lab pro",
                            "tags_all.%": "1",
                            "tags_all.Name": "rt lab pro",
                            "vpc_id": "vpc-03551bf73ceb4d7df"
                        },
                        "meta": {
                            "schema_version": 0
                        },
                        "tainted": false
                    },
                    "deposed": [],
                    "provider": "provider.aws"
                },
                "aws_route_table.tfer--rtb-06e3befabe4999e77": {
                    "type": "aws_route_table",
                    "depends_on": [],
                    "primary": {
                        "id": "rtb-06e3befabe4999e77",
                        "attributes": {
                            "arn": "arn:aws:ec2:us-east-1:992382545251:route-table/rtb-06e3befabe4999e77",
                            "id": "rtb-06e3befabe4999e77",
                            "owner_id": "992382545251",
                            "propagating_vgws.#": "0",
                            "route.#": "1",
                            "route.0.carrier_gateway_id": "",
                            "route.0.cidr_block": "0.0.0.0/0",
                            "route.0.destination_prefix_list_id": "",
                            "route.0.egress_only_gateway_id": "",
                            "route.0.gateway_id": "igw-0d0d8111d84bed96f",
                            "route.0.instance_id": "",
                            "route.0.ipv6_cidr_block": "",
                            "route.0.local_gateway_id": "",
                            "route.0.nat_gateway_id": "",
                            "route.0.network_interface_id": "",
                            "route.0.transit_gateway_id": "",
                            "route.0.vpc_endpoint_id": "",
                            "route.0.vpc_peering_connection_id": "",
                            "tags.%": "1",
                            "tags.Name": "example-vpc-public",
                            "tags_all.%": "1",
                            "tags_all.Name": "example-vpc-public",
                            "vpc_id": "vpc-07e39b0b1419bb585"
                        },
                        "meta": {
                            "schema_version": 0
                        },
                        "tainted": false
                    },
                    "deposed": [],
                    "provider": "provider.aws"
                },
                "aws_route_table.tfer--rtb-0740854cca894dd3a": {
                    "type": "aws_route_table",
                    "depends_on": [],
                    "primary": {
                        "id": "rtb-0740854cca894dd3a",
                        "attributes": {
                            "arn": "arn:aws:ec2:us-east-1:992382545251:route-table/rtb-0740854cca894dd3a",
                            "id": "rtb-0740854cca894dd3a",
                            "owner_id": "992382545251",
                            "propagating_vgws.#": "0",
                            "route.#": "0",
                            "tags.%": "0",
                            "tags_all.%": "0",
                            "vpc_id": "vpc-09c0eaeb5b69b1248"
                        },
                        "meta": {
                            "schema_version": 0
                        },
                        "tainted": false
                    },
                    "deposed": [],
                    "provider": "provider.aws"
                },
                "aws_route_table.tfer--rtb-076c9dda6e57ae628": {
                    "type": "aws_route_table",
                    "depends_on": [],
                    "primary": {
                        "id": "rtb-076c9dda6e57ae628",
                        "attributes": {
                            "arn": "arn:aws:ec2:us-east-1:992382545251:route-table/rtb-076c9dda6e57ae628",
                            "id": "rtb-076c9dda6e57ae628",
                            "owner_id": "992382545251",
                            "propagating_vgws.#": "0",
                            "route.#": "0",
                            "tags.%": "0",
                            "tags_all.%": "0",
                            "vpc_id": "vpc-01226e7027e21b6e2"
                        },
                        "meta": {
                            "schema_version": 0
                        },
                        "tainted": false
                    },
                    "deposed": [],
                    "provider": "provider.aws"
                },
                "aws_route_table.tfer--rtb-07b0161184c07aec6": {
                    "type": "aws_route_table",
                    "depends_on": [],
                    "primary": {
                        "id": "rtb-07b0161184c07aec6",
                        "attributes": {
                            "arn": "arn:aws:ec2:us-east-1:992382545251:route-table/rtb-07b0161184c07aec6",
                            "id": "rtb-07b0161184c07aec6",
                            "owner_id": "992382545251",
                            "propagating_vgws.#": "0",
                            "route.#": "0",
                            "tags.%": "1",
                            "tags.owner": "RAK",
                            "tags_all.%": "1",
                            "tags_all.owner": "RAK",
                            "vpc_id": "vpc-083b4e205160a3e08"
                        },
                        "meta": {
                            "schema_version": 0
                        },
                        "tainted": false
                    },
                    "deposed": [],
                    "provider": "provider.aws"
                },
                "aws_route_table.tfer--rtb-07b472d6b3b99f3b4": {
                    "type": "aws_route_table",
                    "depends_on": [],
                    "primary": {
                        "id": "rtb-07b472d6b3b99f3b4",
                        "attributes": {
                            "arn": "arn:aws:ec2:us-east-1:992382545251:route-table/rtb-07b472d6b3b99f3b4",
                            "id": "rtb-07b472d6b3b99f3b4",
                            "owner_id": "992382545251",
                            "propagating_vgws.#": "0",
                            "route.#": "1",
                            "route.0.carrier_gateway_id": "",
                            "route.0.cidr_block": "0.0.0.0/0",
                            "route.0.destination_prefix_list_id": "",
                            "route.0.egress_only_gateway_id": "",
                            "route.0.gateway_id": "igw-0dfeeb384ec5dd3b2",
                            "route.0.instance_id": "",
                            "route.0.ipv6_cidr_block": "",
                            "route.0.local_gateway_id": "",
                            "route.0.nat_gateway_id": "",
                            "route.0.network_interface_id": "",
                            "route.0.transit_gateway_id": "",
                            "route.0.vpc_endpoint_id": "",
                            "route.0.vpc_peering_connection_id": "",
                            "tags.%": "1",
                            "tags.Name": "rt public",
                            "tags_all.%": "1",
                            "tags_all.Name": "rt public",
                            "vpc_id": "vpc-05378dbf126e3680e"
                        },
                        "meta": {
                            "schema_version": 0
                        },
                        "tainted": false
                    },
                    "deposed": [],
                    "provider": "provider.aws"
                },
                "aws_route_table.tfer--rtb-080404d15e7f86fc5": {
                    "type": "aws_route_table",
                    "depends_on": [],
                    "primary": {
                        "id": "rtb-080404d15e7f86fc5",
                        "attributes": {
                            "arn": "arn:aws:ec2:us-east-1:992382545251:route-table/rtb-080404d15e7f86fc5",
                            "id": "rtb-080404d15e7f86fc5",
                            "owner_id": "992382545251",
                            "propagating_vgws.#": "0",
                            "route.#": "0",
                            "tags.%": "0",
                            "tags_all.%": "0",
                            "vpc_id": "vpc-022256b125ec24b0a"
                        },
                        "meta": {
                            "schema_version": 0
                        },
                        "tainted": false
                    },
                    "deposed": [],
                    "provider": "provider.aws"
                },
                "aws_route_table.tfer--rtb-08c6db5973a498b96": {
                    "type": "aws_route_table",
                    "depends_on": [],
                    "primary": {
                        "id": "rtb-08c6db5973a498b96",
                        "attributes": {
                            "arn": "arn:aws:ec2:us-east-1:992382545251:route-table/rtb-08c6db5973a498b96",
                            "id": "rtb-08c6db5973a498b96",
                            "owner_id": "992382545251",
                            "propagating_vgws.#": "0",
                            "route.#": "1",
                            "route.0.carrier_gateway_id": "",
                            "route.0.cidr_block": "0.0.0.0/0",
                            "route.0.destination_prefix_list_id": "",
                            "route.0.egress_only_gateway_id": "",
                            "route.0.gateway_id": "",
                            "route.0.instance_id": "",
                            "route.0.ipv6_cidr_block": "",
                            "route.0.local_gateway_id": "",
                            "route.0.nat_gateway_id": "nat-061665e824787c4e5",
                            "route.0.network_interface_id": "",
                            "route.0.transit_gateway_id": "",
                            "route.0.vpc_endpoint_id": "",
                            "route.0.vpc_peering_connection_id": "",
                            "tags.%": "3",
                            "tags.Name": "dr_statuspage_cluster-vpc-private",
                            "tags.OWNER": "dr_admin",
                            "tags.Project": "dr_statuspage",
                            "tags_all.%": "3",
                            "tags_all.Name": "dr_statuspage_cluster-vpc-private",
                            "tags_all.OWNER": "dr_admin",
                            "tags_all.Project": "dr_statuspage",
                            "vpc_id": "vpc-0e6130bd6e1263adc"
                        },
                        "meta": {
                            "schema_version": 0
                        },
                        "tainted": false
                    },
                    "deposed": [],
                    "provider": "provider.aws"
                },
                "aws_route_table.tfer--rtb-09742f0c0f3d75002": {
                    "type": "aws_route_table",
                    "depends_on": [],
                    "primary": {
                        "id": "rtb-09742f0c0f3d75002",
                        "attributes": {
                            "arn": "arn:aws:ec2:us-east-1:992382545251:route-table/rtb-09742f0c0f3d75002",
                            "id": "rtb-09742f0c0f3d75002",
                            "owner_id": "992382545251",
                            "propagating_vgws.#": "0",
                            "route.#": "1",
                            "route.0.carrier_gateway_id": "",
                            "route.0.cidr_block": "0.0.0.0/0",
                            "route.0.destination_prefix_list_id": "",
                            "route.0.egress_only_gateway_id": "",
                            "route.0.gateway_id": "",
                            "route.0.instance_id": "",
                            "route.0.ipv6_cidr_block": "",
                            "route.0.local_gateway_id": "",
                            "route.0.nat_gateway_id": "nat-0177f122ef52d7f34",
                            "route.0.network_interface_id": "",
                            "route.0.transit_gateway_id": "",
                            "route.0.vpc_endpoint_id": "",
                            "route.0.vpc_peering_connection_id": "",
                            "tags.%": "3",
                            "tags.Name": "status-page-ay-vpc-private-us-east-1a",
                            "tags.Owner": "arn:aws:iam::992382545251:user/annaperetiatka",
                            "tags.Project": "status-page-ay",
                            "tags_all.%": "3",
                            "tags_all.Name": "status-page-ay-vpc-private-us-east-1a",
                            "tags_all.Owner": "arn:aws:iam::992382545251:user/annaperetiatka",
                            "tags_all.Project": "status-page-ay",
                            "vpc_id": "vpc-04f0854157d7cfe9d"
                        },
                        "meta": {
                            "schema_version": 0
                        },
                        "tainted": false
                    },
                    "deposed": [],
                    "provider": "provider.aws"
                },
                "aws_route_table.tfer--rtb-09ef20452e1beca94": {
                    "type": "aws_route_table",
                    "depends_on": [],
                    "primary": {
                        "id": "rtb-09ef20452e1beca94",
                        "attributes": {
                            "arn": "arn:aws:ec2:us-east-1:992382545251:route-table/rtb-09ef20452e1beca94",
                            "id": "rtb-09ef20452e1beca94",
                            "owner_id": "992382545251",
                            "propagating_vgws.#": "0",
                            "route.#": "1",
                            "route.0.carrier_gateway_id": "",
                            "route.0.cidr_block": "0.0.0.0/0",
                            "route.0.destination_prefix_list_id": "",
                            "route.0.egress_only_gateway_id": "",
                            "route.0.gateway_id": "igw-0354dfe61faf319b6",
                            "route.0.instance_id": "",
                            "route.0.ipv6_cidr_block": "",
                            "route.0.local_gateway_id": "",
                            "route.0.nat_gateway_id": "",
                            "route.0.network_interface_id": "",
                            "route.0.transit_gateway_id": "",
                            "route.0.vpc_endpoint_id": "",
                            "route.0.vpc_peering_connection_id": "",
                            "tags.%": "3",
                            "tags.Name": "dr_statuspage_cluster-vpc-public",
                            "tags.OWNER": "dr_admin",
                            "tags.Project": "dr_statuspage",
                            "tags_all.%": "3",
                            "tags_all.Name": "dr_statuspage_cluster-vpc-public",
                            "tags_all.OWNER": "dr_admin",
                            "tags_all.Project": "dr_statuspage",
                            "vpc_id": "vpc-0e6130bd6e1263adc"
                        },
                        "meta": {
                            "schema_version": 0
                        },
                        "tainted": false
                    },
                    "deposed": [],
                    "provider": "provider.aws"
                },
                "aws_route_table.tfer--rtb-09f71fd5011985299": {
                    "type": "aws_route_table",
                    "depends_on": [],
                    "primary": {
                        "id": "rtb-09f71fd5011985299",
                        "attributes": {
                            "arn": "arn:aws:ec2:us-east-1:992382545251:route-table/rtb-09f71fd5011985299",
                            "id": "rtb-09f71fd5011985299",
                            "owner_id": "992382545251",
                            "propagating_vgws.#": "0",
                            "route.#": "1",
                            "route.0.carrier_gateway_id": "",
                            "route.0.cidr_block": "0.0.0.0/0",
                            "route.0.destination_prefix_list_id": "",
                            "route.0.egress_only_gateway_id": "",
                            "route.0.gateway_id": "",
                            "route.0.instance_id": "",
                            "route.0.ipv6_cidr_block": "",
                            "route.0.local_gateway_id": "",
                            "route.0.nat_gateway_id": "nat-033a954e2df2cba11",
                            "route.0.network_interface_id": "",
                            "route.0.transit_gateway_id": "",
                            "route.0.vpc_endpoint_id": "",
                            "route.0.vpc_peering_connection_id": "",
                            "tags.%": "6",
                            "tags.Name": "eksctl-my-amazing-cluster-cluster/PrivateRouteTableUSEAST1A",
                            "tags.Project": "DevOpsWorkshop",
                            "tags.alpha.eksctl.io/cluster-name": "my-amazing-cluster",
                            "tags.alpha.eksctl.io/cluster-oidc-enabled": "false",
                            "tags.alpha.eksctl.io/eksctl-version": "0.214.0",
                            "tags.eksctl.cluster.k8s.io/v1alpha1/cluster-name": "my-amazing-cluster",
                            "tags_all.%": "6",
                            "tags_all.Name": "eksctl-my-amazing-cluster-cluster/PrivateRouteTableUSEAST1A",
                            "tags_all.Project": "DevOpsWorkshop",
                            "tags_all.alpha.eksctl.io/cluster-name": "my-amazing-cluster",
                            "tags_all.alpha.eksctl.io/cluster-oidc-enabled": "false",
                            "tags_all.alpha.eksctl.io/eksctl-version": "0.214.0",
                            "tags_all.eksctl.cluster.k8s.io/v1alpha1/cluster-name": "my-amazing-cluster",
                            "vpc_id": "vpc-037bbd648cabe0375"
                        },
                        "meta": {
                            "schema_version": 0
                        },
                        "tainted": false
                    },
                    "deposed": [],
                    "provider": "provider.aws"
                },
                "aws_route_table.tfer--rtb-0a145cadb245c1db0": {
                    "type": "aws_route_table",
                    "depends_on": [],
                    "primary": {
                        "id": "rtb-0a145cadb245c1db0",
                        "attributes": {
                            "arn": "arn:aws:ec2:us-east-1:992382545251:route-table/rtb-0a145cadb245c1db0",
                            "id": "rtb-0a145cadb245c1db0",
                            "owner_id": "992382545251",
                            "propagating_vgws.#": "0",
                            "route.#": "0",
                            "tags.%": "0",
                            "tags_all.%": "0",
                            "vpc_id": "vpc-0c4e1a5607643d166"
                        },
                        "meta": {
                            "schema_version": 0
                        },
                        "tainted": false
                    },
                    "deposed": [],
                    "provider": "provider.aws"
                },
                "aws_route_table.tfer--rtb-0a30626817f2365e7": {
                    "type": "aws_route_table",
                    "depends_on": [],
                    "primary": {
                        "id": "rtb-0a30626817f2365e7",
                        "attributes": {
                            "arn": "arn:aws:ec2:us-east-1:992382545251:route-table/rtb-0a30626817f2365e7",
                            "id": "rtb-0a30626817f2365e7",
                            "owner_id": "992382545251",
                            "propagating_vgws.#": "0",
                            "route.#": "1",
                            "route.0.carrier_gateway_id": "",
                            "route.0.cidr_block": "0.0.0.0/0",
                            "route.0.destination_prefix_list_id": "",
                            "route.0.egress_only_gateway_id": "",
                            "route.0.gateway_id": "igw-0a44f805a5f38da05",
                            "route.0.instance_id": "",
                            "route.0.ipv6_cidr_block": "",
                            "route.0.local_gateway_id": "",
                            "route.0.nat_gateway_id": "",
                            "route.0.network_interface_id": "",
                            "route.0.transit_gateway_id": "",
                            "route.0.vpc_endpoint_id": "",
                            "route.0.vpc_peering_connection_id": "",
                            "tags.%": "3",
                            "tags.Name": "status-page-ay-vpc-public",
                            "tags.Owner": "arn:aws:iam::992382545251:user/annaperetiatka",
                            "tags.Project": "status-page-ay",
                            "tags_all.%": "3",
                            "tags_all.Name": "status-page-ay-vpc-public",
                            "tags_all.Owner": "arn:aws:iam::992382545251:user/annaperetiatka",
                            "tags_all.Project": "status-page-ay",
                            "vpc_id": "vpc-04f0854157d7cfe9d"
                        },
                        "meta": {
                            "schema_version": 0
                        },
                        "tainted": false
                    },
                    "deposed": [],
                    "provider": "provider.aws"
                },
                "aws_route_table.tfer--rtb-0a502514d6e34c8da": {
                    "type": "aws_route_table",
                    "depends_on": [],
                    "primary": {
                        "id": "rtb-0a502514d6e34c8da",
                        "attributes": {
                            "arn": "arn:aws:ec2:us-east-1:992382545251:route-table/rtb-0a502514d6e34c8da",
                            "id": "rtb-0a502514d6e34c8da",
                            "owner_id": "992382545251",
                            "propagating_vgws.#": "0",
                            "route.#": "1",
                            "route.0.carrier_gateway_id": "",
                            "route.0.cidr_block": "0.0.0.0/0",
                            "route.0.destination_prefix_list_id": "",
                            "route.0.egress_only_gateway_id": "",
                            "route.0.gateway_id": "igw-017a01e22f82f1a5a",
                            "route.0.instance_id": "",
                            "route.0.ipv6_cidr_block": "",
                            "route.0.local_gateway_id": "",
                            "route.0.nat_gateway_id": "",
                            "route.0.network_interface_id": "",
                            "route.0.transit_gateway_id": "",
                            "route.0.vpc_endpoint_id": "",
                            "route.0.vpc_peering_connection_id": "",
                            "tags.%": "0",
                            "tags_all.%": "0",
                            "vpc_id": "vpc-014e64327a6883f05"
                        },
                        "meta": {
                            "schema_version": 0
                        },
                        "tainted": false
                    },
                    "deposed": [],
                    "provider": "provider.aws"
                },
                "aws_route_table.tfer--rtb-0c22c6f2f393a0b05": {
                    "type": "aws_route_table",
                    "depends_on": [],
                    "primary": {
                        "id": "rtb-0c22c6f2f393a0b05",
                        "attributes": {
                            "arn": "arn:aws:ec2:us-east-1:992382545251:route-table/rtb-0c22c6f2f393a0b05",
                            "id": "rtb-0c22c6f2f393a0b05",
                            "owner_id": "992382545251",
                            "propagating_vgws.#": "0",
                            "route.#": "0",
                            "tags.%": "1",
                            "tags.Name": "RDS-Pvt-rt",
                            "tags_all.%": "1",
                            "tags_all.Name": "RDS-Pvt-rt",
                            "vpc_id": "vpc-05378dbf126e3680e"
                        },
                        "meta": {
                            "schema_version": 0
                        },
                        "tainted": false
                    },
                    "deposed": [],
                    "provider": "provider.aws"
                },
                "aws_route_table.tfer--rtb-0c3080ad26e9a1eaa": {
                    "type": "aws_route_table",
                    "depends_on": [],
                    "primary": {
                        "id": "rtb-0c3080ad26e9a1eaa",
                        "attributes": {
                            "arn": "arn:aws:ec2:us-east-1:992382545251:route-table/rtb-0c3080ad26e9a1eaa",
                            "id": "rtb-0c3080ad26e9a1eaa",
                            "owner_id": "992382545251",
                            "propagating_vgws.#": "0",
                            "route.#": "0",
                            "tags.%": "0",
                            "tags_all.%": "0",
                            "vpc_id": "vpc-020f515a434d1528c"
                        },
                        "meta": {
                            "schema_version": 0
                        },
                        "tainted": false
                    },
                    "deposed": [],
                    "provider": "provider.aws"
                },
                "aws_route_table.tfer--rtb-0c5f66ecb5b6c21c5": {
                    "type": "aws_route_table",
                    "depends_on": [],
                    "primary": {
                        "id": "rtb-0c5f66ecb5b6c21c5",
                        "attributes": {
                            "arn": "arn:aws:ec2:us-east-1:992382545251:route-table/rtb-0c5f66ecb5b6c21c5",
                            "id": "rtb-0c5f66ecb5b6c21c5",
                            "owner_id": "992382545251",
                            "propagating_vgws.#": "0",
                            "route.#": "1",
                            "route.0.carrier_gateway_id": "",
                            "route.0.cidr_block": "0.0.0.0/0",
                            "route.0.destination_prefix_list_id": "",
                            "route.0.egress_only_gateway_id": "",
                            "route.0.gateway_id": "",
                            "route.0.instance_id": "",
                            "route.0.ipv6_cidr_block": "",
                            "route.0.local_gateway_id": "",
                            "route.0.nat_gateway_id": "nat-013a28142573a3ca7",
                            "route.0.network_interface_id": "",
                            "route.0.transit_gateway_id": "",
                            "route.0.vpc_endpoint_id": "",
                            "route.0.vpc_peering_connection_id": "",
                            "tags.%": "1",
                            "tags.Name": "route table private avi",
                            "tags_all.%": "1",
                            "tags_all.Name": "route table private avi",
                            "vpc_id": "vpc-05378dbf126e3680e"
                        },
                        "meta": {
                            "schema_version": 0
                        },
                        "tainted": false
                    },
                    "deposed": [],
                    "provider": "provider.aws"
                },
                "aws_route_table.tfer--rtb-0c671331b8472a153": {
                    "type": "aws_route_table",
                    "depends_on": [],
                    "primary": {
                        "id": "rtb-0c671331b8472a153",
                        "attributes": {
                            "arn": "arn:aws:ec2:us-east-1:992382545251:route-table/rtb-0c671331b8472a153",
                            "id": "rtb-0c671331b8472a153",
                            "owner_id": "992382545251",
                            "propagating_vgws.#": "0",
                            "route.#": "1",
                            "route.0.carrier_gateway_id": "",
                            "route.0.cidr_block": "0.0.0.0/0",
                            "route.0.destination_prefix_list_id": "",
                            "route.0.egress_only_gateway_id": "",
                            "route.0.gateway_id": "",
                            "route.0.instance_id": "",
                            "route.0.ipv6_cidr_block": "",
                            "route.0.local_gateway_id": "",
                            "route.0.nat_gateway_id": "nat-0baf749634e825a46",
                            "route.0.network_interface_id": "",
                            "route.0.transit_gateway_id": "",
                            "route.0.vpc_endpoint_id": "",
                            "route.0.vpc_peering_connection_id": "",
                            "tags.%": "1",
                            "tags.Name": "route table pro",
                            "tags_all.%": "1",
                            "tags_all.Name": "route table pro",
                            "vpc_id": "vpc-05378dbf126e3680e"
                        },
                        "meta": {
                            "schema_version": 0
                        },
                        "tainted": false
                    },
                    "deposed": [],
                    "provider": "provider.aws"
                },
                "aws_route_table.tfer--rtb-0d1949a70862af3e4": {
                    "type": "aws_route_table",
                    "depends_on": [],
                    "primary": {
                        "id": "rtb-0d1949a70862af3e4",
                        "attributes": {
                            "arn": "arn:aws:ec2:us-east-1:992382545251:route-table/rtb-0d1949a70862af3e4",
                            "id": "rtb-0d1949a70862af3e4",
                            "owner_id": "992382545251",
                            "propagating_vgws.#": "0",
                            "route.#": "1",
                            "route.0.carrier_gateway_id": "",
                            "route.0.cidr_block": "0.0.0.0/0",
                            "route.0.destination_prefix_list_id": "",
                            "route.0.egress_only_gateway_id": "",
                            "route.0.gateway_id": "igw-0d506303fdd1c63e9",
                            "route.0.instance_id": "",
                            "route.0.ipv6_cidr_block": "",
                            "route.0.local_gateway_id": "",
                            "route.0.nat_gateway_id": "",
                            "route.0.network_interface_id": "",
                            "route.0.transit_gateway_id": "",
                            "route.0.vpc_endpoint_id": "",
                            "route.0.vpc_peering_connection_id": "",
                            "tags.%": "1",
                            "tags.Name": "myvpc-i-rtb-public",
                            "tags_all.%": "1",
                            "tags_all.Name": "myvpc-i-rtb-public",
                            "vpc_id": "vpc-09c0eaeb5b69b1248"
                        },
                        "meta": {
                            "schema_version": 0
                        },
                        "tainted": false
                    },
                    "deposed": [],
                    "provider": "provider.aws"
                },
                "aws_route_table.tfer--rtb-0dba065f1414a11b2": {
                    "type": "aws_route_table",
                    "depends_on": [],
                    "primary": {
                        "id": "rtb-0dba065f1414a11b2",
                        "attributes": {
                            "arn": "arn:aws:ec2:us-east-1:992382545251:route-table/rtb-0dba065f1414a11b2",
                            "id": "rtb-0dba065f1414a11b2",
                            "owner_id": "992382545251",
                            "propagating_vgws.#": "0",
                            "route.#": "1",
                            "route.0.carrier_gateway_id": "",
                            "route.0.cidr_block": "0.0.0.0/0",
                            "route.0.destination_prefix_list_id": "",
                            "route.0.egress_only_gateway_id": "",
                            "route.0.gateway_id": "igw-02a8f0ffeb1bd036d",
                            "route.0.instance_id": "",
                            "route.0.ipv6_cidr_block": "",
                            "route.0.local_gateway_id": "",
                            "route.0.nat_gateway_id": "",
                            "route.0.network_interface_id": "",
                            "route.0.transit_gateway_id": "",
                            "route.0.vpc_endpoint_id": "",
                            "route.0.vpc_peering_connection_id": "",
                            "tags.%": "5",
                            "tags.Environment": "prod",
                            "tags.ManagedBy": "terraform",
                            "tags.Name": "ly-statuspage-public-rt",
                            "tags.Prefix": "ly-",
                            "tags.Project": "statuspage",
                            "tags_all.%": "5",
                            "tags_all.Environment": "prod",
                            "tags_all.ManagedBy": "terraform",
                            "tags_all.Name": "ly-statuspage-public-rt",
                            "tags_all.Prefix": "ly-",
                            "tags_all.Project": "statuspage",
                            "vpc_id": "vpc-0f8f11cc1ab8691b3"
                        },
                        "meta": {
                            "schema_version": 0
                        },
                        "tainted": false
                    },
                    "deposed": [],
                    "provider": "provider.aws"
                },
                "aws_route_table.tfer--rtb-0dc3744cda1666daa": {
                    "type": "aws_route_table",
                    "depends_on": [],
                    "primary": {
                        "id": "rtb-0dc3744cda1666daa",
                        "attributes": {
                            "arn": "arn:aws:ec2:us-east-1:992382545251:route-table/rtb-0dc3744cda1666daa",
                            "id": "rtb-0dc3744cda1666daa",
                            "owner_id": "992382545251",
                            "propagating_vgws.#": "0",
                            "route.#": "1",
                            "route.0.carrier_gateway_id": "",
                            "route.0.cidr_block": "0.0.0.0/0",
                            "route.0.destination_prefix_list_id": "",
                            "route.0.egress_only_gateway_id": "",
                            "route.0.gateway_id": "",
                            "route.0.instance_id": "",
                            "route.0.ipv6_cidr_block": "",
                            "route.0.local_gateway_id": "",
                            "route.0.nat_gateway_id": "nat-06f468170470d8723",
                            "route.0.network_interface_id": "",
                            "route.0.transit_gateway_id": "",
                            "route.0.vpc_endpoint_id": "",
                            "route.0.vpc_peering_connection_id": "",
                            "tags.%": "1",
                            "tags.owner": "RAK",
                            "tags_all.%": "1",
                            "tags_all.owner": "RAK",
                            "vpc_id": "vpc-083b4e205160a3e08"
                        },
                        "meta": {
                            "schema_version": 0
                        },
                        "tainted": false
                    },
                    "deposed": [],
                    "provider": "provider.aws"
                },
                "aws_route_table.tfer--rtb-0e6845a0841506cca": {
                    "type": "aws_route_table",
                    "depends_on": [],
                    "primary": {
                        "id": "rtb-0e6845a0841506cca",
                        "attributes": {
                            "arn": "arn:aws:ec2:us-east-1:992382545251:route-table/rtb-0e6845a0841506cca",
                            "id": "rtb-0e6845a0841506cca",
                            "owner_id": "992382545251",
                            "propagating_vgws.#": "0",
                            "route.#": "1",
                            "route.0.carrier_gateway_id": "",
                            "route.0.cidr_block": "0.0.0.0/0",
                            "route.0.destination_prefix_list_id": "",
                            "route.0.egress_only_gateway_id": "",
                            "route.0.gateway_id": "",
                            "route.0.instance_id": "",
                            "route.0.ipv6_cidr_block": "",
                            "route.0.local_gateway_id": "",
                            "route.0.nat_gateway_id": "nat-0aa94c50fa54a84d4",
                            "route.0.network_interface_id": "",
                            "route.0.transit_gateway_id": "",
                            "route.0.vpc_endpoint_id": "",
                            "route.0.vpc_peering_connection_id": "",
                            "tags.%": "2",
                            "tags.Name": "msdw-db-rt-a",
                            "tags.owner": "msdw",
                            "tags_all.%": "2",
                            "tags_all.Name": "msdw-db-rt-a",
                            "tags_all.owner": "msdw",
                            "vpc_id": "vpc-0d95db6427d3a4fcb"
                        },
                        "meta": {
                            "schema_version": 0
                        },
                        "tainted": false
                    },
                    "deposed": [],
                    "provider": "provider.aws"
                },
                "aws_route_table.tfer--rtb-0e9941e3809d0259f": {
                    "type": "aws_route_table",
                    "depends_on": [],
                    "primary": {
                        "id": "rtb-0e9941e3809d0259f",
                        "attributes": {
                            "arn": "arn:aws:ec2:us-east-1:992382545251:route-table/rtb-0e9941e3809d0259f",
                            "id": "rtb-0e9941e3809d0259f",
                            "owner_id": "992382545251",
                            "propagating_vgws.#": "0",
                            "route.#": "0",
                            "tags.%": "0",
                            "tags_all.%": "0",
                            "vpc_id": "vpc-0f8f11cc1ab8691b3"
                        },
                        "meta": {
                            "schema_version": 0
                        },
                        "tainted": false
                    },
                    "deposed": [],
                    "provider": "provider.aws"
                },
                "aws_route_table.tfer--rtb-0ee6153ce704790dc": {
                    "type": "aws_route_table",
                    "depends_on": [],
                    "primary": {
                        "id": "rtb-0ee6153ce704790dc",
                        "attributes": {
                            "arn": "arn:aws:ec2:us-east-1:992382545251:route-table/rtb-0ee6153ce704790dc",
                            "id": "rtb-0ee6153ce704790dc",
                            "owner_id": "992382545251",
                            "propagating_vgws.#": "0",
                            "route.#": "1",
                            "route.0.carrier_gateway_id": "",
                            "route.0.cidr_block": "0.0.0.0/0",
                            "route.0.destination_prefix_list_id": "",
                            "route.0.egress_only_gateway_id": "",
                            "route.0.gateway_id": "",
                            "route.0.instance_id": "",
                            "route.0.ipv6_cidr_block": "",
                            "route.0.local_gateway_id": "",
                            "route.0.nat_gateway_id": "nat-033a954e2df2cba11",
                            "route.0.network_interface_id": "",
                            "route.0.transit_gateway_id": "",
                            "route.0.vpc_endpoint_id": "",
                            "route.0.vpc_peering_connection_id": "",
                            "tags.%": "6",
                            "tags.Name": "eksctl-my-amazing-cluster-cluster/PrivateRouteTableUSEAST1C",
                            "tags.Project": "DevOpsWorkshop",
                            "tags.alpha.eksctl.io/cluster-name": "my-amazing-cluster",
                            "tags.alpha.eksctl.io/cluster-oidc-enabled": "false",
                            "tags.alpha.eksctl.io/eksctl-version": "0.214.0",
                            "tags.eksctl.cluster.k8s.io/v1alpha1/cluster-name": "my-amazing-cluster",
                            "tags_all.%": "6",
                            "tags_all.Name": "eksctl-my-amazing-cluster-cluster/PrivateRouteTableUSEAST1C",
                            "tags_all.Project": "DevOpsWorkshop",
                            "tags_all.alpha.eksctl.io/cluster-name": "my-amazing-cluster",
                            "tags_all.alpha.eksctl.io/cluster-oidc-enabled": "false",
                            "tags_all.alpha.eksctl.io/eksctl-version": "0.214.0",
                            "tags_all.eksctl.cluster.k8s.io/v1alpha1/cluster-name": "my-amazing-cluster",
                            "vpc_id": "vpc-037bbd648cabe0375"
                        },
                        "meta": {
                            "schema_version": 0
                        },
                        "tainted": false
                    },
                    "deposed": [],
                    "provider": "provider.aws"
                },
                "aws_route_table.tfer--rtb-0ee6c8c75d6b06737": {
                    "type": "aws_route_table",
                    "depends_on": [],
                    "primary": {
                        "id": "rtb-0ee6c8c75d6b06737",
                        "attributes": {
                            "arn": "arn:aws:ec2:us-east-1:992382545251:route-table/rtb-0ee6c8c75d6b06737",
                            "id": "rtb-0ee6c8c75d6b06737",
                            "owner_id": "992382545251",
                            "propagating_vgws.#": "0",
                            "route.#": "1",
                            "route.0.carrier_gateway_id": "",
                            "route.0.cidr_block": "0.0.0.0/0",
                            "route.0.destination_prefix_list_id": "",
                            "route.0.egress_only_gateway_id": "",
                            "route.0.gateway_id": "",
                            "route.0.instance_id": "",
                            "route.0.ipv6_cidr_block": "",
                            "route.0.local_gateway_id": "",
                            "route.0.nat_gateway_id": "nat-0aa94c50fa54a84d4",
                            "route.0.network_interface_id": "",
                            "route.0.transit_gateway_id": "",
                            "route.0.vpc_endpoint_id": "",
                            "route.0.vpc_peering_connection_id": "",
                            "tags.%": "2",
                            "tags.Name": "msdw-private-a",
                            "tags.owner": "msdw",
                            "tags_all.%": "2",
                            "tags_all.Name": "msdw-private-a",
                            "tags_all.owner": "msdw",
                            "vpc_id": "vpc-0d95db6427d3a4fcb"
                        },
                        "meta": {
                            "schema_version": 0
                        },
                        "tainted": false
                    },
                    "deposed": [],
                    "provider": "provider.aws"
                },
                "aws_route_table.tfer--rtb-0f2af54607be57af0": {
                    "type": "aws_route_table",
                    "depends_on": [],
                    "primary": {
                        "id": "rtb-0f2af54607be57af0",
                        "attributes": {
                            "arn": "arn:aws:ec2:us-east-1:992382545251:route-table/rtb-0f2af54607be57af0",
                            "id": "rtb-0f2af54607be57af0",
                            "owner_id": "992382545251",
                            "propagating_vgws.#": "0",
                            "route.#": "0",
                            "tags.%": "1",
                            "tags.Name": "myvpc-i-rtb-private2-us-east-1b",
                            "tags_all.%": "1",
                            "tags_all.Name": "myvpc-i-rtb-private2-us-east-1b",
                            "vpc_id": "vpc-09c0eaeb5b69b1248"
                        },
                        "meta": {
                            "schema_version": 0
                        },
                        "tainted": false
                    },
                    "deposed": [],
                    "provider": "provider.aws"
                },
                "aws_route_table.tfer--rtb-0f370fc94e549bef0": {
                    "type": "aws_route_table",
                    "depends_on": [],
                    "primary": {
                        "id": "rtb-0f370fc94e549bef0",
                        "attributes": {
                            "arn": "arn:aws:ec2:us-east-1:992382545251:route-table/rtb-0f370fc94e549bef0",
                            "id": "rtb-0f370fc94e549bef0",
                            "owner_id": "992382545251",
                            "propagating_vgws.#": "0",
                            "route.#": "0",
                            "tags.%": "0",
                            "tags_all.%": "0",
                            "vpc_id": "vpc-03551bf73ceb4d7df"
                        },
                        "meta": {
                            "schema_version": 0
                        },
                        "tainted": false
                    },
                    "deposed": [],
                    "provider": "provider.aws"
                },
                "aws_route_table.tfer--rtb-0f4f128aef5402f44": {
                    "type": "aws_route_table",
                    "depends_on": [],
                    "primary": {
                        "id": "rtb-0f4f128aef5402f44",
                        "attributes": {
                            "arn": "arn:aws:ec2:us-east-1:992382545251:route-table/rtb-0f4f128aef5402f44",
                            "id": "rtb-0f4f128aef5402f44",
                            "owner_id": "992382545251",
                            "propagating_vgws.#": "0",
                            "route.#": "0",
                            "tags.%": "1",
                            "tags.Name": "example-vpc-default",
                            "tags_all.%": "1",
                            "tags_all.Name": "example-vpc-default",
                            "vpc_id": "vpc-07e39b0b1419bb585"
                        },
                        "meta": {
                            "schema_version": 0
                        },
                        "tainted": false
                    },
                    "deposed": [],
                    "provider": "provider.aws"
                },
                "aws_route_table.tfer--rtb-0f61c0e9c2bcfd63f": {
                    "type": "aws_route_table",
                    "depends_on": [],
                    "primary": {
                        "id": "rtb-0f61c0e9c2bcfd63f",
                        "attributes": {
                            "arn": "arn:aws:ec2:us-east-1:992382545251:route-table/rtb-0f61c0e9c2bcfd63f",
                            "id": "rtb-0f61c0e9c2bcfd63f",
                            "owner_id": "992382545251",
                            "propagating_vgws.#": "0",
                            "route.#": "1",
                            "route.0.carrier_gateway_id": "",
                            "route.0.cidr_block": "0.0.0.0/0",
                            "route.0.destination_prefix_list_id": "",
                            "route.0.egress_only_gateway_id": "",
                            "route.0.gateway_id": "",
                            "route.0.instance_id": "",
                            "route.0.ipv6_cidr_block": "",
                            "route.0.local_gateway_id": "",
                            "route.0.nat_gateway_id": "nat-0c6e95e7e9f55f446",
                            "route.0.network_interface_id": "",
                            "route.0.transit_gateway_id": "",
                            "route.0.vpc_endpoint_id": "",
                            "route.0.vpc_peering_connection_id": "",
                            "tags.%": "2",
                            "tags.Name": "msdw-db-rt-b",
                            "tags.owner": "msdw",
                            "tags_all.%": "2",
                            "tags_all.Name": "msdw-db-rt-b",
                            "tags_all.owner": "msdw",
                            "vpc_id": "vpc-0d95db6427d3a4fcb"
                        },
                        "meta": {
                            "schema_version": 0
                        },
                        "tainted": false
                    },
                    "deposed": [],
                    "provider": "provider.aws"
                },
                "aws_route_table.tfer--rtb-0f86c4e8d65480c61": {
                    "type": "aws_route_table",
                    "depends_on": [],
                    "primary": {
                        "id": "rtb-0f86c4e8d65480c61",
                        "attributes": {
                            "arn": "arn:aws:ec2:us-east-1:992382545251:route-table/rtb-0f86c4e8d65480c61",
                            "id": "rtb-0f86c4e8d65480c61",
                            "owner_id": "992382545251",
                            "propagating_vgws.#": "0",
                            "route.#": "1",
                            "route.0.carrier_gateway_id": "",
                            "route.0.cidr_block": "0.0.0.0/0",
                            "route.0.destination_prefix_list_id": "",
                            "route.0.egress_only_gateway_id": "",
                            "route.0.gateway_id": "igw-05c5a2bf13f828c89",
                            "route.0.instance_id": "",
                            "route.0.ipv6_cidr_block": "",
                            "route.0.local_gateway_id": "",
                            "route.0.nat_gateway_id": "",
                            "route.0.network_interface_id": "",
                            "route.0.transit_gateway_id": "",
                            "route.0.vpc_endpoint_id": "",
                            "route.0.vpc_peering_connection_id": "",
                            "tags.%": "6",
                            "tags.Name": "eksctl-my-amazing-cluster-cluster/PublicRouteTable",
                            "tags.Project": "DevOpsWorkshop",
                            "tags.alpha.eksctl.io/cluster-name": "my-amazing-cluster",
                            "tags.alpha.eksctl.io/cluster-oidc-enabled": "false",
                            "tags.alpha.eksctl.io/eksctl-version": "0.214.0",
                            "tags.eksctl.cluster.k8s.io/v1alpha1/cluster-name": "my-amazing-cluster",
                            "tags_all.%": "6",
                            "tags_all.Name": "eksctl-my-amazing-cluster-cluster/PublicRouteTable",
                            "tags_all.Project": "DevOpsWorkshop",
                            "tags_all.alpha.eksctl.io/cluster-name": "my-amazing-cluster",
                            "tags_all.alpha.eksctl.io/cluster-oidc-enabled": "false",
                            "tags_all.alpha.eksctl.io/eksctl-version": "0.214.0",
                            "tags_all.eksctl.cluster.k8s.io/v1alpha1/cluster-name": "my-amazing-cluster",
                            "vpc_id": "vpc-037bbd648cabe0375"
                        },
                        "meta": {
                            "schema_version": 0
                        },
                        "tainted": false
                    },
                    "deposed": [],
                    "provider": "provider.aws"
                },
                "aws_route_table.tfer--rtb-0f9c823fcc469279a": {
                    "type": "aws_route_table",
                    "depends_on": [],
                    "primary": {
                        "id": "rtb-0f9c823fcc469279a",
                        "attributes": {
                            "arn": "arn:aws:ec2:us-east-1:992382545251:route-table/rtb-0f9c823fcc469279a",
                            "id": "rtb-0f9c823fcc469279a",
                            "owner_id": "992382545251",
                            "propagating_vgws.#": "0",
                            "route.#": "0",
                            "tags.%": "3",
                            "tags.Name": "status-page-ay-vpc-default",
                            "tags.Owner": "arn:aws:iam::992382545251:user/annaperetiatka",
                            "tags.Project": "status-page-ay",
                            "tags_all.%": "3",
                            "tags_all.Name": "status-page-ay-vpc-default",
                            "tags_all.Owner": "arn:aws:iam::992382545251:user/annaperetiatka",
                            "tags_all.Project": "status-page-ay",
                            "vpc_id": "vpc-04f0854157d7cfe9d"
                        },
                        "meta": {
                            "schema_version": 0
                        },
                        "tainted": false
                    },
                    "deposed": [],
                    "provider": "provider.aws"
                },
                "aws_route_table.tfer--rtb-0f9f399afe57c6f27": {
                    "type": "aws_route_table",
                    "depends_on": [],
                    "primary": {
                        "id": "rtb-0f9f399afe57c6f27",
                        "attributes": {
                            "arn": "arn:aws:ec2:us-east-1:992382545251:route-table/rtb-0f9f399afe57c6f27",
                            "id": "rtb-0f9f399afe57c6f27",
                            "owner_id": "992382545251",
                            "propagating_vgws.#": "0",
                            "route.#": "1",
                            "route.0.carrier_gateway_id": "",
                            "route.0.cidr_block": "0.0.0.0/0",
                            "route.0.destination_prefix_list_id": "",
                            "route.0.egress_only_gateway_id": "",
                            "route.0.gateway_id": "igw-010a5ce2f13174f2d",
                            "route.0.instance_id": "",
                            "route.0.ipv6_cidr_block": "",
                            "route.0.local_gateway_id": "",
                            "route.0.nat_gateway_id": "",
                            "route.0.network_interface_id": "",
                            "route.0.transit_gateway_id": "",
                            "route.0.vpc_endpoint_id": "",
                            "route.0.vpc_peering_connection_id": "",
                            "tags.%": "2",
                            "tags.DoNotDelete": "True",
                            "tags.Name": "PrivateRouteTable",
                            "tags_all.%": "2",
                            "tags_all.DoNotDelete": "True",
                            "tags_all.Name": "PrivateRouteTable",
                            "vpc_id": "vpc-014e64327a6883f05"
                        },
                        "meta": {
                            "schema_version": 0
                        },
                        "tainted": false
                    },
                    "deposed": [],
                    "provider": "provider.aws"
                },
                "aws_route_table.tfer--rtb-0fd04a270eede2546": {
                    "type": "aws_route_table",
                    "depends_on": [],
                    "primary": {
                        "id": "rtb-0fd04a270eede2546",
                        "attributes": {
                            "arn": "arn:aws:ec2:us-east-1:992382545251:route-table/rtb-0fd04a270eede2546",
                            "id": "rtb-0fd04a270eede2546",
                            "owner_id": "992382545251",
                            "propagating_vgws.#": "0",
                            "route.#": "1",
                            "route.0.carrier_gateway_id": "",
                            "route.0.cidr_block": "0.0.0.0/0",
                            "route.0.destination_prefix_list_id": "",
                            "route.0.egress_only_gateway_id": "",
                            "route.0.gateway_id": "",
                            "route.0.instance_id": "",
                            "route.0.ipv6_cidr_block": "",
                            "route.0.local_gateway_id": "",
                            "route.0.nat_gateway_id": "nat-013a28142573a3ca7",
                            "route.0.network_interface_id": "",
                            "route.0.transit_gateway_id": "",
                            "route.0.vpc_endpoint_id": "",
                            "route.0.vpc_peering_connection_id": "",
                            "tags.%": "1",
                            "tags.Name": "avi private rt",
                            "tags_all.%": "1",
                            "tags_all.Name": "avi private rt",
                            "vpc_id": "vpc-05378dbf126e3680e"
                        },
                        "meta": {
                            "schema_version": 0
                        },
                        "tainted": false
                    },
                    "deposed": [],
                    "provider": "provider.aws"
                },
                "aws_route_table_association.tfer--subnet-00e7a11252d53d099": {
                    "type": "aws_route_table_association",
                    "depends_on": [],
                    "primary": {
                        "id": "rtbassoc-0ddc832e8285bac70",
                        "attributes": {
                            "gateway_id": "",
                            "id": "rtbassoc-0ddc832e8285bac70",
                            "route_table_id": "rtb-059aa29e110d39d6d",
                            "subnet_id": "subnet-00e7a11252d53d099"
                        },
                        "meta": {
                            "schema_version": 0
                        },
                        "tainted": false
                    },
                    "deposed": [],
                    "provider": "provider.aws"
                },
                "aws_route_table_association.tfer--subnet-00fe585624fad502c": {
                    "type": "aws_route_table_association",
                    "depends_on": [],
                    "primary": {
                        "id": "rtbassoc-05c8eb7c3fd2c1c42",
                        "attributes": {
                            "gateway_id": "",
                            "id": "rtbassoc-05c8eb7c3fd2c1c42",
                            "route_table_id": "rtb-07b0161184c07aec6",
                            "subnet_id": "subnet-00fe585624fad502c"
                        },
                        "meta": {
                            "schema_version": 0
                        },
                        "tainted": false
                    },
                    "deposed": [],
                    "provider": "provider.aws"
                },
                "aws_route_table_association.tfer--subnet-010d938cd143cfa5b": {
                    "type": "aws_route_table_association",
                    "depends_on": [],
                    "primary": {
                        "id": "rtbassoc-0cecfb96dc7681795",
                        "attributes": {
                            "gateway_id": "",
                            "id": "rtbassoc-0cecfb96dc7681795",
                            "route_table_id": "rtb-010a49d28502bf9be",
                            "subnet_id": "subnet-010d938cd143cfa5b"
                        },
                        "meta": {
                            "schema_version": 0
                        },
                        "tainted": false
                    },
                    "deposed": [],
                    "provider": "provider.aws"
                },
                "aws_route_table_association.tfer--subnet-012e3de3f15043afe": {
                    "type": "aws_route_table_association",
                    "depends_on": [],
                    "primary": {
                        "id": "rtbassoc-0d37440223170d4e5",
                        "attributes": {
                            "gateway_id": "",
                            "id": "rtbassoc-0d37440223170d4e5",
                            "route_table_id": "rtb-01bdd515b4f3383a0",
                            "subnet_id": "subnet-012e3de3f15043afe"
                        },
                        "meta": {
                            "schema_version": 0
                        },
                        "tainted": false
                    },
                    "deposed": [],
                    "provider": "provider.aws"
                },
                "aws_route_table_association.tfer--subnet-01414037a5eafa2bd": {
                    "type": "aws_route_table_association",
                    "depends_on": [],
                    "primary": {
                        "id": "rtbassoc-05a3920021cfa8efd",
                        "attributes": {
                            "gateway_id": "",
                            "id": "rtbassoc-05a3920021cfa8efd",
                            "route_table_id": "rtb-046b92ae4635cd4d2",
                            "subnet_id": "subnet-01414037a5eafa2bd"
                        },
                        "meta": {
                            "schema_version": 0
                        },
                        "tainted": false
                    },
                    "deposed": [],
                    "provider": "provider.aws"
                },
                "aws_route_table_association.tfer--subnet-0184c0dfec8ba4691": {
                    "type": "aws_route_table_association",
                    "depends_on": [],
                    "primary": {
                        "id": "rtbassoc-0d315fb0dc77c6494",
                        "attributes": {
                            "gateway_id": "",
                            "id": "rtbassoc-0d315fb0dc77c6494",
                            "route_table_id": "rtb-07b472d6b3b99f3b4",
                            "subnet_id": "subnet-0184c0dfec8ba4691"
                        },
                        "meta": {
                            "schema_version": 0
                        },
                        "tainted": false
                    },
                    "deposed": [],
                    "provider": "provider.aws"
                },
                "aws_route_table_association.tfer--subnet-019bafbeb30016c19": {
                    "type": "aws_route_table_association",
                    "depends_on": [],
                    "primary": {
                        "id": "rtbassoc-0d4f0a5602126cd3e",
                        "attributes": {
                            "gateway_id": "",
                            "id": "rtbassoc-0d4f0a5602126cd3e",
                            "route_table_id": "rtb-05c58e4d57b41507c",
                            "subnet_id": "subnet-019bafbeb30016c19"
                        },
                        "meta": {
                            "schema_version": 0
                        },
                        "tainted": false
                    },
                    "deposed": [],
                    "provider": "provider.aws"
                },
                "aws_route_table_association.tfer--subnet-023e5d283d3c95c37": {
                    "type": "aws_route_table_association",
                    "depends_on": [],
                    "primary": {
                        "id": "rtbassoc-0ab071de535983995",
                        "attributes": {
                            "gateway_id": "",
                            "id": "rtbassoc-0ab071de535983995",
                            "route_table_id": "rtb-068f914dfc58e0621",
                            "subnet_id": "subnet-023e5d283d3c95c37"
                        },
                        "meta": {
                            "schema_version": 0
                        },
                        "tainted": false
                    },
                    "deposed": [],
                    "provider": "provider.aws"
                },
                "aws_route_table_association.tfer--subnet-02b499a6d981becd9": {
                    "type": "aws_route_table_association",
                    "depends_on": [],
                    "primary": {
                        "id": "rtbassoc-0129e01802769971d",
                        "attributes": {
                            "gateway_id": "",
                            "id": "rtbassoc-0129e01802769971d",
                            "route_table_id": "rtb-00b147beb89bbe266",
                            "subnet_id": "subnet-02b499a6d981becd9"
                        },
                        "meta": {
                            "schema_version": 0
                        },
                        "tainted": false
                    },
                    "deposed": [],
                    "provider": "provider.aws"
                },
                "aws_route_table_association.tfer--subnet-02bd2edb4de1d31f0": {
                    "type": "aws_route_table_association",
                    "depends_on": [],
                    "primary": {
                        "id": "rtbassoc-0bd5ad265c1bcb404",
                        "attributes": {
                            "gateway_id": "",
                            "id": "rtbassoc-0bd5ad265c1bcb404",
                            "route_table_id": "rtb-08c6db5973a498b96",
                            "subnet_id": "subnet-02bd2edb4de1d31f0"
                        },
                        "meta": {
                            "schema_version": 0
                        },
                        "tainted": false
                    },
                    "deposed": [],
                    "provider": "provider.aws"
                },
                "aws_route_table_association.tfer--subnet-02bfa1ec9485ccbd6": {
                    "type": "aws_route_table_association",
                    "depends_on": [],
                    "primary": {
                        "id": "rtbassoc-054896af42a476106",
                        "attributes": {
                            "gateway_id": "",
                            "id": "rtbassoc-054896af42a476106",
                            "route_table_id": "rtb-05c58e4d57b41507c",
                            "subnet_id": "subnet-02bfa1ec9485ccbd6"
                        },
                        "meta": {
                            "schema_version": 0
                        },
                        "tainted": false
                    },
                    "deposed": [],
                    "provider": "provider.aws"
                },
                "aws_route_table_association.tfer--subnet-02f28a9723c0a6880": {
                    "type": "aws_route_table_association",
                    "depends_on": [],
                    "primary": {
                        "id": "rtbassoc-0ca4af9b47f856ae4",
                        "attributes": {
                            "gateway_id": "",
                            "id": "rtbassoc-0ca4af9b47f856ae4",
                            "route_table_id": "rtb-04cbe91db1f4c000c",
                            "subnet_id": "subnet-02f28a9723c0a6880"
                        },
                        "meta": {
                            "schema_version": 0
                        },
                        "tainted": false
                    },
                    "deposed": [],
                    "provider": "provider.aws"
                },
                "aws_route_table_association.tfer--subnet-03208633fc0003ed2": {
                    "type": "aws_route_table_association",
                    "depends_on": [],
                    "primary": {
                        "id": "rtbassoc-0ac4dbe12f161582e",
                        "attributes": {
                            "gateway_id": "",
                            "id": "rtbassoc-0ac4dbe12f161582e",
                            "route_table_id": "rtb-0ee6153ce704790dc",
                            "subnet_id": "subnet-03208633fc0003ed2"
                        },
                        "meta": {
                            "schema_version": 0
                        },
                        "tainted": false
                    },
                    "deposed": [],
                    "provider": "provider.aws"
                },
                "aws_route_table_association.tfer--subnet-03d77889a7d7cec26": {
                    "type": "aws_route_table_association",
                    "depends_on": [],
                    "primary": {
                        "id": "rtbassoc-06cf61e15f1195116",
                        "attributes": {
                            "gateway_id": "",
                            "id": "rtbassoc-06cf61e15f1195116",
                            "route_table_id": "rtb-0c5f66ecb5b6c21c5",
                            "subnet_id": "subnet-03d77889a7d7cec26"
                        },
                        "meta": {
                            "schema_version": 0
                        },
                        "tainted": false
                    },
                    "deposed": [],
                    "provider": "provider.aws"
                },
                "aws_route_table_association.tfer--subnet-03d88fd39e0303f7d": {
                    "type": "aws_route_table_association",
                    "depends_on": [],
                    "primary": {
                        "id": "rtbassoc-074abc4ec09c8884f",
                        "attributes": {
                            "gateway_id": "",
                            "id": "rtbassoc-074abc4ec09c8884f",
                            "route_table_id": "rtb-07b472d6b3b99f3b4",
                            "subnet_id": "subnet-03d88fd39e0303f7d"
                        },
                        "meta": {
                            "schema_version": 0
                        },
                        "tainted": false
                    },
                    "deposed": [],
                    "provider": "provider.aws"
                },
                "aws_route_table_association.tfer--subnet-03df233962b5b9895": {
                    "type": "aws_route_table_association",
                    "depends_on": [],
                    "primary": {
                        "id": "rtbassoc-07a6cd95be6621a7e",
                        "attributes": {
                            "gateway_id": "",
                            "id": "rtbassoc-07a6cd95be6621a7e",
                            "route_table_id": "rtb-000f3d8fea01e2e54",
                            "subnet_id": "subnet-03df233962b5b9895"
                        },
                        "meta": {
                            "schema_version": 0
                        },
                        "tainted": false
                    },
                    "deposed": [],
                    "provider": "provider.aws"
                },
                "aws_route_table_association.tfer--subnet-0406d282f511c33ca": {
                    "type": "aws_route_table_association",
                    "depends_on": [],
                    "primary": {
                        "id": "rtbassoc-0f970f5aa0b3ed6fd",
                        "attributes": {
                            "gateway_id": "",
                            "id": "rtbassoc-0f970f5aa0b3ed6fd",
                            "route_table_id": "rtb-09f71fd5011985299",
                            "subnet_id": "subnet-0406d282f511c33ca"
                        },
                        "meta": {
                            "schema_version": 0
                        },
                        "tainted": false
                    },
                    "deposed": [],
                    "provider": "provider.aws"
                },
                "aws_route_table_association.tfer--subnet-0468e933b4fdab115": {
                    "type": "aws_route_table_association",
                    "depends_on": [],
                    "primary": {
                        "id": "rtbassoc-07cebbbb8c850857d",
                        "attributes": {
                            "gateway_id": "",
                            "id": "rtbassoc-07cebbbb8c850857d",
                            "route_table_id": "rtb-0055e4277d5b1309f",
                            "subnet_id": "subnet-0468e933b4fdab115"
                        },
                        "meta": {
                            "schema_version": 0
                        },
                        "tainted": false
                    },
                    "deposed": [],
                    "provider": "provider.aws"
                },
                "aws_route_table_association.tfer--subnet-048df857666f497b2": {
                    "type": "aws_route_table_association",
                    "depends_on": [],
                    "primary": {
                        "id": "rtbassoc-020c3e4680a3d12c8",
                        "attributes": {
                            "gateway_id": "",
                            "id": "rtbassoc-020c3e4680a3d12c8",
                            "route_table_id": "rtb-0063bb46787d4ad18",
                            "subnet_id": "subnet-048df857666f497b2"
                        },
                        "meta": {
                            "schema_version": 0
                        },
                        "tainted": false
                    },
                    "deposed": [],
                    "provider": "provider.aws"
                },
                "aws_route_table_association.tfer--subnet-04dbb51903521e551": {
                    "type": "aws_route_table_association",
                    "depends_on": [],
                    "primary": {
                        "id": "rtbassoc-0d71ed1c9bca40753",
                        "attributes": {
                            "gateway_id": "",
                            "id": "rtbassoc-0d71ed1c9bca40753",
                            "route_table_id": "rtb-0063bb46787d4ad18",
                            "subnet_id": "subnet-04dbb51903521e551"
                        },
                        "meta": {
                            "schema_version": 0
                        },
                        "tainted": false
                    },
                    "deposed": [],
                    "provider": "provider.aws"
                },
                "aws_route_table_association.tfer--subnet-04e6bc93755db4780": {
                    "type": "aws_route_table_association",
                    "depends_on": [],
                    "primary": {
                        "id": "rtbassoc-01da28dbad744d804",
                        "attributes": {
                            "gateway_id": "",
                            "id": "rtbassoc-01da28dbad744d804",
                            "route_table_id": "rtb-0dba065f1414a11b2",
                            "subnet_id": "subnet-04e6bc93755db4780"
                        },
                        "meta": {
                            "schema_version": 0
                        },
                        "tainted": false
                    },
                    "deposed": [],
                    "provider": "provider.aws"
                },
                "aws_route_table_association.tfer--subnet-04f43be43718d6387": {
                    "type": "aws_route_table_association",
                    "depends_on": [],
                    "primary": {
                        "id": "rtbassoc-00bab7dc0c50babfd",
                        "attributes": {
                            "gateway_id": "",
                            "id": "rtbassoc-00bab7dc0c50babfd",
                            "route_table_id": "rtb-0a30626817f2365e7",
                            "subnet_id": "subnet-04f43be43718d6387"
                        },
                        "meta": {
                            "schema_version": 0
                        },
                        "tainted": false
                    },
                    "deposed": [],
                    "provider": "provider.aws"
                },
                "aws_route_table_association.tfer--subnet-04f934b5dd92afc2b": {
                    "type": "aws_route_table_association",
                    "depends_on": [],
                    "primary": {
                        "id": "rtbassoc-07216da9f2900b3fc",
                        "attributes": {
                            "gateway_id": "",
                            "id": "rtbassoc-07216da9f2900b3fc",
                            "route_table_id": "rtb-0dba065f1414a11b2",
                            "subnet_id": "subnet-04f934b5dd92afc2b"
                        },
                        "meta": {
                            "schema_version": 0
                        },
                        "tainted": false
                    },
                    "deposed": [],
                    "provider": "provider.aws"
                },
                "aws_route_table_association.tfer--subnet-052928045b461bd10": {
                    "type": "aws_route_table_association",
                    "depends_on": [],
                    "primary": {
                        "id": "rtbassoc-0c529a478da96e3b6",
                        "attributes": {
                            "gateway_id": "",
                            "id": "rtbassoc-0c529a478da96e3b6",
                            "route_table_id": "rtb-0e6845a0841506cca",
                            "subnet_id": "subnet-052928045b461bd10"
                        },
                        "meta": {
                            "schema_version": 0
                        },
                        "tainted": false
                    },
                    "deposed": [],
                    "provider": "provider.aws"
                },
                "aws_route_table_association.tfer--subnet-05a75df6462060933": {
                    "type": "aws_route_table_association",
                    "depends_on": [],
                    "primary": {
                        "id": "rtbassoc-0e48dcb0e36e57b23",
                        "attributes": {
                            "gateway_id": "",
                            "id": "rtbassoc-0e48dcb0e36e57b23",
                            "route_table_id": "rtb-00f03e4c01212d25e",
                            "subnet_id": "subnet-05a75df6462060933"
                        },
                        "meta": {
                            "schema_version": 0
                        },
                        "tainted": false
                    },
                    "deposed": [],
                    "provider": "provider.aws"
                },
                "aws_route_table_association.tfer--subnet-05f9aad22ed12c8c8": {
                    "type": "aws_route_table_association",
                    "depends_on": [],
                    "primary": {
                        "id": "rtbassoc-054503d7a8289e82d",
                        "attributes": {
                            "gateway_id": "",
                            "id": "rtbassoc-054503d7a8289e82d",
                            "route_table_id": "rtb-0dc3744cda1666daa",
                            "subnet_id": "subnet-05f9aad22ed12c8c8"
                        },
                        "meta": {
                            "schema_version": 0
                        },
                        "tainted": false
                    },
                    "deposed": [],
                    "provider": "provider.aws"
                },
                "aws_route_table_association.tfer--subnet-064d2805fcb8e9514": {
                    "type": "aws_route_table_association",
                    "depends_on": [],
                    "primary": {
                        "id": "rtbassoc-0adc83c0d7f922be2",
                        "attributes": {
                            "gateway_id": "",
                            "id": "rtbassoc-0adc83c0d7f922be2",
                            "route_table_id": "rtb-0f9f399afe57c6f27",
                            "subnet_id": "subnet-064d2805fcb8e9514"
                        },
                        "meta": {
                            "schema_version": 0
                        },
                        "tainted": false
                    },
                    "deposed": [],
                    "provider": "provider.aws"
                },
                "aws_route_table_association.tfer--subnet-065679fd74300ff63": {
                    "type": "aws_route_table_association",
                    "depends_on": [],
                    "primary": {
                        "id": "rtbassoc-00ccad332788da03c",
                        "attributes": {
                            "gateway_id": "",
                            "id": "rtbassoc-00ccad332788da03c",
                            "route_table_id": "rtb-0a30626817f2365e7",
                            "subnet_id": "subnet-065679fd74300ff63"
                        },
                        "meta": {
                            "schema_version": 0
                        },
                        "tainted": false
                    },
                    "deposed": [],
                    "provider": "provider.aws"
                },
                "aws_route_table_association.tfer--subnet-070c17a7438d0faef": {
                    "type": "aws_route_table_association",
                    "depends_on": [],
                    "primary": {
                        "id": "rtbassoc-0031bb07e18ce1e95",
                        "attributes": {
                            "gateway_id": "",
                            "id": "rtbassoc-0031bb07e18ce1e95",
                            "route_table_id": "rtb-0f61c0e9c2bcfd63f",
                            "subnet_id": "subnet-070c17a7438d0faef"
                        },
                        "meta": {
                            "schema_version": 0
                        },
                        "tainted": false
                    },
                    "deposed": [],
                    "provider": "provider.aws"
                },
                "aws_route_table_association.tfer--subnet-071e1b16b635f632a": {
                    "type": "aws_route_table_association",
                    "depends_on": [],
                    "primary": {
                        "id": "rtbassoc-01b696882e9350fd9",
                        "attributes": {
                            "gateway_id": "",
                            "id": "rtbassoc-01b696882e9350fd9",
                            "route_table_id": "rtb-0ee6c8c75d6b06737",
                            "subnet_id": "subnet-071e1b16b635f632a"
                        },
                        "meta": {
                            "schema_version": 0
                        },
                        "tainted": false
                    },
                    "deposed": [],
                    "provider": "provider.aws"
                },
                "aws_route_table_association.tfer--subnet-0742f98b1dfbc5214": {
                    "type": "aws_route_table_association",
                    "depends_on": [],
                    "primary": {
                        "id": "rtbassoc-046f4c0967d3c0788",
                        "attributes": {
                            "gateway_id": "",
                            "id": "rtbassoc-046f4c0967d3c0788",
                            "route_table_id": "rtb-000f3d8fea01e2e54",
                            "subnet_id": "subnet-0742f98b1dfbc5214"
                        },
                        "meta": {
                            "schema_version": 0
                        },
                        "tainted": false
                    },
                    "deposed": [],
                    "provider": "provider.aws"
                },
                "aws_route_table_association.tfer--subnet-074bf17aae2dba706": {
                    "type": "aws_route_table_association",
                    "depends_on": [],
                    "primary": {
                        "id": "rtbassoc-0f07bec3f27b82a5d",
                        "attributes": {
                            "gateway_id": "",
                            "id": "rtbassoc-0f07bec3f27b82a5d",
                            "route_table_id": "rtb-07b472d6b3b99f3b4",
                            "subnet_id": "subnet-074bf17aae2dba706"
                        },
                        "meta": {
                            "schema_version": 0
                        },
                        "tainted": false
                    },
                    "deposed": [],
                    "provider": "provider.aws"
                },
                "aws_route_table_association.tfer--subnet-07837dadc50a3213a": {
                    "type": "aws_route_table_association",
                    "depends_on": [],
                    "primary": {
                        "id": "rtbassoc-056de904e56eb4f6c",
                        "attributes": {
                            "gateway_id": "",
                            "id": "rtbassoc-056de904e56eb4f6c",
                            "route_table_id": "rtb-04d39e25507983a2c",
                            "subnet_id": "subnet-07837dadc50a3213a"
                        },
                        "meta": {
                            "schema_version": 0
                        },
                        "tainted": false
                    },
                    "deposed": [],
                    "provider": "provider.aws"
                },
                "aws_route_table_association.tfer--subnet-0794bcdafbe8da12b": {
                    "type": "aws_route_table_association",
                    "depends_on": [],
                    "primary": {
                        "id": "rtbassoc-0b946c38d9d1aba09",
                        "attributes": {
                            "gateway_id": "",
                            "id": "rtbassoc-0b946c38d9d1aba09",
                            "route_table_id": "rtb-0dc3744cda1666daa",
                            "subnet_id": "subnet-0794bcdafbe8da12b"
                        },
                        "meta": {
                            "schema_version": 0
                        },
                        "tainted": false
                    },
                    "deposed": [],
                    "provider": "provider.aws"
                },
                "aws_route_table_association.tfer--subnet-07b3560784b6c8a4d": {
                    "type": "aws_route_table_association",
                    "depends_on": [],
                    "primary": {
                        "id": "rtbassoc-0e60530479d230963",
                        "attributes": {
                            "gateway_id": "",
                            "id": "rtbassoc-0e60530479d230963",
                            "route_table_id": "rtb-068f914dfc58e0621",
                            "subnet_id": "subnet-07b3560784b6c8a4d"
                        },
                        "meta": {
                            "schema_version": 0
                        },
                        "tainted": false
                    },
                    "deposed": [],
                    "provider": "provider.aws"
                },
                "aws_route_table_association.tfer--subnet-07cc6a65506c506ca": {
                    "type": "aws_route_table_association",
                    "depends_on": [],
                    "primary": {
                        "id": "rtbassoc-05dd005e2994e8162",
                        "attributes": {
                            "gateway_id": "",
                            "id": "rtbassoc-05dd005e2994e8162",
                            "route_table_id": "rtb-01bdd515b4f3383a0",
                            "subnet_id": "subnet-07cc6a65506c506ca"
                        },
                        "meta": {
                            "schema_version": 0
                        },
                        "tainted": false
                    },
                    "deposed": [],
                    "provider": "provider.aws"
                },
                "aws_route_table_association.tfer--subnet-08795c4a15a5e15df": {
                    "type": "aws_route_table_association",
                    "depends_on": [],
                    "primary": {
                        "id": "rtbassoc-0b8831e58f3f22483",
                        "attributes": {
                            "gateway_id": "",
                            "id": "rtbassoc-0b8831e58f3f22483",
                            "route_table_id": "rtb-080404d15e7f86fc5",
                            "subnet_id": "subnet-08795c4a15a5e15df"
                        },
                        "meta": {
                            "schema_version": 0
                        },
                        "tainted": false
                    },
                    "deposed": [],
                    "provider": "provider.aws"
                },
                "aws_route_table_association.tfer--subnet-0919001dae778877a": {
                    "type": "aws_route_table_association",
                    "depends_on": [],
                    "primary": {
                        "id": "rtbassoc-0243b1bb2d008573b",
                        "attributes": {
                            "gateway_id": "",
                            "id": "rtbassoc-0243b1bb2d008573b",
                            "route_table_id": "rtb-08c6db5973a498b96",
                            "subnet_id": "subnet-0919001dae778877a"
                        },
                        "meta": {
                            "schema_version": 0
                        },
                        "tainted": false
                    },
                    "deposed": [],
                    "provider": "provider.aws"
                },
                "aws_route_table_association.tfer--subnet-09705217965c59e5a": {
                    "type": "aws_route_table_association",
                    "depends_on": [],
                    "primary": {
                        "id": "rtbassoc-0437def77ad8263e2",
                        "attributes": {
                            "gateway_id": "",
                            "id": "rtbassoc-0437def77ad8263e2",
                            "route_table_id": "rtb-0d1949a70862af3e4",
                            "subnet_id": "subnet-09705217965c59e5a"
                        },
                        "meta": {
                            "schema_version": 0
                        },
                        "tainted": false
                    },
                    "deposed": [],
                    "provider": "provider.aws"
                },
                "aws_route_table_association.tfer--subnet-0972cc251792d5095": {
                    "type": "aws_route_table_association",
                    "depends_on": [],
                    "primary": {
                        "id": "rtbassoc-0f5ee7c40f0e0c465",
                        "attributes": {
                            "gateway_id": "",
                            "id": "rtbassoc-0f5ee7c40f0e0c465",
                            "route_table_id": "rtb-0f86c4e8d65480c61",
                            "subnet_id": "subnet-0972cc251792d5095"
                        },
                        "meta": {
                            "schema_version": 0
                        },
                        "tainted": false
                    },
                    "deposed": [],
                    "provider": "provider.aws"
                },
                "aws_route_table_association.tfer--subnet-097694c121c7b7bb7": {
                    "type": "aws_route_table_association",
                    "depends_on": [],
                    "primary": {
                        "id": "rtbassoc-09dd1a21476237e0e",
                        "attributes": {
                            "gateway_id": "",
                            "id": "rtbassoc-09dd1a21476237e0e",
                            "route_table_id": "rtb-07b472d6b3b99f3b4",
                            "subnet_id": "subnet-097694c121c7b7bb7"
                        },
                        "meta": {
                            "schema_version": 0
                        },
                        "tainted": false
                    },
                    "deposed": [],
                    "provider": "provider.aws"
                },
                "aws_route_table_association.tfer--subnet-0a1bb7b133000a0d6": {
                    "type": "aws_route_table_association",
                    "depends_on": [],
                    "primary": {
                        "id": "rtbassoc-00f75c19a55ad981a",
                        "attributes": {
                            "gateway_id": "",
                            "id": "rtbassoc-00f75c19a55ad981a",
                            "route_table_id": "rtb-09ef20452e1beca94",
                            "subnet_id": "subnet-0a1bb7b133000a0d6"
                        },
                        "meta": {
                            "schema_version": 0
                        },
                        "tainted": false
                    },
                    "deposed": [],
                    "provider": "provider.aws"
                },
                "aws_route_table_association.tfer--subnet-0a8336384b6d3b85b": {
                    "type": "aws_route_table_association",
                    "depends_on": [],
                    "primary": {
                        "id": "rtbassoc-0fa9aa07e2ff04506",
                        "attributes": {
                            "gateway_id": "",
                            "id": "rtbassoc-0fa9aa07e2ff04506",
                            "route_table_id": "rtb-0055e4277d5b1309f",
                            "subnet_id": "subnet-0a8336384b6d3b85b"
                        },
                        "meta": {
                            "schema_version": 0
                        },
                        "tainted": false
                    },
                    "deposed": [],
                    "provider": "provider.aws"
                },
                "aws_route_table_association.tfer--subnet-0a90d5c353da427c6": {
                    "type": "aws_route_table_association",
                    "depends_on": [],
                    "primary": {
                        "id": "rtbassoc-0beecf9a2df5d7e3c",
                        "attributes": {
                            "gateway_id": "",
                            "id": "rtbassoc-0beecf9a2df5d7e3c",
                            "route_table_id": "rtb-010a49d28502bf9be",
                            "subnet_id": "subnet-0a90d5c353da427c6"
                        },
                        "meta": {
                            "schema_version": 0
                        },
                        "tainted": false
                    },
                    "deposed": [],
                    "provider": "provider.aws"
                },
                "aws_route_table_association.tfer--subnet-0ade8070d5563cde3": {
                    "type": "aws_route_table_association",
                    "depends_on": [],
                    "primary": {
                        "id": "rtbassoc-05493182905d97132",
                        "attributes": {
                            "gateway_id": "",
                            "id": "rtbassoc-05493182905d97132",
                            "route_table_id": "rtb-0f2af54607be57af0",
                            "subnet_id": "subnet-0ade8070d5563cde3"
                        },
                        "meta": {
                            "schema_version": 0
                        },
                        "tainted": false
                    },
                    "deposed": [],
                    "provider": "provider.aws"
                },
                "aws_route_table_association.tfer--subnet-0c23ba0951f9296fa": {
                    "type": "aws_route_table_association",
                    "depends_on": [],
                    "primary": {
                        "id": "rtbassoc-01c6a852f72fbae2a",
                        "attributes": {
                            "gateway_id": "",
                            "id": "rtbassoc-01c6a852f72fbae2a",
                            "route_table_id": "rtb-07b472d6b3b99f3b4",
                            "subnet_id": "subnet-0c23ba0951f9296fa"
                        },
                        "meta": {
                            "schema_version": 0
                        },
                        "tainted": false
                    },
                    "deposed": [],
                    "provider": "provider.aws"
                },
                "aws_route_table_association.tfer--subnet-0c4e66d37885ae4e7": {
                    "type": "aws_route_table_association",
                    "depends_on": [],
                    "primary": {
                        "id": "rtbassoc-07716eea7f3b074b4",
                        "attributes": {
                            "gateway_id": "",
                            "id": "rtbassoc-07716eea7f3b074b4",
                            "route_table_id": "rtb-04cbe91db1f4c000c",
                            "subnet_id": "subnet-0c4e66d37885ae4e7"
                        },
                        "meta": {
                            "schema_version": 0
                        },
                        "tainted": false
                    },
                    "deposed": [],
                    "provider": "provider.aws"
                },
                "aws_route_table_association.tfer--subnet-0cf84627daa4a19a5": {
                    "type": "aws_route_table_association",
                    "depends_on": [],
                    "primary": {
                        "id": "rtbassoc-066150e8051cdbdf1",
                        "attributes": {
                            "gateway_id": "",
                            "id": "rtbassoc-066150e8051cdbdf1",
                            "route_table_id": "rtb-07b0161184c07aec6",
                            "subnet_id": "subnet-0cf84627daa4a19a5"
                        },
                        "meta": {
                            "schema_version": 0
                        },
                        "tainted": false
                    },
                    "deposed": [],
                    "provider": "provider.aws"
                },
                "aws_route_table_association.tfer--subnet-0d9f83e21ccbacf25": {
                    "type": "aws_route_table_association",
                    "depends_on": [],
                    "primary": {
                        "id": "rtbassoc-0a32dc660d3f50494",
                        "attributes": {
                            "gateway_id": "",
                            "id": "rtbassoc-0a32dc660d3f50494",
                            "route_table_id": "rtb-0f9f399afe57c6f27",
                            "subnet_id": "subnet-0d9f83e21ccbacf25"
                        },
                        "meta": {
                            "schema_version": 0
                        },
                        "tainted": false
                    },
                    "deposed": [],
                    "provider": "provider.aws"
                },
                "aws_route_table_association.tfer--subnet-0e320d61192515d93": {
                    "type": "aws_route_table_association",
                    "depends_on": [],
                    "primary": {
                        "id": "rtbassoc-0ab4bd0b2c70c071f",
                        "attributes": {
                            "gateway_id": "",
                            "id": "rtbassoc-0ab4bd0b2c70c071f",
                            "route_table_id": "rtb-0f86c4e8d65480c61",
                            "subnet_id": "subnet-0e320d61192515d93"
                        },
                        "meta": {
                            "schema_version": 0
                        },
                        "tainted": false
                    },
                    "deposed": [],
                    "provider": "provider.aws"
                },
                "aws_route_table_association.tfer--subnet-0e4dfbf05c6273091": {
                    "type": "aws_route_table_association",
                    "depends_on": [],
                    "primary": {
                        "id": "rtbassoc-06e7d2f025cd74886",
                        "attributes": {
                            "gateway_id": "",
                            "id": "rtbassoc-06e7d2f025cd74886",
                            "route_table_id": "rtb-0d1949a70862af3e4",
                            "subnet_id": "subnet-0e4dfbf05c6273091"
                        },
                        "meta": {
                            "schema_version": 0
                        },
                        "tainted": false
                    },
                    "deposed": [],
                    "provider": "provider.aws"
                },
                "aws_route_table_association.tfer--subnet-0e7be37767717a051": {
                    "type": "aws_route_table_association",
                    "depends_on": [],
                    "primary": {
                        "id": "rtbassoc-0b2f94b62348137d8",
                        "attributes": {
                            "gateway_id": "",
                            "id": "rtbassoc-0b2f94b62348137d8",
                            "route_table_id": "rtb-09742f0c0f3d75002",
                            "subnet_id": "subnet-0e7be37767717a051"
                        },
                        "meta": {
                            "schema_version": 0
                        },
                        "tainted": false
                    },
                    "deposed": [],
                    "provider": "provider.aws"
                },
                "aws_route_table_association.tfer--subnet-0edfab6c9b2870f9b": {
                    "type": "aws_route_table_association",
                    "depends_on": [],
                    "primary": {
                        "id": "rtbassoc-0f7604e59d0c2eb21",
                        "attributes": {
                            "gateway_id": "",
                            "id": "rtbassoc-0f7604e59d0c2eb21",
                            "route_table_id": "rtb-080404d15e7f86fc5",
                            "subnet_id": "subnet-0edfab6c9b2870f9b"
                        },
                        "meta": {
                            "schema_version": 0
                        },
                        "tainted": false
                    },
                    "deposed": [],
                    "provider": "provider.aws"
                },
                "aws_route_table_association.tfer--subnet-0f5d4b510588d151a": {
                    "type": "aws_route_table_association",
                    "depends_on": [],
                    "primary": {
                        "id": "rtbassoc-0e4825ea3f2904f83",
                        "attributes": {
                            "gateway_id": "",
                            "id": "rtbassoc-0e4825ea3f2904f83",
                            "route_table_id": "rtb-0c5f66ecb5b6c21c5",
                            "subnet_id": "subnet-0f5d4b510588d151a"
                        },
                        "meta": {
                            "schema_version": 0
                        },
                        "tainted": false
                    },
                    "deposed": [],
                    "provider": "provider.aws"
                },
                "aws_route_table_association.tfer--subnet-0fa0c760cde6d926f": {
                    "type": "aws_route_table_association",
                    "depends_on": [],
                    "primary": {
                        "id": "rtbassoc-0ae640e6a5fa581e3",
                        "attributes": {
                            "gateway_id": "",
                            "id": "rtbassoc-0ae640e6a5fa581e3",
                            "route_table_id": "rtb-049d578059cce0b5d",
                            "subnet_id": "subnet-0fa0c760cde6d926f"
                        },
                        "meta": {
                            "schema_version": 0
                        },
                        "tainted": false
                    },
                    "deposed": [],
                    "provider": "provider.aws"
                },
                "aws_route_table_association.tfer--subnet-0fa413b471b4a729a": {
                    "type": "aws_route_table_association",
                    "depends_on": [],
                    "primary": {
                        "id": "rtbassoc-087986ccd96f81bfa",
                        "attributes": {
                            "gateway_id": "",
                            "id": "rtbassoc-087986ccd96f81bfa",
                            "route_table_id": "rtb-09ef20452e1beca94",
                            "subnet_id": "subnet-0fa413b471b4a729a"
                        },
                        "meta": {
                            "schema_version": 0
                        },
                        "tainted": false
                    },
                    "deposed": [],
                    "provider": "provider.aws"
                }
            },
            "depends_on": []
        }
    ]
}
