{
    "version": 3,
    "terraform_version": "0.12.31",
    "serial": 1,
    "lineage": "7167a1e5-ba41-c50c-d10b-264570b80e7f",
    "modules": [
        {
            "path": [
                "root"
            ],
            "outputs": {
                "aws_subnet_tfer--subnet-00e2dfe03f4bbdc21_id": {
                    "sensitive": false,
                    "type": "string",
                    "value": "subnet-00e2dfe03f4bbdc21"
                },
                "aws_subnet_tfer--subnet-00e7a11252d53d099_id": {
                    "sensitive": false,
                    "type": "string",
                    "value": "subnet-00e7a11252d53d099"
                },
                "aws_subnet_tfer--subnet-00fe585624fad502c_id": {
                    "sensitive": false,
                    "type": "string",
                    "value": "subnet-00fe585624fad502c"
                },
                "aws_subnet_tfer--subnet-010d938cd143cfa5b_id": {
                    "sensitive": false,
                    "type": "string",
                    "value": "subnet-010d938cd143cfa5b"
                },
                "aws_subnet_tfer--subnet-012e3de3f15043afe_id": {
                    "sensitive": false,
                    "type": "string",
                    "value": "subnet-012e3de3f15043afe"
                },
                "aws_subnet_tfer--subnet-01414037a5eafa2bd_id": {
                    "sensitive": false,
                    "type": "string",
                    "value": "subnet-01414037a5eafa2bd"
                },
                "aws_subnet_tfer--subnet-0184c0dfec8ba4691_id": {
                    "sensitive": false,
                    "type": "string",
                    "value": "subnet-0184c0dfec8ba4691"
                },
                "aws_subnet_tfer--subnet-019bafbeb30016c19_id": {
                    "sensitive": false,
                    "type": "string",
                    "value": "subnet-019bafbeb30016c19"
                },
                "aws_subnet_tfer--subnet-01b93d497079c771e_id": {
                    "sensitive": false,
                    "type": "string",
                    "value": "subnet-01b93d497079c771e"
                },
                "aws_subnet_tfer--subnet-01ba73bfb67ff85be_id": {
                    "sensitive": false,
                    "type": "string",
                    "value": "subnet-01ba73bfb67ff85be"
                },
                "aws_subnet_tfer--subnet-0207a7dad023f1e66_id": {
                    "sensitive": false,
                    "type": "string",
                    "value": "subnet-0207a7dad023f1e66"
                },
                "aws_subnet_tfer--subnet-023e5d283d3c95c37_id": {
                    "sensitive": false,
                    "type": "string",
                    "value": "subnet-023e5d283d3c95c37"
                },
                "aws_subnet_tfer--subnet-02b499a6d981becd9_id": {
                    "sensitive": false,
                    "type": "string",
                    "value": "subnet-02b499a6d981becd9"
                },
                "aws_subnet_tfer--subnet-02bd2edb4de1d31f0_id": {
                    "sensitive": false,
                    "type": "string",
                    "value": "subnet-02bd2edb4de1d31f0"
                },
                "aws_subnet_tfer--subnet-02bfa1ec9485ccbd6_id": {
                    "sensitive": false,
                    "type": "string",
                    "value": "subnet-02bfa1ec9485ccbd6"
                },
                "aws_subnet_tfer--subnet-02f28a9723c0a6880_id": {
                    "sensitive": false,
                    "type": "string",
                    "value": "subnet-02f28a9723c0a6880"
                },
                "aws_subnet_tfer--subnet-03208633fc0003ed2_id": {
                    "sensitive": false,
                    "type": "string",
                    "value": "subnet-03208633fc0003ed2"
                },
                "aws_subnet_tfer--subnet-03d77889a7d7cec26_id": {
                    "sensitive": false,
                    "type": "string",
                    "value": "subnet-03d77889a7d7cec26"
                },
                "aws_subnet_tfer--subnet-03d88fd39e0303f7d_id": {
                    "sensitive": false,
                    "type": "string",
                    "value": "subnet-03d88fd39e0303f7d"
                },
                "aws_subnet_tfer--subnet-03df233962b5b9895_id": {
                    "sensitive": false,
                    "type": "string",
                    "value": "subnet-03df233962b5b9895"
                },
                "aws_subnet_tfer--subnet-0406d282f511c33ca_id": {
                    "sensitive": false,
                    "type": "string",
                    "value": "subnet-0406d282f511c33ca"
                },
                "aws_subnet_tfer--subnet-0468e933b4fdab115_id": {
                    "sensitive": false,
                    "type": "string",
                    "value": "subnet-0468e933b4fdab115"
                },
                "aws_subnet_tfer--subnet-048df857666f497b2_id": {
                    "sensitive": false,
                    "type": "string",
                    "value": "subnet-048df857666f497b2"
                },
                "aws_subnet_tfer--subnet-04dbb51903521e551_id": {
                    "sensitive": false,
                    "type": "string",
                    "value": "subnet-04dbb51903521e551"
                },
                "aws_subnet_tfer--subnet-04e6bc93755db4780_id": {
                    "sensitive": false,
                    "type": "string",
                    "value": "subnet-04e6bc93755db4780"
                },
                "aws_subnet_tfer--subnet-04f43be43718d6387_id": {
                    "sensitive": false,
                    "type": "string",
                    "value": "subnet-04f43be43718d6387"
                },
                "aws_subnet_tfer--subnet-04f934b5dd92afc2b_id": {
                    "sensitive": false,
                    "type": "string",
                    "value": "subnet-04f934b5dd92afc2b"
                },
                "aws_subnet_tfer--subnet-052928045b461bd10_id": {
                    "sensitive": false,
                    "type": "string",
                    "value": "subnet-052928045b461bd10"
                },
                "aws_subnet_tfer--subnet-05a75df6462060933_id": {
                    "sensitive": false,
                    "type": "string",
                    "value": "subnet-05a75df6462060933"
                },
                "aws_subnet_tfer--subnet-05f9aad22ed12c8c8_id": {
                    "sensitive": false,
                    "type": "string",
                    "value": "subnet-05f9aad22ed12c8c8"
                },
                "aws_subnet_tfer--subnet-064d2805fcb8e9514_id": {
                    "sensitive": false,
                    "type": "string",
                    "value": "subnet-064d2805fcb8e9514"
                },
                "aws_subnet_tfer--subnet-065679fd74300ff63_id": {
                    "sensitive": false,
                    "type": "string",
                    "value": "subnet-065679fd74300ff63"
                },
                "aws_subnet_tfer--subnet-070c17a7438d0faef_id": {
                    "sensitive": false,
                    "type": "string",
                    "value": "subnet-070c17a7438d0faef"
                },
                "aws_subnet_tfer--subnet-071e1b16b635f632a_id": {
                    "sensitive": false,
                    "type": "string",
                    "value": "subnet-071e1b16b635f632a"
                },
                "aws_subnet_tfer--subnet-0742f98b1dfbc5214_id": {
                    "sensitive": false,
                    "type": "string",
                    "value": "subnet-0742f98b1dfbc5214"
                },
                "aws_subnet_tfer--subnet-074bf17aae2dba706_id": {
                    "sensitive": false,
                    "type": "string",
                    "value": "subnet-074bf17aae2dba706"
                },
                "aws_subnet_tfer--subnet-076fcc0127fea803a_id": {
                    "sensitive": false,
                    "type": "string",
                    "value": "subnet-076fcc0127fea803a"
                },
                "aws_subnet_tfer--subnet-0772e8896544e4d83_id": {
                    "sensitive": false,
                    "type": "string",
                    "value": "subnet-0772e8896544e4d83"
                },
                "aws_subnet_tfer--subnet-07837dadc50a3213a_id": {
                    "sensitive": false,
                    "type": "string",
                    "value": "subnet-07837dadc50a3213a"
                },
                "aws_subnet_tfer--subnet-0794bcdafbe8da12b_id": {
                    "sensitive": false,
                    "type": "string",
                    "value": "subnet-0794bcdafbe8da12b"
                },
                "aws_subnet_tfer--subnet-07b3560784b6c8a4d_id": {
                    "sensitive": false,
                    "type": "string",
                    "value": "subnet-07b3560784b6c8a4d"
                },
                "aws_subnet_tfer--subnet-07cc6a65506c506ca_id": {
                    "sensitive": false,
                    "type": "string",
                    "value": "subnet-07cc6a65506c506ca"
                },
                "aws_subnet_tfer--subnet-07d8d9d07e030e0fa_id": {
                    "sensitive": false,
                    "type": "string",
                    "value": "subnet-07d8d9d07e030e0fa"
                },
                "aws_subnet_tfer--subnet-08795c4a15a5e15df_id": {
                    "sensitive": false,
                    "type": "string",
                    "value": "subnet-08795c4a15a5e15df"
                },
                "aws_subnet_tfer--subnet-0919001dae778877a_id": {
                    "sensitive": false,
                    "type": "string",
                    "value": "subnet-0919001dae778877a"
                },
                "aws_subnet_tfer--subnet-095c352445087dd76_id": {
                    "sensitive": false,
                    "type": "string",
                    "value": "subnet-095c352445087dd76"
                },
                "aws_subnet_tfer--subnet-09705217965c59e5a_id": {
                    "sensitive": false,
                    "type": "string",
                    "value": "subnet-09705217965c59e5a"
                },
                "aws_subnet_tfer--subnet-0972cc251792d5095_id": {
                    "sensitive": false,
                    "type": "string",
                    "value": "subnet-0972cc251792d5095"
                },
                "aws_subnet_tfer--subnet-097694c121c7b7bb7_id": {
                    "sensitive": false,
                    "type": "string",
                    "value": "subnet-097694c121c7b7bb7"
                },
                "aws_subnet_tfer--subnet-0a1bb7b133000a0d6_id": {
                    "sensitive": false,
                    "type": "string",
                    "value": "subnet-0a1bb7b133000a0d6"
                },
                "aws_subnet_tfer--subnet-0a8336384b6d3b85b_id": {
                    "sensitive": false,
                    "type": "string",
                    "value": "subnet-0a8336384b6d3b85b"
                },
                "aws_subnet_tfer--subnet-0a90d5c353da427c6_id": {
                    "sensitive": false,
                    "type": "string",
                    "value": "subnet-0a90d5c353da427c6"
                },
                "aws_subnet_tfer--subnet-0ade8070d5563cde3_id": {
                    "sensitive": false,
                    "type": "string",
                    "value": "subnet-0ade8070d5563cde3"
                },
                "aws_subnet_tfer--subnet-0c23ba0951f9296fa_id": {
                    "sensitive": false,
                    "type": "string",
                    "value": "subnet-0c23ba0951f9296fa"
                },
                "aws_subnet_tfer--subnet-0c4e66d37885ae4e7_id": {
                    "sensitive": false,
                    "type": "string",
                    "value": "subnet-0c4e66d37885ae4e7"
                },
                "aws_subnet_tfer--subnet-0cf84627daa4a19a5_id": {
                    "sensitive": false,
                    "type": "string",
                    "value": "subnet-0cf84627daa4a19a5"
                },
                "aws_subnet_tfer--subnet-0d9f83e21ccbacf25_id": {
                    "sensitive": false,
                    "type": "string",
                    "value": "subnet-0d9f83e21ccbacf25"
                },
                "aws_subnet_tfer--subnet-0de54fb295b7767a0_id": {
                    "sensitive": false,
                    "type": "string",
                    "value": "subnet-0de54fb295b7767a0"
                },
                "aws_subnet_tfer--subnet-0e320d61192515d93_id": {
                    "sensitive": false,
                    "type": "string",
                    "value": "subnet-0e320d61192515d93"
                },
                "aws_subnet_tfer--subnet-0e4dfbf05c6273091_id": {
                    "sensitive": false,
                    "type": "string",
                    "value": "subnet-0e4dfbf05c6273091"
                },
                "aws_subnet_tfer--subnet-0e7be37767717a051_id": {
                    "sensitive": false,
                    "type": "string",
                    "value": "subnet-0e7be37767717a051"
                },
                "aws_subnet_tfer--subnet-0edfab6c9b2870f9b_id": {
                    "sensitive": false,
                    "type": "string",
                    "value": "subnet-0edfab6c9b2870f9b"
                },
                "aws_subnet_tfer--subnet-0f5d4b510588d151a_id": {
                    "sensitive": false,
                    "type": "string",
                    "value": "subnet-0f5d4b510588d151a"
                },
                "aws_subnet_tfer--subnet-0fa0c760cde6d926f_id": {
                    "sensitive": false,
                    "type": "string",
                    "value": "subnet-0fa0c760cde6d926f"
                },
                "aws_subnet_tfer--subnet-0fa413b471b4a729a_id": {
                    "sensitive": false,
                    "type": "string",
                    "value": "subnet-0fa413b471b4a729a"
                }
            },
            "resources": {
                "aws_subnet.tfer--subnet-00e2dfe03f4bbdc21": {
                    "type": "aws_subnet",
                    "depends_on": [],
                    "primary": {
                        "id": "subnet-00e2dfe03f4bbdc21",
                        "attributes": {
                            "arn": "arn:aws:ec2:us-east-1:992382545251:subnet/subnet-00e2dfe03f4bbdc21",
                            "assign_ipv6_address_on_creation": "false",
                            "availability_zone": "us-east-1c",
                            "availability_zone_id": "use1-az4",
                            "cidr_block": "10.42.64.0/19",
                            "customer_owned_ipv4_pool": "",
                            "enable_dns64": "false",
                            "enable_resource_name_dns_a_record_on_launch": "false",
                            "enable_resource_name_dns_aaaa_record_on_launch": "false",
                            "id": "subnet-00e2dfe03f4bbdc21",
                            "ipv6_cidr_block": "",
                            "ipv6_cidr_block_association_id": "",
                            "ipv6_native": "false",
                            "map_customer_owned_ip_on_launch": "false",
                            "map_public_ip_on_launch": "true",
                            "outpost_arn": "",
                            "owner_id": "992382545251",
                            "private_dns_hostname_type_on_launch": "ip-name",
                            "tags.%": "9",
                            "tags.Name": "eksctl-eks-workshop-cluster/SubnetPublicUSEAST1C",
                            "tags.alpha.eksctl.io/cluster-name": "eks-workshop",
                            "tags.alpha.eksctl.io/cluster-oidc-enabled": "true",
                            "tags.alpha.eksctl.io/eksctl-version": "0.208.0",
                            "tags.created-by": "eks-workshop-v2",
                            "tags.eksctl.cluster.k8s.io/v1alpha1/cluster-name": "eks-workshop",
                            "tags.env": "eks-workshop",
                            "tags.karpenter.sh/discovery": "eks-workshop",
                            "tags.kubernetes.io/role/elb": "1",
                            "tags_all.%": "9",
                            "tags_all.Name": "eksctl-eks-workshop-cluster/SubnetPublicUSEAST1C",
                            "tags_all.alpha.eksctl.io/cluster-name": "eks-workshop",
                            "tags_all.alpha.eksctl.io/cluster-oidc-enabled": "true",
                            "tags_all.alpha.eksctl.io/eksctl-version": "0.208.0",
                            "tags_all.created-by": "eks-workshop-v2",
                            "tags_all.eksctl.cluster.k8s.io/v1alpha1/cluster-name": "eks-workshop",
                            "tags_all.env": "eks-workshop",
                            "tags_all.karpenter.sh/discovery": "eks-workshop",
                            "tags_all.kubernetes.io/role/elb": "1",
                            "vpc_id": "vpc-0718668e44e2cd265"
                        },
                        "meta": {
                            "schema_version": 1
                        },
                        "tainted": false
                    },
                    "deposed": [],
                    "provider": "provider.aws"
                },
                "aws_subnet.tfer--subnet-00e7a11252d53d099": {
                    "type": "aws_subnet",
                    "depends_on": [],
                    "primary": {
                        "id": "subnet-00e7a11252d53d099",
                        "attributes": {
                            "arn": "arn:aws:ec2:us-east-1:992382545251:subnet/subnet-00e7a11252d53d099",
                            "assign_ipv6_address_on_creation": "false",
                            "availability_zone": "us-east-1a",
                            "availability_zone_id": "use1-az1",
                            "cidr_block": "10.0.3.0/24",
                            "customer_owned_ipv4_pool": "",
                            "enable_dns64": "false",
                            "enable_resource_name_dns_a_record_on_launch": "false",
                            "enable_resource_name_dns_aaaa_record_on_launch": "false",
                            "id": "subnet-00e7a11252d53d099",
                            "ipv6_cidr_block": "",
                            "ipv6_cidr_block_association_id": "",
                            "ipv6_native": "false",
                            "map_customer_owned_ip_on_launch": "false",
                            "map_public_ip_on_launch": "false",
                            "outpost_arn": "",
                            "owner_id": "992382545251",
                            "private_dns_hostname_type_on_launch": "ip-name",
                            "tags.%": "6",
                            "tags.Environment": "prod",
                            "tags.ManagedBy": "terraform",
                            "tags.Name": "ly-statuspage-private-subnet-1",
                            "tags.Prefix": "ly-",
                            "tags.Project": "statuspage",
                            "tags.kubernetes.io/role/internal-elb": "1",
                            "tags_all.%": "6",
                            "tags_all.Environment": "prod",
                            "tags_all.ManagedBy": "terraform",
                            "tags_all.Name": "ly-statuspage-private-subnet-1",
                            "tags_all.Prefix": "ly-",
                            "tags_all.Project": "statuspage",
                            "tags_all.kubernetes.io/role/internal-elb": "1",
                            "vpc_id": "vpc-0f8f11cc1ab8691b3"
                        },
                        "meta": {
                            "schema_version": 1
                        },
                        "tainted": false
                    },
                    "deposed": [],
                    "provider": "provider.aws"
                },
                "aws_subnet.tfer--subnet-00fe585624fad502c": {
                    "type": "aws_subnet",
                    "depends_on": [],
                    "primary": {
                        "id": "subnet-00fe585624fad502c",
                        "attributes": {
                            "arn": "arn:aws:ec2:us-east-1:992382545251:subnet/subnet-00fe585624fad502c",
                            "assign_ipv6_address_on_creation": "false",
                            "availability_zone": "us-east-1a",
                            "availability_zone_id": "use1-az1",
                            "cidr_block": "10.0.20.0/24",
                            "customer_owned_ipv4_pool": "",
                            "enable_dns64": "false",
                            "enable_resource_name_dns_a_record_on_launch": "false",
                            "enable_resource_name_dns_aaaa_record_on_launch": "false",
                            "id": "subnet-00fe585624fad502c",
                            "ipv6_cidr_block": "",
                            "ipv6_cidr_block_association_id": "",
                            "ipv6_native": "false",
                            "map_customer_owned_ip_on_launch": "false",
                            "map_public_ip_on_launch": "false",
                            "outpost_arn": "",
                            "owner_id": "992382545251",
                            "private_dns_hostname_type_on_launch": "ip-name",
                            "tags.%": "2",
                            "tags.Name": "private-db1",
                            "tags.owner": "RAK",
                            "tags_all.%": "2",
                            "tags_all.Name": "private-db1",
                            "tags_all.owner": "RAK",
                            "vpc_id": "vpc-083b4e205160a3e08"
                        },
                        "meta": {
                            "schema_version": 1
                        },
                        "tainted": false
                    },
                    "deposed": [],
                    "provider": "provider.aws"
                },
                "aws_subnet.tfer--subnet-010d938cd143cfa5b": {
                    "type": "aws_subnet",
                    "depends_on": [],
                    "primary": {
                        "id": "subnet-010d938cd143cfa5b",
                        "attributes": {
                            "arn": "arn:aws:ec2:us-east-1:992382545251:subnet/subnet-010d938cd143cfa5b",
                            "assign_ipv6_address_on_creation": "false",
                            "availability_zone": "us-east-1a",
                            "availability_zone_id": "use1-az1",
                            "cidr_block": "10.0.1.0/24",
                            "customer_owned_ipv4_pool": "",
                            "enable_dns64": "false",
                            "enable_resource_name_dns_a_record_on_launch": "false",
                            "enable_resource_name_dns_aaaa_record_on_launch": "false",
                            "id": "subnet-010d938cd143cfa5b",
                            "ipv6_cidr_block": "",
                            "ipv6_cidr_block_association_id": "",
                            "ipv6_native": "false",
                            "map_customer_owned_ip_on_launch": "false",
                            "map_public_ip_on_launch": "true",
                            "outpost_arn": "",
                            "owner_id": "992382545251",
                            "private_dns_hostname_type_on_launch": "ip-name",
                            "tags.%": "1",
                            "tags.Name": "finalproj-public-a",
                            "tags_all.%": "1",
                            "tags_all.Name": "finalproj-public-a",
                            "vpc_id": "vpc-02fd0b20687bd658c"
                        },
                        "meta": {
                            "schema_version": 1
                        },
                        "tainted": false
                    },
                    "deposed": [],
                    "provider": "provider.aws"
                },
                "aws_subnet.tfer--subnet-012e3de3f15043afe": {
                    "type": "aws_subnet",
                    "depends_on": [],
                    "primary": {
                        "id": "subnet-012e3de3f15043afe",
                        "attributes": {
                            "arn": "arn:aws:ec2:us-east-1:992382545251:subnet/subnet-012e3de3f15043afe",
                            "assign_ipv6_address_on_creation": "false",
                            "availability_zone": "us-east-1b",
                            "availability_zone_id": "use1-az2",
                            "cidr_block": "10.0.1.0/24",
                            "customer_owned_ipv4_pool": "",
                            "enable_dns64": "false",
                            "enable_resource_name_dns_a_record_on_launch": "false",
                            "enable_resource_name_dns_aaaa_record_on_launch": "false",
                            "id": "subnet-012e3de3f15043afe",
                            "ipv6_cidr_block": "",
                            "ipv6_cidr_block_association_id": "",
                            "ipv6_native": "false",
                            "map_customer_owned_ip_on_launch": "false",
                            "map_public_ip_on_launch": "false",
                            "outpost_arn": "",
                            "owner_id": "992382545251",
                            "private_dns_hostname_type_on_launch": "ip-name",
                            "tags.%": "3",
                            "tags.Name": "public-app2",
                            "tags.kubernetes.io/role/elb": "1",
                            "tags.owner": "RAK",
                            "tags_all.%": "3",
                            "tags_all.Name": "public-app2",
                            "tags_all.kubernetes.io/role/elb": "1",
                            "tags_all.owner": "RAK",
                            "vpc_id": "vpc-083b4e205160a3e08"
                        },
                        "meta": {
                            "schema_version": 1
                        },
                        "tainted": false
                    },
                    "deposed": [],
                    "provider": "provider.aws"
                },
                "aws_subnet.tfer--subnet-01414037a5eafa2bd": {
                    "type": "aws_subnet",
                    "depends_on": [],
                    "primary": {
                        "id": "subnet-01414037a5eafa2bd",
                        "attributes": {
                            "arn": "arn:aws:ec2:us-east-1:992382545251:subnet/subnet-01414037a5eafa2bd",
                            "assign_ipv6_address_on_creation": "false",
                            "availability_zone": "us-east-1b",
                            "availability_zone_id": "use1-az2",
                            "cidr_block": "10.1.12.0/24",
                            "customer_owned_ipv4_pool": "",
                            "enable_dns64": "false",
                            "enable_resource_name_dns_a_record_on_launch": "false",
                            "enable_resource_name_dns_aaaa_record_on_launch": "false",
                            "id": "subnet-01414037a5eafa2bd",
                            "ipv6_cidr_block": "",
                            "ipv6_cidr_block_association_id": "",
                            "ipv6_native": "false",
                            "map_customer_owned_ip_on_launch": "false",
                            "map_public_ip_on_launch": "false",
                            "outpost_arn": "",
                            "owner_id": "992382545251",
                            "private_dns_hostname_type_on_launch": "ip-name",
                            "tags.%": "5",
                            "tags.Name": "status-page-ay-vpc-private-us-east-1b",
                            "tags.Owner": "arn:aws:iam::992382545251:user/annaperetiatka",
                            "tags.Project": "status-page-ay",
                            "tags.kubernetes.io/cluster/status-page-ay-eks": "shared",
                            "tags.kubernetes.io/role/internal-elb": "1",
                            "tags_all.%": "5",
                            "tags_all.Name": "status-page-ay-vpc-private-us-east-1b",
                            "tags_all.Owner": "arn:aws:iam::992382545251:user/annaperetiatka",
                            "tags_all.Project": "status-page-ay",
                            "tags_all.kubernetes.io/cluster/status-page-ay-eks": "shared",
                            "tags_all.kubernetes.io/role/internal-elb": "1",
                            "vpc_id": "vpc-04f0854157d7cfe9d"
                        },
                        "meta": {
                            "schema_version": 1
                        },
                        "tainted": false
                    },
                    "deposed": [],
                    "provider": "provider.aws"
                },
                "aws_subnet.tfer--subnet-0184c0dfec8ba4691": {
                    "type": "aws_subnet",
                    "depends_on": [],
                    "primary": {
                        "id": "subnet-0184c0dfec8ba4691",
                        "attributes": {
                            "arn": "arn:aws:ec2:us-east-1:992382545251:subnet/subnet-0184c0dfec8ba4691",
                            "assign_ipv6_address_on_creation": "false",
                            "availability_zone": "us-east-1f",
                            "availability_zone_id": "use1-az5",
                            "cidr_block": "10.0.6.0/25",
                            "customer_owned_ipv4_pool": "",
                            "enable_dns64": "false",
                            "enable_resource_name_dns_a_record_on_launch": "false",
                            "enable_resource_name_dns_aaaa_record_on_launch": "false",
                            "id": "subnet-0184c0dfec8ba4691",
                            "ipv6_cidr_block": "",
                            "ipv6_cidr_block_association_id": "",
                            "ipv6_native": "false",
                            "map_customer_owned_ip_on_launch": "false",
                            "map_public_ip_on_launch": "false",
                            "outpost_arn": "",
                            "owner_id": "992382545251",
                            "private_dns_hostname_type_on_launch": "ip-name",
                            "tags.%": "1",
                            "tags.Name": "RDS-Pvt-subnet-6",
                            "tags_all.%": "1",
                            "tags_all.Name": "RDS-Pvt-subnet-6",
                            "vpc_id": "vpc-05378dbf126e3680e"
                        },
                        "meta": {
                            "schema_version": 1
                        },
                        "tainted": false
                    },
                    "deposed": [],
                    "provider": "provider.aws"
                },
                "aws_subnet.tfer--subnet-019bafbeb30016c19": {
                    "type": "aws_subnet",
                    "depends_on": [],
                    "primary": {
                        "id": "subnet-019bafbeb30016c19",
                        "attributes": {
                            "arn": "arn:aws:ec2:us-east-1:992382545251:subnet/subnet-019bafbeb30016c19",
                            "assign_ipv6_address_on_creation": "false",
                            "availability_zone": "us-east-1a",
                            "availability_zone_id": "use1-az1",
                            "cidr_block": "10.0.0.0/24",
                            "customer_owned_ipv4_pool": "",
                            "enable_dns64": "false",
                            "enable_resource_name_dns_a_record_on_launch": "false",
                            "enable_resource_name_dns_aaaa_record_on_launch": "false",
                            "id": "subnet-019bafbeb30016c19",
                            "ipv6_cidr_block": "",
                            "ipv6_cidr_block_association_id": "",
                            "ipv6_native": "false",
                            "map_customer_owned_ip_on_launch": "false",
                            "map_public_ip_on_launch": "false",
                            "outpost_arn": "",
                            "owner_id": "992382545251",
                            "private_dns_hostname_type_on_launch": "ip-name",
                            "tags.%": "1",
                            "tags.Name": "Public subnet 01 ",
                            "tags_all.%": "1",
                            "tags_all.Name": "Public subnet 01 ",
                            "vpc_id": "vpc-05378dbf126e3680e"
                        },
                        "meta": {
                            "schema_version": 1
                        },
                        "tainted": false
                    },
                    "deposed": [],
                    "provider": "provider.aws"
                },
                "aws_subnet.tfer--subnet-01b93d497079c771e": {
                    "type": "aws_subnet",
                    "depends_on": [],
                    "primary": {
                        "id": "subnet-01b93d497079c771e",
                        "attributes": {
                            "arn": "arn:aws:ec2:us-east-1:992382545251:subnet/subnet-01b93d497079c771e",
                            "assign_ipv6_address_on_creation": "false",
                            "availability_zone": "us-east-1c",
                            "availability_zone_id": "use1-az4",
                            "cidr_block": "10.0.0.0/24",
                            "customer_owned_ipv4_pool": "",
                            "enable_dns64": "false",
                            "enable_resource_name_dns_a_record_on_launch": "false",
                            "enable_resource_name_dns_aaaa_record_on_launch": "false",
                            "id": "subnet-01b93d497079c771e",
                            "ipv6_cidr_block": "",
                            "ipv6_cidr_block_association_id": "",
                            "ipv6_native": "false",
                            "map_customer_owned_ip_on_launch": "false",
                            "map_public_ip_on_launch": "true",
                            "outpost_arn": "",
                            "owner_id": "992382545251",
                            "private_dns_hostname_type_on_launch": "ip-name",
                            "tags.%": "0",
                            "tags_all.%": "0",
                            "vpc_id": "vpc-020f515a434d1528c"
                        },
                        "meta": {
                            "schema_version": 1
                        },
                        "tainted": false
                    },
                    "deposed": [],
                    "provider": "provider.aws"
                },
                "aws_subnet.tfer--subnet-01ba73bfb67ff85be": {
                    "type": "aws_subnet",
                    "depends_on": [],
                    "primary": {
                        "id": "subnet-01ba73bfb67ff85be",
                        "attributes": {
                            "arn": "arn:aws:ec2:us-east-1:992382545251:subnet/subnet-01ba73bfb67ff85be",
                            "assign_ipv6_address_on_creation": "false",
                            "availability_zone": "us-east-1b",
                            "availability_zone_id": "use1-az2",
                            "cidr_block": "172.31.32.0/19",
                            "customer_owned_ipv4_pool": "",
                            "enable_dns64": "false",
                            "enable_resource_name_dns_a_record_on_launch": "false",
                            "enable_resource_name_dns_aaaa_record_on_launch": "false",
                            "id": "subnet-01ba73bfb67ff85be",
                            "ipv6_cidr_block": "",
                            "ipv6_cidr_block_association_id": "",
                            "ipv6_native": "false",
                            "map_customer_owned_ip_on_launch": "false",
                            "map_public_ip_on_launch": "false",
                            "outpost_arn": "",
                            "owner_id": "992382545251",
                            "private_dns_hostname_type_on_launch": "ip-name",
                            "tags.%": "1",
                            "tags.Name": "private subnet",
                            "tags_all.%": "1",
                            "tags_all.Name": "private subnet",
                            "vpc_id": "vpc-09549181f6d60927a"
                        },
                        "meta": {
                            "schema_version": 1
                        },
                        "tainted": false
                    },
                    "deposed": [],
                    "provider": "provider.aws"
                },
                "aws_subnet.tfer--subnet-0207a7dad023f1e66": {
                    "type": "aws_subnet",
                    "depends_on": [],
                    "primary": {
                        "id": "subnet-0207a7dad023f1e66",
                        "attributes": {
                            "arn": "arn:aws:ec2:us-east-1:992382545251:subnet/subnet-0207a7dad023f1e66",
                            "assign_ipv6_address_on_creation": "false",
                            "availability_zone": "us-east-1a",
                            "availability_zone_id": "use1-az1",
                            "cidr_block": "10.42.0.0/19",
                            "customer_owned_ipv4_pool": "",
                            "enable_dns64": "false",
                            "enable_resource_name_dns_a_record_on_launch": "false",
                            "enable_resource_name_dns_aaaa_record_on_launch": "false",
                            "id": "subnet-0207a7dad023f1e66",
                            "ipv6_cidr_block": "",
                            "ipv6_cidr_block_association_id": "",
                            "ipv6_native": "false",
                            "map_customer_owned_ip_on_launch": "false",
                            "map_public_ip_on_launch": "true",
                            "outpost_arn": "",
                            "owner_id": "992382545251",
                            "private_dns_hostname_type_on_launch": "ip-name",
                            "tags.%": "9",
                            "tags.Name": "eksctl-eks-workshop-cluster/SubnetPublicUSEAST1A",
                            "tags.alpha.eksctl.io/cluster-name": "eks-workshop",
                            "tags.alpha.eksctl.io/cluster-oidc-enabled": "true",
                            "tags.alpha.eksctl.io/eksctl-version": "0.208.0",
                            "tags.created-by": "eks-workshop-v2",
                            "tags.eksctl.cluster.k8s.io/v1alpha1/cluster-name": "eks-workshop",
                            "tags.env": "eks-workshop",
                            "tags.karpenter.sh/discovery": "eks-workshop",
                            "tags.kubernetes.io/role/elb": "1",
                            "tags_all.%": "9",
                            "tags_all.Name": "eksctl-eks-workshop-cluster/SubnetPublicUSEAST1A",
                            "tags_all.alpha.eksctl.io/cluster-name": "eks-workshop",
                            "tags_all.alpha.eksctl.io/cluster-oidc-enabled": "true",
                            "tags_all.alpha.eksctl.io/eksctl-version": "0.208.0",
                            "tags_all.created-by": "eks-workshop-v2",
                            "tags_all.eksctl.cluster.k8s.io/v1alpha1/cluster-name": "eks-workshop",
                            "tags_all.env": "eks-workshop",
                            "tags_all.karpenter.sh/discovery": "eks-workshop",
                            "tags_all.kubernetes.io/role/elb": "1",
                            "vpc_id": "vpc-0718668e44e2cd265"
                        },
                        "meta": {
                            "schema_version": 1
                        },
                        "tainted": false
                    },
                    "deposed": [],
                    "provider": "provider.aws"
                },
                "aws_subnet.tfer--subnet-023e5d283d3c95c37": {
                    "type": "aws_subnet",
                    "depends_on": [],
                    "primary": {
                        "id": "subnet-023e5d283d3c95c37",
                        "attributes": {
                            "arn": "arn:aws:ec2:us-east-1:992382545251:subnet/subnet-023e5d283d3c95c37",
                            "assign_ipv6_address_on_creation": "false",
                            "availability_zone": "us-east-1b",
                            "availability_zone_id": "use1-az2",
                            "cidr_block": "10.0.3.0/24",
                            "customer_owned_ipv4_pool": "",
                            "enable_dns64": "false",
                            "enable_resource_name_dns_a_record_on_launch": "false",
                            "enable_resource_name_dns_aaaa_record_on_launch": "false",
                            "id": "subnet-023e5d283d3c95c37",
                            "ipv6_cidr_block": "",
                            "ipv6_cidr_block_association_id": "",
                            "ipv6_native": "false",
                            "map_customer_owned_ip_on_launch": "false",
                            "map_public_ip_on_launch": "false",
                            "outpost_arn": "",
                            "owner_id": "992382545251",
                            "private_dns_hostname_type_on_launch": "ip-name",
                            "tags.%": "1",
                            "tags.Name": "private subnet 2 lab pro",
                            "tags_all.%": "1",
                            "tags_all.Name": "private subnet 2 lab pro",
                            "vpc_id": "vpc-03551bf73ceb4d7df"
                        },
                        "meta": {
                            "schema_version": 1
                        },
                        "tainted": false
                    },
                    "deposed": [],
                    "provider": "provider.aws"
                },
                "aws_subnet.tfer--subnet-02b499a6d981becd9": {
                    "type": "aws_subnet",
                    "depends_on": [],
                    "primary": {
                        "id": "subnet-02b499a6d981becd9",
                        "attributes": {
                            "arn": "arn:aws:ec2:us-east-1:992382545251:subnet/subnet-02b499a6d981becd9",
                            "assign_ipv6_address_on_creation": "false",
                            "availability_zone": "us-east-1b",
                            "availability_zone_id": "use1-az2",
                            "cidr_block": "10.0.176.0/20",
                            "customer_owned_ipv4_pool": "",
                            "enable_dns64": "false",
                            "enable_resource_name_dns_a_record_on_launch": "false",
                            "enable_resource_name_dns_aaaa_record_on_launch": "false",
                            "id": "subnet-02b499a6d981becd9",
                            "ipv6_cidr_block": "",
                            "ipv6_cidr_block_association_id": "",
                            "ipv6_native": "false",
                            "map_customer_owned_ip_on_launch": "false",
                            "map_public_ip_on_launch": "false",
                            "outpost_arn": "",
                            "owner_id": "992382545251",
                            "private_dns_hostname_type_on_launch": "ip-name",
                            "tags.%": "2",
                            "tags.Name": "msdw-private-1b",
                            "tags.owner": "msdw",
                            "tags_all.%": "2",
                            "tags_all.Name": "msdw-private-1b",
                            "tags_all.owner": "msdw",
                            "vpc_id": "vpc-0d95db6427d3a4fcb"
                        },
                        "meta": {
                            "schema_version": 1
                        },
                        "tainted": false
                    },
                    "deposed": [],
                    "provider": "provider.aws"
                },
                "aws_subnet.tfer--subnet-02bd2edb4de1d31f0": {
                    "type": "aws_subnet",
                    "depends_on": [],
                    "primary": {
                        "id": "subnet-02bd2edb4de1d31f0",
                        "attributes": {
                            "arn": "arn:aws:ec2:us-east-1:992382545251:subnet/subnet-02bd2edb4de1d31f0",
                            "assign_ipv6_address_on_creation": "false",
                            "availability_zone": "us-east-1a",
                            "availability_zone_id": "use1-az1",
                            "cidr_block": "10.0.11.0/24",
                            "customer_owned_ipv4_pool": "",
                            "enable_dns64": "false",
                            "enable_resource_name_dns_a_record_on_launch": "false",
                            "enable_resource_name_dns_aaaa_record_on_launch": "false",
                            "id": "subnet-02bd2edb4de1d31f0",
                            "ipv6_cidr_block": "",
                            "ipv6_cidr_block_association_id": "",
                            "ipv6_native": "false",
                            "map_customer_owned_ip_on_launch": "false",
                            "map_public_ip_on_launch": "false",
                            "outpost_arn": "",
                            "owner_id": "992382545251",
                            "private_dns_hostname_type_on_launch": "ip-name",
                            "tags.%": "3",
                            "tags.Name": "dr_statuspage_cluster-vpc-private-us-east-1a",
                            "tags.OWNER": "dr_admin",
                            "tags.Project": "dr_statuspage",
                            "tags_all.%": "3",
                            "tags_all.Name": "dr_statuspage_cluster-vpc-private-us-east-1a",
                            "tags_all.OWNER": "dr_admin",
                            "tags_all.Project": "dr_statuspage",
                            "vpc_id": "vpc-0e6130bd6e1263adc"
                        },
                        "meta": {
                            "schema_version": 1
                        },
                        "tainted": false
                    },
                    "deposed": [],
                    "provider": "provider.aws"
                },
                "aws_subnet.tfer--subnet-02bfa1ec9485ccbd6": {
                    "type": "aws_subnet",
                    "depends_on": [],
                    "primary": {
                        "id": "subnet-02bfa1ec9485ccbd6",
                        "attributes": {
                            "arn": "arn:aws:ec2:us-east-1:992382545251:subnet/subnet-02bfa1ec9485ccbd6",
                            "assign_ipv6_address_on_creation": "false",
                            "availability_zone": "us-east-1b",
                            "availability_zone_id": "use1-az2",
                            "cidr_block": "10.0.1.0/24",
                            "customer_owned_ipv4_pool": "",
                            "enable_dns64": "false",
                            "enable_resource_name_dns_a_record_on_launch": "false",
                            "enable_resource_name_dns_aaaa_record_on_launch": "false",
                            "id": "subnet-02bfa1ec9485ccbd6",
                            "ipv6_cidr_block": "",
                            "ipv6_cidr_block_association_id": "",
                            "ipv6_native": "false",
                            "map_customer_owned_ip_on_launch": "false",
                            "map_public_ip_on_launch": "false",
                            "outpost_arn": "",
                            "owner_id": "992382545251",
                            "private_dns_hostname_type_on_launch": "ip-name",
                            "tags.%": "1",
                            "tags.Name": "Public subnet 02",
                            "tags_all.%": "1",
                            "tags_all.Name": "Public subnet 02",
                            "vpc_id": "vpc-05378dbf126e3680e"
                        },
                        "meta": {
                            "schema_version": 1
                        },
                        "tainted": false
                    },
                    "deposed": [],
                    "provider": "provider.aws"
                },
                "aws_subnet.tfer--subnet-02f28a9723c0a6880": {
                    "type": "aws_subnet",
                    "depends_on": [],
                    "primary": {
                        "id": "subnet-02f28a9723c0a6880",
                        "attributes": {
                            "arn": "arn:aws:ec2:us-east-1:992382545251:subnet/subnet-02f28a9723c0a6880",
                            "assign_ipv6_address_on_creation": "false",
                            "availability_zone": "us-east-1d",
                            "availability_zone_id": "use1-az6",
                            "cidr_block": "10.0.12.0/24",
                            "customer_owned_ipv4_pool": "",
                            "enable_dns64": "false",
                            "enable_resource_name_dns_a_record_on_launch": "false",
                            "enable_resource_name_dns_aaaa_record_on_launch": "false",
                            "id": "subnet-02f28a9723c0a6880",
                            "ipv6_cidr_block": "",
                            "ipv6_cidr_block_association_id": "",
                            "ipv6_native": "false",
                            "map_customer_owned_ip_on_launch": "false",
                            "map_public_ip_on_launch": "false",
                            "outpost_arn": "",
                            "owner_id": "992382545251",
                            "private_dns_hostname_type_on_launch": "ip-name",
                            "tags.%": "1",
                            "tags.Name": "finalproj-private-b",
                            "tags_all.%": "1",
                            "tags_all.Name": "finalproj-private-b",
                            "vpc_id": "vpc-02fd0b20687bd658c"
                        },
                        "meta": {
                            "schema_version": 1
                        },
                        "tainted": false
                    },
                    "deposed": [],
                    "provider": "provider.aws"
                },
                "aws_subnet.tfer--subnet-03208633fc0003ed2": {
                    "type": "aws_subnet",
                    "depends_on": [],
                    "primary": {
                        "id": "subnet-03208633fc0003ed2",
                        "attributes": {
                            "arn": "arn:aws:ec2:us-east-1:992382545251:subnet/subnet-03208633fc0003ed2",
                            "assign_ipv6_address_on_creation": "false",
                            "availability_zone": "us-east-1c",
                            "availability_zone_id": "use1-az4",
                            "cidr_block": "192.168.64.0/19",
                            "customer_owned_ipv4_pool": "",
                            "enable_dns64": "false",
                            "enable_resource_name_dns_a_record_on_launch": "false",
                            "enable_resource_name_dns_aaaa_record_on_launch": "false",
                            "id": "subnet-03208633fc0003ed2",
                            "ipv6_cidr_block": "",
                            "ipv6_cidr_block_association_id": "",
                            "ipv6_native": "false",
                            "map_customer_owned_ip_on_launch": "false",
                            "map_public_ip_on_launch": "false",
                            "outpost_arn": "",
                            "owner_id": "992382545251",
                            "private_dns_hostname_type_on_launch": "ip-name",
                            "tags.%": "7",
                            "tags.Name": "eksctl-my-amazing-cluster-cluster/SubnetPrivateUSEAST1C",
                            "tags.Project": "DevOpsWorkshop",
                            "tags.alpha.eksctl.io/cluster-name": "my-amazing-cluster",
                            "tags.alpha.eksctl.io/cluster-oidc-enabled": "false",
                            "tags.alpha.eksctl.io/eksctl-version": "0.214.0",
                            "tags.eksctl.cluster.k8s.io/v1alpha1/cluster-name": "my-amazing-cluster",
                            "tags.kubernetes.io/role/internal-elb": "1",
                            "tags_all.%": "7",
                            "tags_all.Name": "eksctl-my-amazing-cluster-cluster/SubnetPrivateUSEAST1C",
                            "tags_all.Project": "DevOpsWorkshop",
                            "tags_all.alpha.eksctl.io/cluster-name": "my-amazing-cluster",
                            "tags_all.alpha.eksctl.io/cluster-oidc-enabled": "false",
                            "tags_all.alpha.eksctl.io/eksctl-version": "0.214.0",
                            "tags_all.eksctl.cluster.k8s.io/v1alpha1/cluster-name": "my-amazing-cluster",
                            "tags_all.kubernetes.io/role/internal-elb": "1",
                            "vpc_id": "vpc-037bbd648cabe0375"
                        },
                        "meta": {
                            "schema_version": 1
                        },
                        "tainted": false
                    },
                    "deposed": [],
                    "provider": "provider.aws"
                },
                "aws_subnet.tfer--subnet-03d77889a7d7cec26": {
                    "type": "aws_subnet",
                    "depends_on": [],
                    "primary": {
                        "id": "subnet-03d77889a7d7cec26",
                        "attributes": {
                            "arn": "arn:aws:ec2:us-east-1:992382545251:subnet/subnet-03d77889a7d7cec26",
                            "assign_ipv6_address_on_creation": "false",
                            "availability_zone": "us-east-1a",
                            "availability_zone_id": "use1-az1",
                            "cidr_block": "10.0.2.0/24",
                            "customer_owned_ipv4_pool": "",
                            "enable_dns64": "false",
                            "enable_resource_name_dns_a_record_on_launch": "false",
                            "enable_resource_name_dns_aaaa_record_on_launch": "false",
                            "id": "subnet-03d77889a7d7cec26",
                            "ipv6_cidr_block": "",
                            "ipv6_cidr_block_association_id": "",
                            "ipv6_native": "false",
                            "map_customer_owned_ip_on_launch": "false",
                            "map_public_ip_on_launch": "false",
                            "outpost_arn": "",
                            "owner_id": "992382545251",
                            "private_dns_hostname_type_on_launch": "ip-name",
                            "tags.%": "1",
                            "tags.Name": "Private subnet 01",
                            "tags_all.%": "1",
                            "tags_all.Name": "Private subnet 01",
                            "vpc_id": "vpc-05378dbf126e3680e"
                        },
                        "meta": {
                            "schema_version": 1
                        },
                        "tainted": false
                    },
                    "deposed": [],
                    "provider": "provider.aws"
                },
                "aws_subnet.tfer--subnet-03d88fd39e0303f7d": {
                    "type": "aws_subnet",
                    "depends_on": [],
                    "primary": {
                        "id": "subnet-03d88fd39e0303f7d",
                        "attributes": {
                            "arn": "arn:aws:ec2:us-east-1:992382545251:subnet/subnet-03d88fd39e0303f7d",
                            "assign_ipv6_address_on_creation": "false",
                            "availability_zone": "us-east-1a",
                            "availability_zone_id": "use1-az1",
                            "cidr_block": "10.0.4.0/25",
                            "customer_owned_ipv4_pool": "",
                            "enable_dns64": "false",
                            "enable_resource_name_dns_a_record_on_launch": "false",
                            "enable_resource_name_dns_aaaa_record_on_launch": "false",
                            "id": "subnet-03d88fd39e0303f7d",
                            "ipv6_cidr_block": "",
                            "ipv6_cidr_block_association_id": "",
                            "ipv6_native": "false",
                            "map_customer_owned_ip_on_launch": "false",
                            "map_public_ip_on_launch": "false",
                            "outpost_arn": "",
                            "owner_id": "992382545251",
                            "private_dns_hostname_type_on_launch": "ip-name",
                            "tags.%": "1",
                            "tags.Name": "RDS-Pvt-subnet-2",
                            "tags_all.%": "1",
                            "tags_all.Name": "RDS-Pvt-subnet-2",
                            "vpc_id": "vpc-05378dbf126e3680e"
                        },
                        "meta": {
                            "schema_version": 1
                        },
                        "tainted": false
                    },
                    "deposed": [],
                    "provider": "provider.aws"
                },
                "aws_subnet.tfer--subnet-03df233962b5b9895": {
                    "type": "aws_subnet",
                    "depends_on": [],
                    "primary": {
                        "id": "subnet-03df233962b5b9895",
                        "attributes": {
                            "arn": "arn:aws:ec2:us-east-1:992382545251:subnet/subnet-03df233962b5b9895",
                            "assign_ipv6_address_on_creation": "false",
                            "availability_zone": "us-east-1a",
                            "availability_zone_id": "use1-az1",
                            "cidr_block": "10.0.0.0/20",
                            "customer_owned_ipv4_pool": "",
                            "enable_dns64": "false",
                            "enable_resource_name_dns_a_record_on_launch": "false",
                            "enable_resource_name_dns_aaaa_record_on_launch": "false",
                            "id": "subnet-03df233962b5b9895",
                            "ipv6_cidr_block": "",
                            "ipv6_cidr_block_association_id": "",
                            "ipv6_native": "false",
                            "map_customer_owned_ip_on_launch": "false",
                            "map_public_ip_on_launch": "false",
                            "outpost_arn": "",
                            "owner_id": "992382545251",
                            "private_dns_hostname_type_on_launch": "ip-name",
                            "tags.%": "2",
                            "tags.Name": "msdw-public-1a",
                            "tags.owner": "msdw",
                            "tags_all.%": "2",
                            "tags_all.Name": "msdw-public-1a",
                            "tags_all.owner": "msdw",
                            "vpc_id": "vpc-0d95db6427d3a4fcb"
                        },
                        "meta": {
                            "schema_version": 1
                        },
                        "tainted": false
                    },
                    "deposed": [],
                    "provider": "provider.aws"
                },
                "aws_subnet.tfer--subnet-0406d282f511c33ca": {
                    "type": "aws_subnet",
                    "depends_on": [],
                    "primary": {
                        "id": "subnet-0406d282f511c33ca",
                        "attributes": {
                            "arn": "arn:aws:ec2:us-east-1:992382545251:subnet/subnet-0406d282f511c33ca",
                            "assign_ipv6_address_on_creation": "false",
                            "availability_zone": "us-east-1a",
                            "availability_zone_id": "use1-az1",
                            "cidr_block": "192.168.96.0/19",
                            "customer_owned_ipv4_pool": "",
                            "enable_dns64": "false",
                            "enable_resource_name_dns_a_record_on_launch": "false",
                            "enable_resource_name_dns_aaaa_record_on_launch": "false",
                            "id": "subnet-0406d282f511c33ca",
                            "ipv6_cidr_block": "",
                            "ipv6_cidr_block_association_id": "",
                            "ipv6_native": "false",
                            "map_customer_owned_ip_on_launch": "false",
                            "map_public_ip_on_launch": "false",
                            "outpost_arn": "",
                            "owner_id": "992382545251",
                            "private_dns_hostname_type_on_launch": "ip-name",
                            "tags.%": "7",
                            "tags.Name": "eksctl-my-amazing-cluster-cluster/SubnetPrivateUSEAST1A",
                            "tags.Project": "DevOpsWorkshop",
                            "tags.alpha.eksctl.io/cluster-name": "my-amazing-cluster",
                            "tags.alpha.eksctl.io/cluster-oidc-enabled": "false",
                            "tags.alpha.eksctl.io/eksctl-version": "0.214.0",
                            "tags.eksctl.cluster.k8s.io/v1alpha1/cluster-name": "my-amazing-cluster",
                            "tags.kubernetes.io/role/internal-elb": "1",
                            "tags_all.%": "7",
                            "tags_all.Name": "eksctl-my-amazing-cluster-cluster/SubnetPrivateUSEAST1A",
                            "tags_all.Project": "DevOpsWorkshop",
                            "tags_all.alpha.eksctl.io/cluster-name": "my-amazing-cluster",
                            "tags_all.alpha.eksctl.io/cluster-oidc-enabled": "false",
                            "tags_all.alpha.eksctl.io/eksctl-version": "0.214.0",
                            "tags_all.eksctl.cluster.k8s.io/v1alpha1/cluster-name": "my-amazing-cluster",
                            "tags_all.kubernetes.io/role/internal-elb": "1",
                            "vpc_id": "vpc-037bbd648cabe0375"
                        },
                        "meta": {
                            "schema_version": 1
                        },
                        "tainted": false
                    },
                    "deposed": [],
                    "provider": "provider.aws"
                },
                "aws_subnet.tfer--subnet-0468e933b4fdab115": {
                    "type": "aws_subnet",
                    "depends_on": [],
                    "primary": {
                        "id": "subnet-0468e933b4fdab115",
                        "attributes": {
                            "arn": "arn:aws:ec2:us-east-1:992382545251:subnet/subnet-0468e933b4fdab115",
                            "assign_ipv6_address_on_creation": "false",
                            "availability_zone": "us-east-1a",
                            "availability_zone_id": "use1-az1",
                            "cidr_block": "10.0.0.0/24",
                            "customer_owned_ipv4_pool": "",
                            "enable_dns64": "false",
                            "enable_resource_name_dns_a_record_on_launch": "false",
                            "enable_resource_name_dns_aaaa_record_on_launch": "false",
                            "id": "subnet-0468e933b4fdab115",
                            "ipv6_cidr_block": "",
                            "ipv6_cidr_block_association_id": "",
                            "ipv6_native": "false",
                            "map_customer_owned_ip_on_launch": "false",
                            "map_public_ip_on_launch": "true",
                            "outpost_arn": "",
                            "owner_id": "992382545251",
                            "private_dns_hostname_type_on_launch": "ip-name",
                            "tags.%": "2",
                            "tags.DoNotDelete": "True",
                            "tags.Name": "public-subnet-test-a",
                            "tags_all.%": "2",
                            "tags_all.DoNotDelete": "True",
                            "tags_all.Name": "public-subnet-test-a",
                            "vpc_id": "vpc-014e64327a6883f05"
                        },
                        "meta": {
                            "schema_version": 1
                        },
                        "tainted": false
                    },
                    "deposed": [],
                    "provider": "provider.aws"
                },
                "aws_subnet.tfer--subnet-048df857666f497b2": {
                    "type": "aws_subnet",
                    "depends_on": [],
                    "primary": {
                        "id": "subnet-048df857666f497b2",
                        "attributes": {
                            "arn": "arn:aws:ec2:us-east-1:992382545251:subnet/subnet-048df857666f497b2",
                            "assign_ipv6_address_on_creation": "false",
                            "availability_zone": "us-east-1b",
                            "availability_zone_id": "use1-az2",
                            "cidr_block": "10.0.1.0/24",
                            "customer_owned_ipv4_pool": "",
                            "enable_dns64": "false",
                            "enable_resource_name_dns_a_record_on_launch": "false",
                            "enable_resource_name_dns_aaaa_record_on_launch": "false",
                            "id": "subnet-048df857666f497b2",
                            "ipv6_cidr_block": "",
                            "ipv6_cidr_block_association_id": "",
                            "ipv6_native": "false",
                            "map_customer_owned_ip_on_launch": "false",
                            "map_public_ip_on_launch": "false",
                            "outpost_arn": "",
                            "owner_id": "992382545251",
                            "private_dns_hostname_type_on_launch": "ip-name",
                            "tags.%": "1",
                            "tags.Name": "public subnet 2 lab pro",
                            "tags_all.%": "1",
                            "tags_all.Name": "public subnet 2 lab pro",
                            "vpc_id": "vpc-03551bf73ceb4d7df"
                        },
                        "meta": {
                            "schema_version": 1
                        },
                        "tainted": false
                    },
                    "deposed": [],
                    "provider": "provider.aws"
                },
                "aws_subnet.tfer--subnet-04dbb51903521e551": {
                    "type": "aws_subnet",
                    "depends_on": [],
                    "primary": {
                        "id": "subnet-04dbb51903521e551",
                        "attributes": {
                            "arn": "arn:aws:ec2:us-east-1:992382545251:subnet/subnet-04dbb51903521e551",
                            "assign_ipv6_address_on_creation": "false",
                            "availability_zone": "us-east-1a",
                            "availability_zone_id": "use1-az1",
                            "cidr_block": "10.0.0.0/24",
                            "customer_owned_ipv4_pool": "",
                            "enable_dns64": "false",
                            "enable_resource_name_dns_a_record_on_launch": "false",
                            "enable_resource_name_dns_aaaa_record_on_launch": "false",
                            "id": "subnet-04dbb51903521e551",
                            "ipv6_cidr_block": "",
                            "ipv6_cidr_block_association_id": "",
                            "ipv6_native": "false",
                            "map_customer_owned_ip_on_launch": "false",
                            "map_public_ip_on_launch": "false",
                            "outpost_arn": "",
                            "owner_id": "992382545251",
                            "private_dns_hostname_type_on_launch": "ip-name",
                            "tags.%": "1",
                            "tags.Name": "public subnet 1 lab pro",
                            "tags_all.%": "1",
                            "tags_all.Name": "public subnet 1 lab pro",
                            "vpc_id": "vpc-03551bf73ceb4d7df"
                        },
                        "meta": {
                            "schema_version": 1
                        },
                        "tainted": false
                    },
                    "deposed": [],
                    "provider": "provider.aws"
                },
                "aws_subnet.tfer--subnet-04e6bc93755db4780": {
                    "type": "aws_subnet",
                    "depends_on": [],
                    "primary": {
                        "id": "subnet-04e6bc93755db4780",
                        "attributes": {
                            "arn": "arn:aws:ec2:us-east-1:992382545251:subnet/subnet-04e6bc93755db4780",
                            "assign_ipv6_address_on_creation": "false",
                            "availability_zone": "us-east-1a",
                            "availability_zone_id": "use1-az1",
                            "cidr_block": "10.0.1.0/24",
                            "customer_owned_ipv4_pool": "",
                            "enable_dns64": "false",
                            "enable_resource_name_dns_a_record_on_launch": "false",
                            "enable_resource_name_dns_aaaa_record_on_launch": "false",
                            "id": "subnet-04e6bc93755db4780",
                            "ipv6_cidr_block": "",
                            "ipv6_cidr_block_association_id": "",
                            "ipv6_native": "false",
                            "map_customer_owned_ip_on_launch": "false",
                            "map_public_ip_on_launch": "true",
                            "outpost_arn": "",
                            "owner_id": "992382545251",
                            "private_dns_hostname_type_on_launch": "ip-name",
                            "tags.%": "6",
                            "tags.Environment": "prod",
                            "tags.ManagedBy": "terraform",
                            "tags.Name": "ly-statuspage-public-subnet-1",
                            "tags.Prefix": "ly-",
                            "tags.Project": "statuspage",
                            "tags.kubernetes.io/role/elb": "1",
                            "tags_all.%": "6",
                            "tags_all.Environment": "prod",
                            "tags_all.ManagedBy": "terraform",
                            "tags_all.Name": "ly-statuspage-public-subnet-1",
                            "tags_all.Prefix": "ly-",
                            "tags_all.Project": "statuspage",
                            "tags_all.kubernetes.io/role/elb": "1",
                            "vpc_id": "vpc-0f8f11cc1ab8691b3"
                        },
                        "meta": {
                            "schema_version": 1
                        },
                        "tainted": false
                    },
                    "deposed": [],
                    "provider": "provider.aws"
                },
                "aws_subnet.tfer--subnet-04f43be43718d6387": {
                    "type": "aws_subnet",
                    "depends_on": [],
                    "primary": {
                        "id": "subnet-04f43be43718d6387",
                        "attributes": {
                            "arn": "arn:aws:ec2:us-east-1:992382545251:subnet/subnet-04f43be43718d6387",
                            "assign_ipv6_address_on_creation": "false",
                            "availability_zone": "us-east-1a",
                            "availability_zone_id": "use1-az1",
                            "cidr_block": "10.1.1.0/24",
                            "customer_owned_ipv4_pool": "",
                            "enable_dns64": "false",
                            "enable_resource_name_dns_a_record_on_launch": "false",
                            "enable_resource_name_dns_aaaa_record_on_launch": "false",
                            "id": "subnet-04f43be43718d6387",
                            "ipv6_cidr_block": "",
                            "ipv6_cidr_block_association_id": "",
                            "ipv6_native": "false",
                            "map_customer_owned_ip_on_launch": "false",
                            "map_public_ip_on_launch": "false",
                            "outpost_arn": "",
                            "owner_id": "992382545251",
                            "private_dns_hostname_type_on_launch": "ip-name",
                            "tags.%": "5",
                            "tags.Name": "status-page-ay-vpc-public-us-east-1a",
                            "tags.Owner": "arn:aws:iam::992382545251:user/annaperetiatka",
                            "tags.Project": "status-page-ay",
                            "tags.kubernetes.io/cluster/status-page-ay-eks": "shared",
                            "tags.kubernetes.io/role/elb": "1",
                            "tags_all.%": "5",
                            "tags_all.Name": "status-page-ay-vpc-public-us-east-1a",
                            "tags_all.Owner": "arn:aws:iam::992382545251:user/annaperetiatka",
                            "tags_all.Project": "status-page-ay",
                            "tags_all.kubernetes.io/cluster/status-page-ay-eks": "shared",
                            "tags_all.kubernetes.io/role/elb": "1",
                            "vpc_id": "vpc-04f0854157d7cfe9d"
                        },
                        "meta": {
                            "schema_version": 1
                        },
                        "tainted": false
                    },
                    "deposed": [],
                    "provider": "provider.aws"
                },
                "aws_subnet.tfer--subnet-04f934b5dd92afc2b": {
                    "type": "aws_subnet",
                    "depends_on": [],
                    "primary": {
                        "id": "subnet-04f934b5dd92afc2b",
                        "attributes": {
                            "arn": "arn:aws:ec2:us-east-1:992382545251:subnet/subnet-04f934b5dd92afc2b",
                            "assign_ipv6_address_on_creation": "false",
                            "availability_zone": "us-east-1b",
                            "availability_zone_id": "use1-az2",
                            "cidr_block": "10.0.2.0/24",
                            "customer_owned_ipv4_pool": "",
                            "enable_dns64": "false",
                            "enable_resource_name_dns_a_record_on_launch": "false",
                            "enable_resource_name_dns_aaaa_record_on_launch": "false",
                            "id": "subnet-04f934b5dd92afc2b",
                            "ipv6_cidr_block": "",
                            "ipv6_cidr_block_association_id": "",
                            "ipv6_native": "false",
                            "map_customer_owned_ip_on_launch": "false",
                            "map_public_ip_on_launch": "true",
                            "outpost_arn": "",
                            "owner_id": "992382545251",
                            "private_dns_hostname_type_on_launch": "ip-name",
                            "tags.%": "6",
                            "tags.Environment": "prod",
                            "tags.ManagedBy": "terraform",
                            "tags.Name": "ly-statuspage-public-subnet-2",
                            "tags.Prefix": "ly-",
                            "tags.Project": "statuspage",
                            "tags.kubernetes.io/role/elb": "1",
                            "tags_all.%": "6",
                            "tags_all.Environment": "prod",
                            "tags_all.ManagedBy": "terraform",
                            "tags_all.Name": "ly-statuspage-public-subnet-2",
                            "tags_all.Prefix": "ly-",
                            "tags_all.Project": "statuspage",
                            "tags_all.kubernetes.io/role/elb": "1",
                            "vpc_id": "vpc-0f8f11cc1ab8691b3"
                        },
                        "meta": {
                            "schema_version": 1
                        },
                        "tainted": false
                    },
                    "deposed": [],
                    "provider": "provider.aws"
                },
                "aws_subnet.tfer--subnet-052928045b461bd10": {
                    "type": "aws_subnet",
                    "depends_on": [],
                    "primary": {
                        "id": "subnet-052928045b461bd10",
                        "attributes": {
                            "arn": "arn:aws:ec2:us-east-1:992382545251:subnet/subnet-052928045b461bd10",
                            "assign_ipv6_address_on_creation": "false",
                            "availability_zone": "us-east-1a",
                            "availability_zone_id": "use1-az1",
                            "cidr_block": "10.0.128.0/20",
                            "customer_owned_ipv4_pool": "",
                            "enable_dns64": "false",
                            "enable_resource_name_dns_a_record_on_launch": "false",
                            "enable_resource_name_dns_aaaa_record_on_launch": "false",
                            "id": "subnet-052928045b461bd10",
                            "ipv6_cidr_block": "",
                            "ipv6_cidr_block_association_id": "",
                            "ipv6_native": "false",
                            "map_customer_owned_ip_on_launch": "false",
                            "map_public_ip_on_launch": "false",
                            "outpost_arn": "",
                            "owner_id": "992382545251",
                            "private_dns_hostname_type_on_launch": "ip-name",
                            "tags.%": "2",
                            "tags.Name": "msdw-db-private-1a",
                            "tags.owner": "msdw",
                            "tags_all.%": "2",
                            "tags_all.Name": "msdw-db-private-1a",
                            "tags_all.owner": "msdw",
                            "vpc_id": "vpc-0d95db6427d3a4fcb"
                        },
                        "meta": {
                            "schema_version": 1
                        },
                        "tainted": false
                    },
                    "deposed": [],
                    "provider": "provider.aws"
                },
                "aws_subnet.tfer--subnet-05a75df6462060933": {
                    "type": "aws_subnet",
                    "depends_on": [],
                    "primary": {
                        "id": "subnet-05a75df6462060933",
                        "attributes": {
                            "arn": "arn:aws:ec2:us-east-1:992382545251:subnet/subnet-05a75df6462060933",
                            "assign_ipv6_address_on_creation": "false",
                            "availability_zone": "us-east-1b",
                            "availability_zone_id": "use1-az2",
                            "cidr_block": "10.0.4.0/24",
                            "customer_owned_ipv4_pool": "",
                            "enable_dns64": "false",
                            "enable_resource_name_dns_a_record_on_launch": "false",
                            "enable_resource_name_dns_aaaa_record_on_launch": "false",
                            "id": "subnet-05a75df6462060933",
                            "ipv6_cidr_block": "",
                            "ipv6_cidr_block_association_id": "",
                            "ipv6_native": "false",
                            "map_customer_owned_ip_on_launch": "false",
                            "map_public_ip_on_launch": "false",
                            "outpost_arn": "",
                            "owner_id": "992382545251",
                            "private_dns_hostname_type_on_launch": "ip-name",
                            "tags.%": "6",
                            "tags.Environment": "prod",
                            "tags.ManagedBy": "terraform",
                            "tags.Name": "ly-statuspage-private-subnet-2",
                            "tags.Prefix": "ly-",
                            "tags.Project": "statuspage",
                            "tags.kubernetes.io/role/internal-elb": "1",
                            "tags_all.%": "6",
                            "tags_all.Environment": "prod",
                            "tags_all.ManagedBy": "terraform",
                            "tags_all.Name": "ly-statuspage-private-subnet-2",
                            "tags_all.Prefix": "ly-",
                            "tags_all.Project": "statuspage",
                            "tags_all.kubernetes.io/role/internal-elb": "1",
                            "vpc_id": "vpc-0f8f11cc1ab8691b3"
                        },
                        "meta": {
                            "schema_version": 1
                        },
                        "tainted": false
                    },
                    "deposed": [],
                    "provider": "provider.aws"
                },
                "aws_subnet.tfer--subnet-05f9aad22ed12c8c8": {
                    "type": "aws_subnet",
                    "depends_on": [],
                    "primary": {
                        "id": "subnet-05f9aad22ed12c8c8",
                        "attributes": {
                            "arn": "arn:aws:ec2:us-east-1:992382545251:subnet/subnet-05f9aad22ed12c8c8",
                            "assign_ipv6_address_on_creation": "false",
                            "availability_zone": "us-east-1a",
                            "availability_zone_id": "use1-az1",
                            "cidr_block": "10.0.10.0/24",
                            "customer_owned_ipv4_pool": "",
                            "enable_dns64": "false",
                            "enable_resource_name_dns_a_record_on_launch": "false",
                            "enable_resource_name_dns_aaaa_record_on_launch": "false",
                            "id": "subnet-05f9aad22ed12c8c8",
                            "ipv6_cidr_block": "",
                            "ipv6_cidr_block_association_id": "",
                            "ipv6_native": "false",
                            "map_customer_owned_ip_on_launch": "false",
                            "map_public_ip_on_launch": "false",
                            "outpost_arn": "",
                            "owner_id": "992382545251",
                            "private_dns_hostname_type_on_launch": "ip-name",
                            "tags.%": "3",
                            "tags.Name": "private-app2",
                            "tags.kubernetes.io/role/internal-elb": "1",
                            "tags.owner": "RAK",
                            "tags_all.%": "3",
                            "tags_all.Name": "private-app2",
                            "tags_all.kubernetes.io/role/internal-elb": "1",
                            "tags_all.owner": "RAK",
                            "vpc_id": "vpc-083b4e205160a3e08"
                        },
                        "meta": {
                            "schema_version": 1
                        },
                        "tainted": false
                    },
                    "deposed": [],
                    "provider": "provider.aws"
                },
                "aws_subnet.tfer--subnet-064d2805fcb8e9514": {
                    "type": "aws_subnet",
                    "depends_on": [],
                    "primary": {
                        "id": "subnet-064d2805fcb8e9514",
                        "attributes": {
                            "arn": "arn:aws:ec2:us-east-1:992382545251:subnet/subnet-064d2805fcb8e9514",
                            "assign_ipv6_address_on_creation": "false",
                            "availability_zone": "us-east-1a",
                            "availability_zone_id": "use1-az1",
                            "cidr_block": "10.0.50.0/24",
                            "customer_owned_ipv4_pool": "",
                            "enable_dns64": "false",
                            "enable_resource_name_dns_a_record_on_launch": "false",
                            "enable_resource_name_dns_aaaa_record_on_launch": "false",
                            "id": "subnet-064d2805fcb8e9514",
                            "ipv6_cidr_block": "",
                            "ipv6_cidr_block_association_id": "",
                            "ipv6_native": "false",
                            "map_customer_owned_ip_on_launch": "false",
                            "map_public_ip_on_launch": "false",
                            "outpost_arn": "",
                            "owner_id": "992382545251",
                            "private_dns_hostname_type_on_launch": "ip-name",
                            "tags.%": "2",
                            "tags.DoNotDelete": "True",
                            "tags.Name": "private-subnet-test-b",
                            "tags_all.%": "2",
                            "tags_all.DoNotDelete": "True",
                            "tags_all.Name": "private-subnet-test-b",
                            "vpc_id": "vpc-014e64327a6883f05"
                        },
                        "meta": {
                            "schema_version": 1
                        },
                        "tainted": false
                    },
                    "deposed": [],
                    "provider": "provider.aws"
                },
                "aws_subnet.tfer--subnet-065679fd74300ff63": {
                    "type": "aws_subnet",
                    "depends_on": [],
                    "primary": {
                        "id": "subnet-065679fd74300ff63",
                        "attributes": {
                            "arn": "arn:aws:ec2:us-east-1:992382545251:subnet/subnet-065679fd74300ff63",
                            "assign_ipv6_address_on_creation": "false",
                            "availability_zone": "us-east-1b",
                            "availability_zone_id": "use1-az2",
                            "cidr_block": "10.1.2.0/24",
                            "customer_owned_ipv4_pool": "",
                            "enable_dns64": "false",
                            "enable_resource_name_dns_a_record_on_launch": "false",
                            "enable_resource_name_dns_aaaa_record_on_launch": "false",
                            "id": "subnet-065679fd74300ff63",
                            "ipv6_cidr_block": "",
                            "ipv6_cidr_block_association_id": "",
                            "ipv6_native": "false",
                            "map_customer_owned_ip_on_launch": "false",
                            "map_public_ip_on_launch": "false",
                            "outpost_arn": "",
                            "owner_id": "992382545251",
                            "private_dns_hostname_type_on_launch": "ip-name",
                            "tags.%": "5",
                            "tags.Name": "status-page-ay-vpc-public-us-east-1b",
                            "tags.Owner": "arn:aws:iam::992382545251:user/annaperetiatka",
                            "tags.Project": "status-page-ay",
                            "tags.kubernetes.io/cluster/status-page-ay-eks": "shared",
                            "tags.kubernetes.io/role/elb": "1",
                            "tags_all.%": "5",
                            "tags_all.Name": "status-page-ay-vpc-public-us-east-1b",
                            "tags_all.Owner": "arn:aws:iam::992382545251:user/annaperetiatka",
                            "tags_all.Project": "status-page-ay",
                            "tags_all.kubernetes.io/cluster/status-page-ay-eks": "shared",
                            "tags_all.kubernetes.io/role/elb": "1",
                            "vpc_id": "vpc-04f0854157d7cfe9d"
                        },
                        "meta": {
                            "schema_version": 1
                        },
                        "tainted": false
                    },
                    "deposed": [],
                    "provider": "provider.aws"
                },
                "aws_subnet.tfer--subnet-070c17a7438d0faef": {
                    "type": "aws_subnet",
                    "depends_on": [],
                    "primary": {
                        "id": "subnet-070c17a7438d0faef",
                        "attributes": {
                            "arn": "arn:aws:ec2:us-east-1:992382545251:subnet/subnet-070c17a7438d0faef",
                            "assign_ipv6_address_on_creation": "false",
                            "availability_zone": "us-east-1b",
                            "availability_zone_id": "use1-az2",
                            "cidr_block": "10.0.144.0/20",
                            "customer_owned_ipv4_pool": "",
                            "enable_dns64": "false",
                            "enable_resource_name_dns_a_record_on_launch": "false",
                            "enable_resource_name_dns_aaaa_record_on_launch": "false",
                            "id": "subnet-070c17a7438d0faef",
                            "ipv6_cidr_block": "",
                            "ipv6_cidr_block_association_id": "",
                            "ipv6_native": "false",
                            "map_customer_owned_ip_on_launch": "false",
                            "map_public_ip_on_launch": "false",
                            "outpost_arn": "",
                            "owner_id": "992382545251",
                            "private_dns_hostname_type_on_launch": "ip-name",
                            "tags.%": "2",
                            "tags.Name": "msdw-db-private-1b",
                            "tags.owner": "msdw",
                            "tags_all.%": "2",
                            "tags_all.Name": "msdw-db-private-1b",
                            "tags_all.owner": "msdw",
                            "vpc_id": "vpc-0d95db6427d3a4fcb"
                        },
                        "meta": {
                            "schema_version": 1
                        },
                        "tainted": false
                    },
                    "deposed": [],
                    "provider": "provider.aws"
                },
                "aws_subnet.tfer--subnet-071e1b16b635f632a": {
                    "type": "aws_subnet",
                    "depends_on": [],
                    "primary": {
                        "id": "subnet-071e1b16b635f632a",
                        "attributes": {
                            "arn": "arn:aws:ec2:us-east-1:992382545251:subnet/subnet-071e1b16b635f632a",
                            "assign_ipv6_address_on_creation": "false",
                            "availability_zone": "us-east-1a",
                            "availability_zone_id": "use1-az1",
                            "cidr_block": "10.0.160.0/20",
                            "customer_owned_ipv4_pool": "",
                            "enable_dns64": "false",
                            "enable_resource_name_dns_a_record_on_launch": "false",
                            "enable_resource_name_dns_aaaa_record_on_launch": "false",
                            "id": "subnet-071e1b16b635f632a",
                            "ipv6_cidr_block": "",
                            "ipv6_cidr_block_association_id": "",
                            "ipv6_native": "false",
                            "map_customer_owned_ip_on_launch": "false",
                            "map_public_ip_on_launch": "false",
                            "outpost_arn": "",
                            "owner_id": "992382545251",
                            "private_dns_hostname_type_on_launch": "ip-name",
                            "tags.%": "2",
                            "tags.Name": "msdw-private-1a",
                            "tags.owner": "msdw",
                            "tags_all.%": "2",
                            "tags_all.Name": "msdw-private-1a",
                            "tags_all.owner": "msdw",
                            "vpc_id": "vpc-0d95db6427d3a4fcb"
                        },
                        "meta": {
                            "schema_version": 1
                        },
                        "tainted": false
                    },
                    "deposed": [],
                    "provider": "provider.aws"
                },
                "aws_subnet.tfer--subnet-0742f98b1dfbc5214": {
                    "type": "aws_subnet",
                    "depends_on": [],
                    "primary": {
                        "id": "subnet-0742f98b1dfbc5214",
                        "attributes": {
                            "arn": "arn:aws:ec2:us-east-1:992382545251:subnet/subnet-0742f98b1dfbc5214",
                            "assign_ipv6_address_on_creation": "false",
                            "availability_zone": "us-east-1b",
                            "availability_zone_id": "use1-az2",
                            "cidr_block": "10.0.16.0/20",
                            "customer_owned_ipv4_pool": "",
                            "enable_dns64": "false",
                            "enable_resource_name_dns_a_record_on_launch": "false",
                            "enable_resource_name_dns_aaaa_record_on_launch": "false",
                            "id": "subnet-0742f98b1dfbc5214",
                            "ipv6_cidr_block": "",
                            "ipv6_cidr_block_association_id": "",
                            "ipv6_native": "false",
                            "map_customer_owned_ip_on_launch": "false",
                            "map_public_ip_on_launch": "false",
                            "outpost_arn": "",
                            "owner_id": "992382545251",
                            "private_dns_hostname_type_on_launch": "ip-name",
                            "tags.%": "2",
                            "tags.Name": "msdw-public-1b",
                            "tags.owner": "msdw",
                            "tags_all.%": "2",
                            "tags_all.Name": "msdw-public-1b",
                            "tags_all.owner": "msdw",
                            "vpc_id": "vpc-0d95db6427d3a4fcb"
                        },
                        "meta": {
                            "schema_version": 1
                        },
                        "tainted": false
                    },
                    "deposed": [],
                    "provider": "provider.aws"
                },
                "aws_subnet.tfer--subnet-074bf17aae2dba706": {
                    "type": "aws_subnet",
                    "depends_on": [],
                    "primary": {
                        "id": "subnet-074bf17aae2dba706",
                        "attributes": {
                            "arn": "arn:aws:ec2:us-east-1:992382545251:subnet/subnet-074bf17aae2dba706",
                            "assign_ipv6_address_on_creation": "false",
                            "availability_zone": "us-east-1c",
                            "availability_zone_id": "use1-az4",
                            "cidr_block": "10.0.5.0/25",
                            "customer_owned_ipv4_pool": "",
                            "enable_dns64": "false",
                            "enable_resource_name_dns_a_record_on_launch": "false",
                            "enable_resource_name_dns_aaaa_record_on_launch": "false",
                            "id": "subnet-074bf17aae2dba706",
                            "ipv6_cidr_block": "",
                            "ipv6_cidr_block_association_id": "",
                            "ipv6_native": "false",
                            "map_customer_owned_ip_on_launch": "false",
                            "map_public_ip_on_launch": "false",
                            "outpost_arn": "",
                            "owner_id": "992382545251",
                            "private_dns_hostname_type_on_launch": "ip-name",
                            "tags.%": "1",
                            "tags.Name": "RDS-Pvt-subnet-4",
                            "tags_all.%": "1",
                            "tags_all.Name": "RDS-Pvt-subnet-4",
                            "vpc_id": "vpc-05378dbf126e3680e"
                        },
                        "meta": {
                            "schema_version": 1
                        },
                        "tainted": false
                    },
                    "deposed": [],
                    "provider": "provider.aws"
                },
                "aws_subnet.tfer--subnet-076fcc0127fea803a": {
                    "type": "aws_subnet",
                    "depends_on": [],
                    "primary": {
                        "id": "subnet-076fcc0127fea803a",
                        "attributes": {
                            "arn": "arn:aws:ec2:us-east-1:992382545251:subnet/subnet-076fcc0127fea803a",
                            "assign_ipv6_address_on_creation": "false",
                            "availability_zone": "us-east-1c",
                            "availability_zone_id": "use1-az4",
                            "cidr_block": "172.31.16.0/20",
                            "customer_owned_ipv4_pool": "",
                            "enable_dns64": "false",
                            "enable_resource_name_dns_a_record_on_launch": "false",
                            "enable_resource_name_dns_aaaa_record_on_launch": "false",
                            "id": "subnet-076fcc0127fea803a",
                            "ipv6_cidr_block": "",
                            "ipv6_cidr_block_association_id": "",
                            "ipv6_native": "false",
                            "map_customer_owned_ip_on_launch": "false",
                            "map_public_ip_on_launch": "true",
                            "outpost_arn": "",
                            "owner_id": "992382545251",
                            "private_dns_hostname_type_on_launch": "ip-name",
                            "tags.%": "1",
                            "tags.cloud-nuke-first-seen": "2025-04-28T13:04:26Z",
                            "tags_all.%": "1",
                            "tags_all.cloud-nuke-first-seen": "2025-04-28T13:04:26Z",
                            "vpc_id": "vpc-09549181f6d60927a"
                        },
                        "meta": {
                            "schema_version": 1
                        },
                        "tainted": false
                    },
                    "deposed": [],
                    "provider": "provider.aws"
                },
                "aws_subnet.tfer--subnet-0772e8896544e4d83": {
                    "type": "aws_subnet",
                    "depends_on": [],
                    "primary": {
                        "id": "subnet-0772e8896544e4d83",
                        "attributes": {
                            "arn": "arn:aws:ec2:us-east-1:992382545251:subnet/subnet-0772e8896544e4d83",
                            "assign_ipv6_address_on_creation": "false",
                            "availability_zone": "us-east-1c",
                            "availability_zone_id": "use1-az4",
                            "cidr_block": "10.42.160.0/19",
                            "customer_owned_ipv4_pool": "",
                            "enable_dns64": "false",
                            "enable_resource_name_dns_a_record_on_launch": "false",
                            "enable_resource_name_dns_aaaa_record_on_launch": "false",
                            "id": "subnet-0772e8896544e4d83",
                            "ipv6_cidr_block": "",
                            "ipv6_cidr_block_association_id": "",
                            "ipv6_native": "false",
                            "map_customer_owned_ip_on_launch": "false",
                            "map_public_ip_on_launch": "false",
                            "outpost_arn": "",
                            "owner_id": "992382545251",
                            "private_dns_hostname_type_on_launch": "ip-name",
                            "tags.%": "9",
                            "tags.Name": "eksctl-eks-workshop-cluster/SubnetPrivateUSEAST1C",
                            "tags.alpha.eksctl.io/cluster-name": "eks-workshop",
                            "tags.alpha.eksctl.io/cluster-oidc-enabled": "true",
                            "tags.alpha.eksctl.io/eksctl-version": "0.208.0",
                            "tags.created-by": "eks-workshop-v2",
                            "tags.eksctl.cluster.k8s.io/v1alpha1/cluster-name": "eks-workshop",
                            "tags.env": "eks-workshop",
                            "tags.karpenter.sh/discovery": "eks-workshop",
                            "tags.kubernetes.io/role/internal-elb": "1",
                            "tags_all.%": "9",
                            "tags_all.Name": "eksctl-eks-workshop-cluster/SubnetPrivateUSEAST1C",
                            "tags_all.alpha.eksctl.io/cluster-name": "eks-workshop",
                            "tags_all.alpha.eksctl.io/cluster-oidc-enabled": "true",
                            "tags_all.alpha.eksctl.io/eksctl-version": "0.208.0",
                            "tags_all.created-by": "eks-workshop-v2",
                            "tags_all.eksctl.cluster.k8s.io/v1alpha1/cluster-name": "eks-workshop",
                            "tags_all.env": "eks-workshop",
                            "tags_all.karpenter.sh/discovery": "eks-workshop",
                            "tags_all.kubernetes.io/role/internal-elb": "1",
                            "vpc_id": "vpc-0718668e44e2cd265"
                        },
                        "meta": {
                            "schema_version": 1
                        },
                        "tainted": false
                    },
                    "deposed": [],
                    "provider": "provider.aws"
                },
                "aws_subnet.tfer--subnet-07837dadc50a3213a": {
                    "type": "aws_subnet",
                    "depends_on": [],
                    "primary": {
                        "id": "subnet-07837dadc50a3213a",
                        "attributes": {
                            "arn": "arn:aws:ec2:us-east-1:992382545251:subnet/subnet-07837dadc50a3213a",
                            "assign_ipv6_address_on_creation": "false",
                            "availability_zone": "us-east-1c",
                            "availability_zone_id": "use1-az4",
                            "cidr_block": "172.31.0.128/25",
                            "customer_owned_ipv4_pool": "",
                            "enable_dns64": "false",
                            "enable_resource_name_dns_a_record_on_launch": "false",
                            "enable_resource_name_dns_aaaa_record_on_launch": "false",
                            "id": "subnet-07837dadc50a3213a",
                            "ipv6_cidr_block": "",
                            "ipv6_cidr_block_association_id": "",
                            "ipv6_native": "false",
                            "map_customer_owned_ip_on_launch": "false",
                            "map_public_ip_on_launch": "false",
                            "outpost_arn": "",
                            "owner_id": "992382545251",
                            "private_dns_hostname_type_on_launch": "ip-name",
                            "tags.%": "1",
                            "tags.Name": "RDS-Pvt-subnet-1",
                            "tags_all.%": "1",
                            "tags_all.Name": "RDS-Pvt-subnet-1",
                            "vpc_id": "vpc-09549181f6d60927a"
                        },
                        "meta": {
                            "schema_version": 1
                        },
                        "tainted": false
                    },
                    "deposed": [],
                    "provider": "provider.aws"
                },
                "aws_subnet.tfer--subnet-0794bcdafbe8da12b": {
                    "type": "aws_subnet",
                    "depends_on": [],
                    "primary": {
                        "id": "subnet-0794bcdafbe8da12b",
                        "attributes": {
                            "arn": "arn:aws:ec2:us-east-1:992382545251:subnet/subnet-0794bcdafbe8da12b",
                            "assign_ipv6_address_on_creation": "false",
                            "availability_zone": "us-east-1b",
                            "availability_zone_id": "use1-az2",
                            "cidr_block": "10.0.11.0/24",
                            "customer_owned_ipv4_pool": "",
                            "enable_dns64": "false",
                            "enable_resource_name_dns_a_record_on_launch": "false",
                            "enable_resource_name_dns_aaaa_record_on_launch": "false",
                            "id": "subnet-0794bcdafbe8da12b",
                            "ipv6_cidr_block": "",
                            "ipv6_cidr_block_association_id": "",
                            "ipv6_native": "false",
                            "map_customer_owned_ip_on_launch": "false",
                            "map_public_ip_on_launch": "false",
                            "outpost_arn": "",
                            "owner_id": "992382545251",
                            "private_dns_hostname_type_on_launch": "ip-name",
                            "tags.%": "3",
                            "tags.Name": "private-app1",
                            "tags.kubernetes.io/role/internal-elb": "1",
                            "tags.owner": "RAK",
                            "tags_all.%": "3",
                            "tags_all.Name": "private-app1",
                            "tags_all.kubernetes.io/role/internal-elb": "1",
                            "tags_all.owner": "RAK",
                            "vpc_id": "vpc-083b4e205160a3e08"
                        },
                        "meta": {
                            "schema_version": 1
                        },
                        "tainted": false
                    },
                    "deposed": [],
                    "provider": "provider.aws"
                },
                "aws_subnet.tfer--subnet-07b3560784b6c8a4d": {
                    "type": "aws_subnet",
                    "depends_on": [],
                    "primary": {
                        "id": "subnet-07b3560784b6c8a4d",
                        "attributes": {
                            "arn": "arn:aws:ec2:us-east-1:992382545251:subnet/subnet-07b3560784b6c8a4d",
                            "assign_ipv6_address_on_creation": "false",
                            "availability_zone": "us-east-1a",
                            "availability_zone_id": "use1-az1",
                            "cidr_block": "10.0.2.0/24",
                            "customer_owned_ipv4_pool": "",
                            "enable_dns64": "false",
                            "enable_resource_name_dns_a_record_on_launch": "false",
                            "enable_resource_name_dns_aaaa_record_on_launch": "false",
                            "id": "subnet-07b3560784b6c8a4d",
                            "ipv6_cidr_block": "",
                            "ipv6_cidr_block_association_id": "",
                            "ipv6_native": "false",
                            "map_customer_owned_ip_on_launch": "false",
                            "map_public_ip_on_launch": "false",
                            "outpost_arn": "",
                            "owner_id": "992382545251",
                            "private_dns_hostname_type_on_launch": "ip-name",
                            "tags.%": "1",
                            "tags.Name": "private subnet 01 lab pro",
                            "tags_all.%": "1",
                            "tags_all.Name": "private subnet 01 lab pro",
                            "vpc_id": "vpc-03551bf73ceb4d7df"
                        },
                        "meta": {
                            "schema_version": 1
                        },
                        "tainted": false
                    },
                    "deposed": [],
                    "provider": "provider.aws"
                },
                "aws_subnet.tfer--subnet-07cc6a65506c506ca": {
                    "type": "aws_subnet",
                    "depends_on": [],
                    "primary": {
                        "id": "subnet-07cc6a65506c506ca",
                        "attributes": {
                            "arn": "arn:aws:ec2:us-east-1:992382545251:subnet/subnet-07cc6a65506c506ca",
                            "assign_ipv6_address_on_creation": "false",
                            "availability_zone": "us-east-1a",
                            "availability_zone_id": "use1-az1",
                            "cidr_block": "10.0.0.0/24",
                            "customer_owned_ipv4_pool": "",
                            "enable_dns64": "false",
                            "enable_resource_name_dns_a_record_on_launch": "false",
                            "enable_resource_name_dns_aaaa_record_on_launch": "false",
                            "id": "subnet-07cc6a65506c506ca",
                            "ipv6_cidr_block": "",
                            "ipv6_cidr_block_association_id": "",
                            "ipv6_native": "false",
                            "map_customer_owned_ip_on_launch": "false",
                            "map_public_ip_on_launch": "false",
                            "outpost_arn": "",
                            "owner_id": "992382545251",
                            "private_dns_hostname_type_on_launch": "ip-name",
                            "tags.%": "3",
                            "tags.Name": "public-app1",
                            "tags.kubernetes.io/role/elb": "1",
                            "tags.owner": "RAK",
                            "tags_all.%": "3",
                            "tags_all.Name": "public-app1",
                            "tags_all.kubernetes.io/role/elb": "1",
                            "tags_all.owner": "RAK",
                            "vpc_id": "vpc-083b4e205160a3e08"
                        },
                        "meta": {
                            "schema_version": 1
                        },
                        "tainted": false
                    },
                    "deposed": [],
                    "provider": "provider.aws"
                },
                "aws_subnet.tfer--subnet-07d8d9d07e030e0fa": {
                    "type": "aws_subnet",
                    "depends_on": [],
                    "primary": {
                        "id": "subnet-07d8d9d07e030e0fa",
                        "attributes": {
                            "arn": "arn:aws:ec2:us-east-1:992382545251:subnet/subnet-07d8d9d07e030e0fa",
                            "assign_ipv6_address_on_creation": "false",
                            "availability_zone": "us-east-1b",
                            "availability_zone_id": "use1-az2",
                            "cidr_block": "10.42.128.0/19",
                            "customer_owned_ipv4_pool": "",
                            "enable_dns64": "false",
                            "enable_resource_name_dns_a_record_on_launch": "false",
                            "enable_resource_name_dns_aaaa_record_on_launch": "false",
                            "id": "subnet-07d8d9d07e030e0fa",
                            "ipv6_cidr_block": "",
                            "ipv6_cidr_block_association_id": "",
                            "ipv6_native": "false",
                            "map_customer_owned_ip_on_launch": "false",
                            "map_public_ip_on_launch": "false",
                            "outpost_arn": "",
                            "owner_id": "992382545251",
                            "private_dns_hostname_type_on_launch": "ip-name",
                            "tags.%": "9",
                            "tags.Name": "eksctl-eks-workshop-cluster/SubnetPrivateUSEAST1B",
                            "tags.alpha.eksctl.io/cluster-name": "eks-workshop",
                            "tags.alpha.eksctl.io/cluster-oidc-enabled": "true",
                            "tags.alpha.eksctl.io/eksctl-version": "0.208.0",
                            "tags.created-by": "eks-workshop-v2",
                            "tags.eksctl.cluster.k8s.io/v1alpha1/cluster-name": "eks-workshop",
                            "tags.env": "eks-workshop",
                            "tags.karpenter.sh/discovery": "eks-workshop",
                            "tags.kubernetes.io/role/internal-elb": "1",
                            "tags_all.%": "9",
                            "tags_all.Name": "eksctl-eks-workshop-cluster/SubnetPrivateUSEAST1B",
                            "tags_all.alpha.eksctl.io/cluster-name": "eks-workshop",
                            "tags_all.alpha.eksctl.io/cluster-oidc-enabled": "true",
                            "tags_all.alpha.eksctl.io/eksctl-version": "0.208.0",
                            "tags_all.created-by": "eks-workshop-v2",
                            "tags_all.eksctl.cluster.k8s.io/v1alpha1/cluster-name": "eks-workshop",
                            "tags_all.env": "eks-workshop",
                            "tags_all.karpenter.sh/discovery": "eks-workshop",
                            "tags_all.kubernetes.io/role/internal-elb": "1",
                            "vpc_id": "vpc-0718668e44e2cd265"
                        },
                        "meta": {
                            "schema_version": 1
                        },
                        "tainted": false
                    },
                    "deposed": [],
                    "provider": "provider.aws"
                },
                "aws_subnet.tfer--subnet-08795c4a15a5e15df": {
                    "type": "aws_subnet",
                    "depends_on": [],
                    "primary": {
                        "id": "subnet-08795c4a15a5e15df",
                        "attributes": {
                            "arn": "arn:aws:ec2:us-east-1:992382545251:subnet/subnet-08795c4a15a5e15df",
                            "assign_ipv6_address_on_creation": "false",
                            "availability_zone": "us-east-1a",
                            "availability_zone_id": "use1-az1",
                            "cidr_block": "10.0.0.0/24",
                            "customer_owned_ipv4_pool": "",
                            "enable_dns64": "false",
                            "enable_resource_name_dns_a_record_on_launch": "false",
                            "enable_resource_name_dns_aaaa_record_on_launch": "false",
                            "id": "subnet-08795c4a15a5e15df",
                            "ipv6_cidr_block": "",
                            "ipv6_cidr_block_association_id": "",
                            "ipv6_native": "false",
                            "map_customer_owned_ip_on_launch": "false",
                            "map_public_ip_on_launch": "false",
                            "outpost_arn": "",
                            "owner_id": "992382545251",
                            "private_dns_hostname_type_on_launch": "ip-name",
                            "tags.%": "1",
                            "tags.Name": "public-sub-i1",
                            "tags_all.%": "1",
                            "tags_all.Name": "public-sub-i1",
                            "vpc_id": "vpc-022256b125ec24b0a"
                        },
                        "meta": {
                            "schema_version": 1
                        },
                        "tainted": false
                    },
                    "deposed": [],
                    "provider": "provider.aws"
                },
                "aws_subnet.tfer--subnet-0919001dae778877a": {
                    "type": "aws_subnet",
                    "depends_on": [],
                    "primary": {
                        "id": "subnet-0919001dae778877a",
                        "attributes": {
                            "arn": "arn:aws:ec2:us-east-1:992382545251:subnet/subnet-0919001dae778877a",
                            "assign_ipv6_address_on_creation": "false",
                            "availability_zone": "us-east-1b",
                            "availability_zone_id": "use1-az2",
                            "cidr_block": "10.0.12.0/24",
                            "customer_owned_ipv4_pool": "",
                            "enable_dns64": "false",
                            "enable_resource_name_dns_a_record_on_launch": "false",
                            "enable_resource_name_dns_aaaa_record_on_launch": "false",
                            "id": "subnet-0919001dae778877a",
                            "ipv6_cidr_block": "",
                            "ipv6_cidr_block_association_id": "",
                            "ipv6_native": "false",
                            "map_customer_owned_ip_on_launch": "false",
                            "map_public_ip_on_launch": "false",
                            "outpost_arn": "",
                            "owner_id": "992382545251",
                            "private_dns_hostname_type_on_launch": "ip-name",
                            "tags.%": "3",
                            "tags.Name": "dr_statuspage_cluster-vpc-private-us-east-1b",
                            "tags.OWNER": "dr_admin",
                            "tags.Project": "dr_statuspage",
                            "tags_all.%": "3",
                            "tags_all.Name": "dr_statuspage_cluster-vpc-private-us-east-1b",
                            "tags_all.OWNER": "dr_admin",
                            "tags_all.Project": "dr_statuspage",
                            "vpc_id": "vpc-0e6130bd6e1263adc"
                        },
                        "meta": {
                            "schema_version": 1
                        },
                        "tainted": false
                    },
                    "deposed": [],
                    "provider": "provider.aws"
                },
                "aws_subnet.tfer--subnet-095c352445087dd76": {
                    "type": "aws_subnet",
                    "depends_on": [],
                    "primary": {
                        "id": "subnet-095c352445087dd76",
                        "attributes": {
                            "arn": "arn:aws:ec2:us-east-1:992382545251:subnet/subnet-095c352445087dd76",
                            "assign_ipv6_address_on_creation": "false",
                            "availability_zone": "us-east-1a",
                            "availability_zone_id": "use1-az1",
                            "cidr_block": "10.42.96.0/19",
                            "customer_owned_ipv4_pool": "",
                            "enable_dns64": "false",
                            "enable_resource_name_dns_a_record_on_launch": "false",
                            "enable_resource_name_dns_aaaa_record_on_launch": "false",
                            "id": "subnet-095c352445087dd76",
                            "ipv6_cidr_block": "",
                            "ipv6_cidr_block_association_id": "",
                            "ipv6_native": "false",
                            "map_customer_owned_ip_on_launch": "false",
                            "map_public_ip_on_launch": "false",
                            "outpost_arn": "",
                            "owner_id": "992382545251",
                            "private_dns_hostname_type_on_launch": "ip-name",
                            "tags.%": "9",
                            "tags.Name": "eksctl-eks-workshop-cluster/SubnetPrivateUSEAST1A",
                            "tags.alpha.eksctl.io/cluster-name": "eks-workshop",
                            "tags.alpha.eksctl.io/cluster-oidc-enabled": "true",
                            "tags.alpha.eksctl.io/eksctl-version": "0.208.0",
                            "tags.created-by": "eks-workshop-v2",
                            "tags.eksctl.cluster.k8s.io/v1alpha1/cluster-name": "eks-workshop",
                            "tags.env": "eks-workshop",
                            "tags.karpenter.sh/discovery": "eks-workshop",
                            "tags.kubernetes.io/role/internal-elb": "1",
                            "tags_all.%": "9",
                            "tags_all.Name": "eksctl-eks-workshop-cluster/SubnetPrivateUSEAST1A",
                            "tags_all.alpha.eksctl.io/cluster-name": "eks-workshop",
                            "tags_all.alpha.eksctl.io/cluster-oidc-enabled": "true",
                            "tags_all.alpha.eksctl.io/eksctl-version": "0.208.0",
                            "tags_all.created-by": "eks-workshop-v2",
                            "tags_all.eksctl.cluster.k8s.io/v1alpha1/cluster-name": "eks-workshop",
                            "tags_all.env": "eks-workshop",
                            "tags_all.karpenter.sh/discovery": "eks-workshop",
                            "tags_all.kubernetes.io/role/internal-elb": "1",
                            "vpc_id": "vpc-0718668e44e2cd265"
                        },
                        "meta": {
                            "schema_version": 1
                        },
                        "tainted": false
                    },
                    "deposed": [],
                    "provider": "provider.aws"
                },
                "aws_subnet.tfer--subnet-09705217965c59e5a": {
                    "type": "aws_subnet",
                    "depends_on": [],
                    "primary": {
                        "id": "subnet-09705217965c59e5a",
                        "attributes": {
                            "arn": "arn:aws:ec2:us-east-1:992382545251:subnet/subnet-09705217965c59e5a",
                            "assign_ipv6_address_on_creation": "false",
                            "availability_zone": "us-east-1a",
                            "availability_zone_id": "use1-az1",
                            "cidr_block": "10.0.0.0/20",
                            "customer_owned_ipv4_pool": "",
                            "enable_dns64": "false",
                            "enable_resource_name_dns_a_record_on_launch": "false",
                            "enable_resource_name_dns_aaaa_record_on_launch": "false",
                            "id": "subnet-09705217965c59e5a",
                            "ipv6_cidr_block": "",
                            "ipv6_cidr_block_association_id": "",
                            "ipv6_native": "false",
                            "map_customer_owned_ip_on_launch": "false",
                            "map_public_ip_on_launch": "false",
                            "outpost_arn": "",
                            "owner_id": "992382545251",
                            "private_dns_hostname_type_on_launch": "ip-name",
                            "tags.%": "1",
                            "tags.Name": "myvpc-i-subnet-public1-us-east-1a",
                            "tags_all.%": "1",
                            "tags_all.Name": "myvpc-i-subnet-public1-us-east-1a",
                            "vpc_id": "vpc-09c0eaeb5b69b1248"
                        },
                        "meta": {
                            "schema_version": 1
                        },
                        "tainted": false
                    },
                    "deposed": [],
                    "provider": "provider.aws"
                },
                "aws_subnet.tfer--subnet-0972cc251792d5095": {
                    "type": "aws_subnet",
                    "depends_on": [],
                    "primary": {
                        "id": "subnet-0972cc251792d5095",
                        "attributes": {
                            "arn": "arn:aws:ec2:us-east-1:992382545251:subnet/subnet-0972cc251792d5095",
                            "assign_ipv6_address_on_creation": "false",
                            "availability_zone": "us-east-1c",
                            "availability_zone_id": "use1-az4",
                            "cidr_block": "192.168.0.0/19",
                            "customer_owned_ipv4_pool": "",
                            "enable_dns64": "false",
                            "enable_resource_name_dns_a_record_on_launch": "false",
                            "enable_resource_name_dns_aaaa_record_on_launch": "false",
                            "id": "subnet-0972cc251792d5095",
                            "ipv6_cidr_block": "",
                            "ipv6_cidr_block_association_id": "",
                            "ipv6_native": "false",
                            "map_customer_owned_ip_on_launch": "false",
                            "map_public_ip_on_launch": "true",
                            "outpost_arn": "",
                            "owner_id": "992382545251",
                            "private_dns_hostname_type_on_launch": "ip-name",
                            "tags.%": "7",
                            "tags.Name": "eksctl-my-amazing-cluster-cluster/SubnetPublicUSEAST1C",
                            "tags.Project": "DevOpsWorkshop",
                            "tags.alpha.eksctl.io/cluster-name": "my-amazing-cluster",
                            "tags.alpha.eksctl.io/cluster-oidc-enabled": "false",
                            "tags.alpha.eksctl.io/eksctl-version": "0.214.0",
                            "tags.eksctl.cluster.k8s.io/v1alpha1/cluster-name": "my-amazing-cluster",
                            "tags.kubernetes.io/role/elb": "1",
                            "tags_all.%": "7",
                            "tags_all.Name": "eksctl-my-amazing-cluster-cluster/SubnetPublicUSEAST1C",
                            "tags_all.Project": "DevOpsWorkshop",
                            "tags_all.alpha.eksctl.io/cluster-name": "my-amazing-cluster",
                            "tags_all.alpha.eksctl.io/cluster-oidc-enabled": "false",
                            "tags_all.alpha.eksctl.io/eksctl-version": "0.214.0",
                            "tags_all.eksctl.cluster.k8s.io/v1alpha1/cluster-name": "my-amazing-cluster",
                            "tags_all.kubernetes.io/role/elb": "1",
                            "vpc_id": "vpc-037bbd648cabe0375"
                        },
                        "meta": {
                            "schema_version": 1
                        },
                        "tainted": false
                    },
                    "deposed": [],
                    "provider": "provider.aws"
                },
                "aws_subnet.tfer--subnet-097694c121c7b7bb7": {
                    "type": "aws_subnet",
                    "depends_on": [],
                    "primary": {
                        "id": "subnet-097694c121c7b7bb7",
                        "attributes": {
                            "arn": "arn:aws:ec2:us-east-1:992382545251:subnet/subnet-097694c121c7b7bb7",
                            "assign_ipv6_address_on_creation": "false",
                            "availability_zone": "us-east-1d",
                            "availability_zone_id": "use1-az6",
                            "cidr_block": "10.0.5.128/25",
                            "customer_owned_ipv4_pool": "",
                            "enable_dns64": "false",
                            "enable_resource_name_dns_a_record_on_launch": "false",
                            "enable_resource_name_dns_aaaa_record_on_launch": "false",
                            "id": "subnet-097694c121c7b7bb7",
                            "ipv6_cidr_block": "",
                            "ipv6_cidr_block_association_id": "",
                            "ipv6_native": "false",
                            "map_customer_owned_ip_on_launch": "false",
                            "map_public_ip_on_launch": "false",
                            "outpost_arn": "",
                            "owner_id": "992382545251",
                            "private_dns_hostname_type_on_launch": "ip-name",
                            "tags.%": "1",
                            "tags.Name": "RDS-Pvt-subnet-5",
                            "tags_all.%": "1",
                            "tags_all.Name": "RDS-Pvt-subnet-5",
                            "vpc_id": "vpc-05378dbf126e3680e"
                        },
                        "meta": {
                            "schema_version": 1
                        },
                        "tainted": false
                    },
                    "deposed": [],
                    "provider": "provider.aws"
                },
                "aws_subnet.tfer--subnet-0a1bb7b133000a0d6": {
                    "type": "aws_subnet",
                    "depends_on": [],
                    "primary": {
                        "id": "subnet-0a1bb7b133000a0d6",
                        "attributes": {
                            "arn": "arn:aws:ec2:us-east-1:992382545251:subnet/subnet-0a1bb7b133000a0d6",
                            "assign_ipv6_address_on_creation": "false",
                            "availability_zone": "us-east-1b",
                            "availability_zone_id": "use1-az2",
                            "cidr_block": "10.0.2.0/24",
                            "customer_owned_ipv4_pool": "",
                            "enable_dns64": "false",
                            "enable_resource_name_dns_a_record_on_launch": "false",
                            "enable_resource_name_dns_aaaa_record_on_launch": "false",
                            "id": "subnet-0a1bb7b133000a0d6",
                            "ipv6_cidr_block": "",
                            "ipv6_cidr_block_association_id": "",
                            "ipv6_native": "false",
                            "map_customer_owned_ip_on_launch": "false",
                            "map_public_ip_on_launch": "false",
                            "outpost_arn": "",
                            "owner_id": "992382545251",
                            "private_dns_hostname_type_on_launch": "ip-name",
                            "tags.%": "3",
                            "tags.Name": "dr_statuspage_cluster-vpc-public-us-east-1b",
                            "tags.OWNER": "dr_admin",
                            "tags.Project": "dr_statuspage",
                            "tags_all.%": "3",
                            "tags_all.Name": "dr_statuspage_cluster-vpc-public-us-east-1b",
                            "tags_all.OWNER": "dr_admin",
                            "tags_all.Project": "dr_statuspage",
                            "vpc_id": "vpc-0e6130bd6e1263adc"
                        },
                        "meta": {
                            "schema_version": 1
                        },
                        "tainted": false
                    },
                    "deposed": [],
                    "provider": "provider.aws"
                },
                "aws_subnet.tfer--subnet-0a8336384b6d3b85b": {
                    "type": "aws_subnet",
                    "depends_on": [],
                    "primary": {
                        "id": "subnet-0a8336384b6d3b85b",
                        "attributes": {
                            "arn": "arn:aws:ec2:us-east-1:992382545251:subnet/subnet-0a8336384b6d3b85b",
                            "assign_ipv6_address_on_creation": "false",
                            "availability_zone": "us-east-1b",
                            "availability_zone_id": "use1-az2",
                            "cidr_block": "10.0.1.0/24",
                            "customer_owned_ipv4_pool": "",
                            "enable_dns64": "false",
                            "enable_resource_name_dns_a_record_on_launch": "false",
                            "enable_resource_name_dns_aaaa_record_on_launch": "false",
                            "id": "subnet-0a8336384b6d3b85b",
                            "ipv6_cidr_block": "",
                            "ipv6_cidr_block_association_id": "",
                            "ipv6_native": "false",
                            "map_customer_owned_ip_on_launch": "false",
                            "map_public_ip_on_launch": "true",
                            "outpost_arn": "",
                            "owner_id": "992382545251",
                            "private_dns_hostname_type_on_launch": "ip-name",
                            "tags.%": "2",
                            "tags.DoNotDelete": "True",
                            "tags.Name": "public-subnet-test-b",
                            "tags_all.%": "2",
                            "tags_all.DoNotDelete": "True",
                            "tags_all.Name": "public-subnet-test-b",
                            "vpc_id": "vpc-014e64327a6883f05"
                        },
                        "meta": {
                            "schema_version": 1
                        },
                        "tainted": false
                    },
                    "deposed": [],
                    "provider": "provider.aws"
                },
                "aws_subnet.tfer--subnet-0a90d5c353da427c6": {
                    "type": "aws_subnet",
                    "depends_on": [],
                    "primary": {
                        "id": "subnet-0a90d5c353da427c6",
                        "attributes": {
                            "arn": "arn:aws:ec2:us-east-1:992382545251:subnet/subnet-0a90d5c353da427c6",
                            "assign_ipv6_address_on_creation": "false",
                            "availability_zone": "us-east-1b",
                            "availability_zone_id": "use1-az2",
                            "cidr_block": "10.0.2.0/24",
                            "customer_owned_ipv4_pool": "",
                            "enable_dns64": "false",
                            "enable_resource_name_dns_a_record_on_launch": "false",
                            "enable_resource_name_dns_aaaa_record_on_launch": "false",
                            "id": "subnet-0a90d5c353da427c6",
                            "ipv6_cidr_block": "",
                            "ipv6_cidr_block_association_id": "",
                            "ipv6_native": "false",
                            "map_customer_owned_ip_on_launch": "false",
                            "map_public_ip_on_launch": "true",
                            "outpost_arn": "",
                            "owner_id": "992382545251",
                            "private_dns_hostname_type_on_launch": "ip-name",
                            "tags.%": "1",
                            "tags.Name": "finalproj-public-b",
                            "tags_all.%": "1",
                            "tags_all.Name": "finalproj-public-b",
                            "vpc_id": "vpc-02fd0b20687bd658c"
                        },
                        "meta": {
                            "schema_version": 1
                        },
                        "tainted": false
                    },
                    "deposed": [],
                    "provider": "provider.aws"
                },
                "aws_subnet.tfer--subnet-0ade8070d5563cde3": {
                    "type": "aws_subnet",
                    "depends_on": [],
                    "primary": {
                        "id": "subnet-0ade8070d5563cde3",
                        "attributes": {
                            "arn": "arn:aws:ec2:us-east-1:992382545251:subnet/subnet-0ade8070d5563cde3",
                            "assign_ipv6_address_on_creation": "false",
                            "availability_zone": "us-east-1b",
                            "availability_zone_id": "use1-az2",
                            "cidr_block": "10.0.144.0/20",
                            "customer_owned_ipv4_pool": "",
                            "enable_dns64": "false",
                            "enable_resource_name_dns_a_record_on_launch": "false",
                            "enable_resource_name_dns_aaaa_record_on_launch": "false",
                            "id": "subnet-0ade8070d5563cde3",
                            "ipv6_cidr_block": "",
                            "ipv6_cidr_block_association_id": "",
                            "ipv6_native": "false",
                            "map_customer_owned_ip_on_launch": "false",
                            "map_public_ip_on_launch": "false",
                            "outpost_arn": "",
                            "owner_id": "992382545251",
                            "private_dns_hostname_type_on_launch": "ip-name",
                            "tags.%": "1",
                            "tags.Name": "myvpc-i-subnet-private2-us-east-1b",
                            "tags_all.%": "1",
                            "tags_all.Name": "myvpc-i-subnet-private2-us-east-1b",
                            "vpc_id": "vpc-09c0eaeb5b69b1248"
                        },
                        "meta": {
                            "schema_version": 1
                        },
                        "tainted": false
                    },
                    "deposed": [],
                    "provider": "provider.aws"
                },
                "aws_subnet.tfer--subnet-0c23ba0951f9296fa": {
                    "type": "aws_subnet",
                    "depends_on": [],
                    "primary": {
                        "id": "subnet-0c23ba0951f9296fa",
                        "attributes": {
                            "arn": "arn:aws:ec2:us-east-1:992382545251:subnet/subnet-0c23ba0951f9296fa",
                            "assign_ipv6_address_on_creation": "false",
                            "availability_zone": "us-east-1b",
                            "availability_zone_id": "use1-az2",
                            "cidr_block": "10.0.4.128/25",
                            "customer_owned_ipv4_pool": "",
                            "enable_dns64": "false",
                            "enable_resource_name_dns_a_record_on_launch": "false",
                            "enable_resource_name_dns_aaaa_record_on_launch": "false",
                            "id": "subnet-0c23ba0951f9296fa",
                            "ipv6_cidr_block": "",
                            "ipv6_cidr_block_association_id": "",
                            "ipv6_native": "false",
                            "map_customer_owned_ip_on_launch": "false",
                            "map_public_ip_on_launch": "false",
                            "outpost_arn": "",
                            "owner_id": "992382545251",
                            "private_dns_hostname_type_on_launch": "ip-name",
                            "tags.%": "1",
                            "tags.Name": "RDS-Pvt-subnet-3",
                            "tags_all.%": "1",
                            "tags_all.Name": "RDS-Pvt-subnet-3",
                            "vpc_id": "vpc-05378dbf126e3680e"
                        },
                        "meta": {
                            "schema_version": 1
                        },
                        "tainted": false
                    },
                    "deposed": [],
                    "provider": "provider.aws"
                },
                "aws_subnet.tfer--subnet-0c4e66d37885ae4e7": {
                    "type": "aws_subnet",
                    "depends_on": [],
                    "primary": {
                        "id": "subnet-0c4e66d37885ae4e7",
                        "attributes": {
                            "arn": "arn:aws:ec2:us-east-1:992382545251:subnet/subnet-0c4e66d37885ae4e7",
                            "assign_ipv6_address_on_creation": "false",
                            "availability_zone": "us-east-1c",
                            "availability_zone_id": "use1-az4",
                            "cidr_block": "10.0.11.0/24",
                            "customer_owned_ipv4_pool": "",
                            "enable_dns64": "false",
                            "enable_resource_name_dns_a_record_on_launch": "false",
                            "enable_resource_name_dns_aaaa_record_on_launch": "false",
                            "id": "subnet-0c4e66d37885ae4e7",
                            "ipv6_cidr_block": "",
                            "ipv6_cidr_block_association_id": "",
                            "ipv6_native": "false",
                            "map_customer_owned_ip_on_launch": "false",
                            "map_public_ip_on_launch": "false",
                            "outpost_arn": "",
                            "owner_id": "992382545251",
                            "private_dns_hostname_type_on_launch": "ip-name",
                            "tags.%": "1",
                            "tags.Name": "finalproj-private-a",
                            "tags_all.%": "1",
                            "tags_all.Name": "finalproj-private-a",
                            "vpc_id": "vpc-02fd0b20687bd658c"
                        },
                        "meta": {
                            "schema_version": 1
                        },
                        "tainted": false
                    },
                    "deposed": [],
                    "provider": "provider.aws"
                },
                "aws_subnet.tfer--subnet-0cf84627daa4a19a5": {
                    "type": "aws_subnet",
                    "depends_on": [],
                    "primary": {
                        "id": "subnet-0cf84627daa4a19a5",
                        "attributes": {
                            "arn": "arn:aws:ec2:us-east-1:992382545251:subnet/subnet-0cf84627daa4a19a5",
                            "assign_ipv6_address_on_creation": "false",
                            "availability_zone": "us-east-1b",
                            "availability_zone_id": "use1-az2",
                            "cidr_block": "10.0.21.0/24",
                            "customer_owned_ipv4_pool": "",
                            "enable_dns64": "false",
                            "enable_resource_name_dns_a_record_on_launch": "false",
                            "enable_resource_name_dns_aaaa_record_on_launch": "false",
                            "id": "subnet-0cf84627daa4a19a5",
                            "ipv6_cidr_block": "",
                            "ipv6_cidr_block_association_id": "",
                            "ipv6_native": "false",
                            "map_customer_owned_ip_on_launch": "false",
                            "map_public_ip_on_launch": "false",
                            "outpost_arn": "",
                            "owner_id": "992382545251",
                            "private_dns_hostname_type_on_launch": "ip-name",
                            "tags.%": "2",
                            "tags.Name": "private-db2",
                            "tags.owner": "RAK",
                            "tags_all.%": "2",
                            "tags_all.Name": "private-db2",
                            "tags_all.owner": "RAK",
                            "vpc_id": "vpc-083b4e205160a3e08"
                        },
                        "meta": {
                            "schema_version": 1
                        },
                        "tainted": false
                    },
                    "deposed": [],
                    "provider": "provider.aws"
                },
                "aws_subnet.tfer--subnet-0d9f83e21ccbacf25": {
                    "type": "aws_subnet",
                    "depends_on": [],
                    "primary": {
                        "id": "subnet-0d9f83e21ccbacf25",
                        "attributes": {
                            "arn": "arn:aws:ec2:us-east-1:992382545251:subnet/subnet-0d9f83e21ccbacf25",
                            "assign_ipv6_address_on_creation": "false",
                            "availability_zone": "us-east-1b",
                            "availability_zone_id": "use1-az2",
                            "cidr_block": "10.0.51.0/24",
                            "customer_owned_ipv4_pool": "",
                            "enable_dns64": "false",
                            "enable_resource_name_dns_a_record_on_launch": "false",
                            "enable_resource_name_dns_aaaa_record_on_launch": "false",
                            "id": "subnet-0d9f83e21ccbacf25",
                            "ipv6_cidr_block": "",
                            "ipv6_cidr_block_association_id": "",
                            "ipv6_native": "false",
                            "map_customer_owned_ip_on_launch": "false",
                            "map_public_ip_on_launch": "false",
                            "outpost_arn": "",
                            "owner_id": "992382545251",
                            "private_dns_hostname_type_on_launch": "ip-name",
                            "tags.%": "2",
                            "tags.DoNotDelete": "True",
                            "tags.Name": "private-subnet-test-a",
                            "tags_all.%": "2",
                            "tags_all.DoNotDelete": "True",
                            "tags_all.Name": "private-subnet-test-a",
                            "vpc_id": "vpc-014e64327a6883f05"
                        },
                        "meta": {
                            "schema_version": 1
                        },
                        "tainted": false
                    },
                    "deposed": [],
                    "provider": "provider.aws"
                },
                "aws_subnet.tfer--subnet-0de54fb295b7767a0": {
                    "type": "aws_subnet",
                    "depends_on": [],
                    "primary": {
                        "id": "subnet-0de54fb295b7767a0",
                        "attributes": {
                            "arn": "arn:aws:ec2:us-east-1:992382545251:subnet/subnet-0de54fb295b7767a0",
                            "assign_ipv6_address_on_creation": "false",
                            "availability_zone": "us-east-1b",
                            "availability_zone_id": "use1-az2",
                            "cidr_block": "10.42.32.0/19",
                            "customer_owned_ipv4_pool": "",
                            "enable_dns64": "false",
                            "enable_resource_name_dns_a_record_on_launch": "false",
                            "enable_resource_name_dns_aaaa_record_on_launch": "false",
                            "id": "subnet-0de54fb295b7767a0",
                            "ipv6_cidr_block": "",
                            "ipv6_cidr_block_association_id": "",
                            "ipv6_native": "false",
                            "map_customer_owned_ip_on_launch": "false",
                            "map_public_ip_on_launch": "true",
                            "outpost_arn": "",
                            "owner_id": "992382545251",
                            "private_dns_hostname_type_on_launch": "ip-name",
                            "tags.%": "9",
                            "tags.Name": "eksctl-eks-workshop-cluster/SubnetPublicUSEAST1B",
                            "tags.alpha.eksctl.io/cluster-name": "eks-workshop",
                            "tags.alpha.eksctl.io/cluster-oidc-enabled": "true",
                            "tags.alpha.eksctl.io/eksctl-version": "0.208.0",
                            "tags.created-by": "eks-workshop-v2",
                            "tags.eksctl.cluster.k8s.io/v1alpha1/cluster-name": "eks-workshop",
                            "tags.env": "eks-workshop",
                            "tags.karpenter.sh/discovery": "eks-workshop",
                            "tags.kubernetes.io/role/elb": "1",
                            "tags_all.%": "9",
                            "tags_all.Name": "eksctl-eks-workshop-cluster/SubnetPublicUSEAST1B",
                            "tags_all.alpha.eksctl.io/cluster-name": "eks-workshop",
                            "tags_all.alpha.eksctl.io/cluster-oidc-enabled": "true",
                            "tags_all.alpha.eksctl.io/eksctl-version": "0.208.0",
                            "tags_all.created-by": "eks-workshop-v2",
                            "tags_all.eksctl.cluster.k8s.io/v1alpha1/cluster-name": "eks-workshop",
                            "tags_all.env": "eks-workshop",
                            "tags_all.karpenter.sh/discovery": "eks-workshop",
                            "tags_all.kubernetes.io/role/elb": "1",
                            "vpc_id": "vpc-0718668e44e2cd265"
                        },
                        "meta": {
                            "schema_version": 1
                        },
                        "tainted": false
                    },
                    "deposed": [],
                    "provider": "provider.aws"
                },
                "aws_subnet.tfer--subnet-0e320d61192515d93": {
                    "type": "aws_subnet",
                    "depends_on": [],
                    "primary": {
                        "id": "subnet-0e320d61192515d93",
                        "attributes": {
                            "arn": "arn:aws:ec2:us-east-1:992382545251:subnet/subnet-0e320d61192515d93",
                            "assign_ipv6_address_on_creation": "false",
                            "availability_zone": "us-east-1a",
                            "availability_zone_id": "use1-az1",
                            "cidr_block": "192.168.32.0/19",
                            "customer_owned_ipv4_pool": "",
                            "enable_dns64": "false",
                            "enable_resource_name_dns_a_record_on_launch": "false",
                            "enable_resource_name_dns_aaaa_record_on_launch": "false",
                            "id": "subnet-0e320d61192515d93",
                            "ipv6_cidr_block": "",
                            "ipv6_cidr_block_association_id": "",
                            "ipv6_native": "false",
                            "map_customer_owned_ip_on_launch": "false",
                            "map_public_ip_on_launch": "true",
                            "outpost_arn": "",
                            "owner_id": "992382545251",
                            "private_dns_hostname_type_on_launch": "ip-name",
                            "tags.%": "7",
                            "tags.Name": "eksctl-my-amazing-cluster-cluster/SubnetPublicUSEAST1A",
                            "tags.Project": "DevOpsWorkshop",
                            "tags.alpha.eksctl.io/cluster-name": "my-amazing-cluster",
                            "tags.alpha.eksctl.io/cluster-oidc-enabled": "false",
                            "tags.alpha.eksctl.io/eksctl-version": "0.214.0",
                            "tags.eksctl.cluster.k8s.io/v1alpha1/cluster-name": "my-amazing-cluster",
                            "tags.kubernetes.io/role/elb": "1",
                            "tags_all.%": "7",
                            "tags_all.Name": "eksctl-my-amazing-cluster-cluster/SubnetPublicUSEAST1A",
                            "tags_all.Project": "DevOpsWorkshop",
                            "tags_all.alpha.eksctl.io/cluster-name": "my-amazing-cluster",
                            "tags_all.alpha.eksctl.io/cluster-oidc-enabled": "false",
                            "tags_all.alpha.eksctl.io/eksctl-version": "0.214.0",
                            "tags_all.eksctl.cluster.k8s.io/v1alpha1/cluster-name": "my-amazing-cluster",
                            "tags_all.kubernetes.io/role/elb": "1",
                            "vpc_id": "vpc-037bbd648cabe0375"
                        },
                        "meta": {
                            "schema_version": 1
                        },
                        "tainted": false
                    },
                    "deposed": [],
                    "provider": "provider.aws"
                },
                "aws_subnet.tfer--subnet-0e4dfbf05c6273091": {
                    "type": "aws_subnet",
                    "depends_on": [],
                    "primary": {
                        "id": "subnet-0e4dfbf05c6273091",
                        "attributes": {
                            "arn": "arn:aws:ec2:us-east-1:992382545251:subnet/subnet-0e4dfbf05c6273091",
                            "assign_ipv6_address_on_creation": "false",
                            "availability_zone": "us-east-1b",
                            "availability_zone_id": "use1-az2",
                            "cidr_block": "10.0.16.0/20",
                            "customer_owned_ipv4_pool": "",
                            "enable_dns64": "false",
                            "enable_resource_name_dns_a_record_on_launch": "false",
                            "enable_resource_name_dns_aaaa_record_on_launch": "false",
                            "id": "subnet-0e4dfbf05c6273091",
                            "ipv6_cidr_block": "",
                            "ipv6_cidr_block_association_id": "",
                            "ipv6_native": "false",
                            "map_customer_owned_ip_on_launch": "false",
                            "map_public_ip_on_launch": "false",
                            "outpost_arn": "",
                            "owner_id": "992382545251",
                            "private_dns_hostname_type_on_launch": "ip-name",
                            "tags.%": "1",
                            "tags.Name": "myvpc-i-subnet-public2-us-east-1b",
                            "tags_all.%": "1",
                            "tags_all.Name": "myvpc-i-subnet-public2-us-east-1b",
                            "vpc_id": "vpc-09c0eaeb5b69b1248"
                        },
                        "meta": {
                            "schema_version": 1
                        },
                        "tainted": false
                    },
                    "deposed": [],
                    "provider": "provider.aws"
                },
                "aws_subnet.tfer--subnet-0e7be37767717a051": {
                    "type": "aws_subnet",
                    "depends_on": [],
                    "primary": {
                        "id": "subnet-0e7be37767717a051",
                        "attributes": {
                            "arn": "arn:aws:ec2:us-east-1:992382545251:subnet/subnet-0e7be37767717a051",
                            "assign_ipv6_address_on_creation": "false",
                            "availability_zone": "us-east-1a",
                            "availability_zone_id": "use1-az1",
                            "cidr_block": "10.1.11.0/24",
                            "customer_owned_ipv4_pool": "",
                            "enable_dns64": "false",
                            "enable_resource_name_dns_a_record_on_launch": "false",
                            "enable_resource_name_dns_aaaa_record_on_launch": "false",
                            "id": "subnet-0e7be37767717a051",
                            "ipv6_cidr_block": "",
                            "ipv6_cidr_block_association_id": "",
                            "ipv6_native": "false",
                            "map_customer_owned_ip_on_launch": "false",
                            "map_public_ip_on_launch": "false",
                            "outpost_arn": "",
                            "owner_id": "992382545251",
                            "private_dns_hostname_type_on_launch": "ip-name",
                            "tags.%": "5",
                            "tags.Name": "status-page-ay-vpc-private-us-east-1a",
                            "tags.Owner": "arn:aws:iam::992382545251:user/annaperetiatka",
                            "tags.Project": "status-page-ay",
                            "tags.kubernetes.io/cluster/status-page-ay-eks": "shared",
                            "tags.kubernetes.io/role/internal-elb": "1",
                            "tags_all.%": "5",
                            "tags_all.Name": "status-page-ay-vpc-private-us-east-1a",
                            "tags_all.Owner": "arn:aws:iam::992382545251:user/annaperetiatka",
                            "tags_all.Project": "status-page-ay",
                            "tags_all.kubernetes.io/cluster/status-page-ay-eks": "shared",
                            "tags_all.kubernetes.io/role/internal-elb": "1",
                            "vpc_id": "vpc-04f0854157d7cfe9d"
                        },
                        "meta": {
                            "schema_version": 1
                        },
                        "tainted": false
                    },
                    "deposed": [],
                    "provider": "provider.aws"
                },
                "aws_subnet.tfer--subnet-0edfab6c9b2870f9b": {
                    "type": "aws_subnet",
                    "depends_on": [],
                    "primary": {
                        "id": "subnet-0edfab6c9b2870f9b",
                        "attributes": {
                            "arn": "arn:aws:ec2:us-east-1:992382545251:subnet/subnet-0edfab6c9b2870f9b",
                            "assign_ipv6_address_on_creation": "false",
                            "availability_zone": "us-east-1a",
                            "availability_zone_id": "use1-az1",
                            "cidr_block": "10.0.2.0/24",
                            "customer_owned_ipv4_pool": "",
                            "enable_dns64": "false",
                            "enable_resource_name_dns_a_record_on_launch": "false",
                            "enable_resource_name_dns_aaaa_record_on_launch": "false",
                            "id": "subnet-0edfab6c9b2870f9b",
                            "ipv6_cidr_block": "",
                            "ipv6_cidr_block_association_id": "",
                            "ipv6_native": "false",
                            "map_customer_owned_ip_on_launch": "false",
                            "map_public_ip_on_launch": "false",
                            "outpost_arn": "",
                            "owner_id": "992382545251",
                            "private_dns_hostname_type_on_launch": "ip-name",
                            "tags.%": "1",
                            "tags.Name": "private-sub-i1",
                            "tags_all.%": "1",
                            "tags_all.Name": "private-sub-i1",
                            "vpc_id": "vpc-022256b125ec24b0a"
                        },
                        "meta": {
                            "schema_version": 1
                        },
                        "tainted": false
                    },
                    "deposed": [],
                    "provider": "provider.aws"
                },
                "aws_subnet.tfer--subnet-0f5d4b510588d151a": {
                    "type": "aws_subnet",
                    "depends_on": [],
                    "primary": {
                        "id": "subnet-0f5d4b510588d151a",
                        "attributes": {
                            "arn": "arn:aws:ec2:us-east-1:992382545251:subnet/subnet-0f5d4b510588d151a",
                            "assign_ipv6_address_on_creation": "false",
                            "availability_zone": "us-east-1b",
                            "availability_zone_id": "use1-az2",
                            "cidr_block": "10.0.3.0/24",
                            "customer_owned_ipv4_pool": "",
                            "enable_dns64": "false",
                            "enable_resource_name_dns_a_record_on_launch": "false",
                            "enable_resource_name_dns_aaaa_record_on_launch": "false",
                            "id": "subnet-0f5d4b510588d151a",
                            "ipv6_cidr_block": "",
                            "ipv6_cidr_block_association_id": "",
                            "ipv6_native": "false",
                            "map_customer_owned_ip_on_launch": "false",
                            "map_public_ip_on_launch": "false",
                            "outpost_arn": "",
                            "owner_id": "992382545251",
                            "private_dns_hostname_type_on_launch": "ip-name",
                            "tags.%": "1",
                            "tags.Name": "Private subnet 02",
                            "tags_all.%": "1",
                            "tags_all.Name": "Private subnet 02",
                            "vpc_id": "vpc-05378dbf126e3680e"
                        },
                        "meta": {
                            "schema_version": 1
                        },
                        "tainted": false
                    },
                    "deposed": [],
                    "provider": "provider.aws"
                },
                "aws_subnet.tfer--subnet-0fa0c760cde6d926f": {
                    "type": "aws_subnet",
                    "depends_on": [],
                    "primary": {
                        "id": "subnet-0fa0c760cde6d926f",
                        "attributes": {
                            "arn": "arn:aws:ec2:us-east-1:992382545251:subnet/subnet-0fa0c760cde6d926f",
                            "assign_ipv6_address_on_creation": "false",
                            "availability_zone": "us-east-1a",
                            "availability_zone_id": "use1-az1",
                            "cidr_block": "10.0.128.0/20",
                            "customer_owned_ipv4_pool": "",
                            "enable_dns64": "false",
                            "enable_resource_name_dns_a_record_on_launch": "false",
                            "enable_resource_name_dns_aaaa_record_on_launch": "false",
                            "id": "subnet-0fa0c760cde6d926f",
                            "ipv6_cidr_block": "",
                            "ipv6_cidr_block_association_id": "",
                            "ipv6_native": "false",
                            "map_customer_owned_ip_on_launch": "false",
                            "map_public_ip_on_launch": "false",
                            "outpost_arn": "",
                            "owner_id": "992382545251",
                            "private_dns_hostname_type_on_launch": "ip-name",
                            "tags.%": "1",
                            "tags.Name": "myvpc-i-subnet-private1-us-east-1a",
                            "tags_all.%": "1",
                            "tags_all.Name": "myvpc-i-subnet-private1-us-east-1a",
                            "vpc_id": "vpc-09c0eaeb5b69b1248"
                        },
                        "meta": {
                            "schema_version": 1
                        },
                        "tainted": false
                    },
                    "deposed": [],
                    "provider": "provider.aws"
                },
                "aws_subnet.tfer--subnet-0fa413b471b4a729a": {
                    "type": "aws_subnet",
                    "depends_on": [],
                    "primary": {
                        "id": "subnet-0fa413b471b4a729a",
                        "attributes": {
                            "arn": "arn:aws:ec2:us-east-1:992382545251:subnet/subnet-0fa413b471b4a729a",
                            "assign_ipv6_address_on_creation": "false",
                            "availability_zone": "us-east-1a",
                            "availability_zone_id": "use1-az1",
                            "cidr_block": "10.0.1.0/24",
                            "customer_owned_ipv4_pool": "",
                            "enable_dns64": "false",
                            "enable_resource_name_dns_a_record_on_launch": "false",
                            "enable_resource_name_dns_aaaa_record_on_launch": "false",
                            "id": "subnet-0fa413b471b4a729a",
                            "ipv6_cidr_block": "",
                            "ipv6_cidr_block_association_id": "",
                            "ipv6_native": "false",
                            "map_customer_owned_ip_on_launch": "false",
                            "map_public_ip_on_launch": "false",
                            "outpost_arn": "",
                            "owner_id": "992382545251",
                            "private_dns_hostname_type_on_launch": "ip-name",
                            "tags.%": "3",
                            "tags.Name": "dr_statuspage_cluster-vpc-public-us-east-1a",
                            "tags.OWNER": "dr_admin",
                            "tags.Project": "dr_statuspage",
                            "tags_all.%": "3",
                            "tags_all.Name": "dr_statuspage_cluster-vpc-public-us-east-1a",
                            "tags_all.OWNER": "dr_admin",
                            "tags_all.Project": "dr_statuspage",
                            "vpc_id": "vpc-0e6130bd6e1263adc"
                        },
                        "meta": {
                            "schema_version": 1
                        },
                        "tainted": false
                    },
                    "deposed": [],
                    "provider": "provider.aws"
                }
            },
            "depends_on": []
        }
    ]
}
