{
    "version": 3,
    "terraform_version": "0.12.31",
    "serial": 1,
    "lineage": "b32e9270-1610-d4ea-f20c-ac4f52623040",
    "modules": [
        {
            "path": [
                "root"
            ],
            "outputs": {
                "aws_autoscaling_group_tfer--eks-RAK-NG1-b2cc9e5f-12c9-3180-fe55-b0d7844f50e0_id": {
                    "sensitive": false,
                    "type": "string",
                    "value": "eks-RAK-NG1-b2cc9e5f-12c9-3180-fe55-b0d7844f50e0"
                },
                "aws_autoscaling_group_tfer--eks-ly-statuspage-nodes-8ecc9f86-809b-2a82-e716-d1bf70f1fa8f_id": {
                    "sensitive": false,
                    "type": "string",
                    "value": "eks-ly-statuspage-nodes-8ecc9f86-809b-2a82-e716-d1bf70f1fa8f"
                },
                "aws_autoscaling_group_tfer--eks-msdw-nodegroup-a6cc9edf-3bdc-456b-7011-4d1a970a7bd7_id": {
                    "sensitive": false,
                    "type": "string",
                    "value": "eks-msdw-nodegroup-a6cc9edf-3bdc-456b-7011-4d1a970a7bd7"
                },
                "aws_autoscaling_group_tfer--eks-status-page-ay-ec2-82cc9fc1-2997-b4a1-0f0d-1629cecde532_id": {
                    "sensitive": false,
                    "type": "string",
                    "value": "eks-status-page-ay-ec2-82cc9fc1-2997-b4a1-0f0d-1629cecde532"
                },
                "aws_autoscaling_group_tfer--eksctl-my-amazing-cluster-nodegroup-compute-ng-NodeGroup-JoDpdTW3n1oo_id": {
                    "sensitive": false,
                    "type": "string",
                    "value": "eksctl-my-amazing-cluster-nodegroup-compute-ng-NodeGroup-JoDpdTW3n1oo"
                },
                "aws_autoscaling_group_tfer--eksctl-my-amazing-cluster-nodegroup-general-ng-NodeGroup-R1eLLHklNDQB_id": {
                    "sensitive": false,
                    "type": "string",
                    "value": "eksctl-my-amazing-cluster-nodegroup-general-ng-NodeGroup-R1eLLHklNDQB"
                },
                "aws_launch_template_tfer--eks-82cc9fc1-2997-b4a1-0f0d-1629cecde532_id": {
                    "sensitive": false,
                    "type": "string",
                    "value": "lt-0a3347a672ac87d1c"
                },
                "aws_launch_template_tfer--eks-8ecc9f86-809b-2a82-e716-d1bf70f1fa8f_id": {
                    "sensitive": false,
                    "type": "string",
                    "value": "lt-0ad2cc642228a996f"
                },
                "aws_launch_template_tfer--eks-a6cc9edf-3bdc-456b-7011-4d1a970a7bd7_id": {
                    "sensitive": false,
                    "type": "string",
                    "value": "lt-0e8db8f65f03bf45f"
                },
                "aws_launch_template_tfer--eks-b2cc9e5f-12c9-3180-fe55-b0d7844f50e0_id": {
                    "sensitive": false,
                    "type": "string",
                    "value": "lt-0f25a45812f3080af"
                },
                "aws_launch_template_tfer--eksctl-my-amazing-cluster-nodegroup-compute-ng_id": {
                    "sensitive": false,
                    "type": "string",
                    "value": "lt-0a71097e66a096988"
                },
                "aws_launch_template_tfer--eksctl-my-amazing-cluster-nodegroup-general-ng_id": {
                    "sensitive": false,
                    "type": "string",
                    "value": "lt-0a323f866ef1de45b"
                }
            },
            "resources": {
                "aws_autoscaling_group.tfer--eks-RAK-NG1-b2cc9e5f-12c9-3180-fe55-b0d7844f50e0": {
                    "type": "aws_autoscaling_group",
                    "depends_on": [],
                    "primary": {
                        "id": "eks-RAK-NG1-b2cc9e5f-12c9-3180-fe55-b0d7844f50e0",
                        "attributes": {
                            "arn": "arn:aws:autoscaling:us-east-1:992382545251:autoScalingGroup:4ad55020-0c16-4326-899e-479bc8e954ca:autoScalingGroupName/eks-RAK-NG1-b2cc9e5f-12c9-3180-fe55-b0d7844f50e0",
                            "availability_zones.#": "2",
                            "availability_zones.0": "us-east-1a",
                            "availability_zones.1": "us-east-1b",
                            "capacity_rebalance": "true",
                            "default_cooldown": "300",
                            "desired_capacity": "3",
                            "enabled_metrics.#": "21",
                            "enabled_metrics.0": "GroupAndWarmPoolDesiredCapacity",
                            "enabled_metrics.1": "GroupAndWarmPoolTotalCapacity",
                            "enabled_metrics.10": "GroupStandbyInstances",
                            "enabled_metrics.11": "GroupTerminatingCapacity",
                            "enabled_metrics.12": "GroupTerminatingInstances",
                            "enabled_metrics.13": "GroupTotalCapacity",
                            "enabled_metrics.14": "GroupTotalInstances",
                            "enabled_metrics.15": "WarmPoolDesiredCapacity",
                            "enabled_metrics.16": "WarmPoolMinSize",
                            "enabled_metrics.17": "WarmPoolPendingCapacity",
                            "enabled_metrics.18": "WarmPoolTerminatingCapacity",
                            "enabled_metrics.19": "WarmPoolTotalCapacity",
                            "enabled_metrics.2": "GroupDesiredCapacity",
                            "enabled_metrics.20": "WarmPoolWarmedCapacity",
                            "enabled_metrics.3": "GroupInServiceCapacity",
                            "enabled_metrics.4": "GroupInServiceInstances",
                            "enabled_metrics.5": "GroupMaxSize",
                            "enabled_metrics.6": "GroupMinSize",
                            "enabled_metrics.7": "GroupPendingCapacity",
                            "enabled_metrics.8": "GroupPendingInstances",
                            "enabled_metrics.9": "GroupStandbyCapacity",
                            "force_delete": "false",
                            "health_check_grace_period": "15",
                            "health_check_type": "EC2",
                            "id": "eks-RAK-NG1-b2cc9e5f-12c9-3180-fe55-b0d7844f50e0",
                            "launch_configuration": "",
                            "launch_template.#": "0",
                            "load_balancers.#": "0",
                            "max_instance_lifetime": "0",
                            "max_size": "3",
                            "metrics_granularity": "1Minute",
                            "min_size": "3",
                            "mixed_instances_policy.#": "1",
                            "mixed_instances_policy.0.instances_distribution.#": "1",
                            "mixed_instances_policy.0.instances_distribution.0.on_demand_allocation_strategy": "prioritized",
                            "mixed_instances_policy.0.instances_distribution.0.on_demand_base_capacity": "0",
                            "mixed_instances_policy.0.instances_distribution.0.on_demand_percentage_above_base_capacity": "100",
                            "mixed_instances_policy.0.instances_distribution.0.spot_allocation_strategy": "lowest-price",
                            "mixed_instances_policy.0.instances_distribution.0.spot_instance_pools": "2",
                            "mixed_instances_policy.0.instances_distribution.0.spot_max_price": "",
                            "mixed_instances_policy.0.launch_template.#": "1",
                            "mixed_instances_policy.0.launch_template.0.launch_template_specification.#": "1",
                            "mixed_instances_policy.0.launch_template.0.launch_template_specification.0.launch_template_id": "lt-0f25a45812f3080af",
                            "mixed_instances_policy.0.launch_template.0.launch_template_specification.0.launch_template_name": "eks-b2cc9e5f-12c9-3180-fe55-b0d7844f50e0",
                            "mixed_instances_policy.0.launch_template.0.launch_template_specification.0.version": "1",
                            "mixed_instances_policy.0.launch_template.0.override.#": "1",
                            "mixed_instances_policy.0.launch_template.0.override.0.instance_type": "t3.small",
                            "mixed_instances_policy.0.launch_template.0.override.0.launch_template_specification.#": "0",
                            "mixed_instances_policy.0.launch_template.0.override.0.weighted_capacity": "",
                            "name": "eks-RAK-NG1-b2cc9e5f-12c9-3180-fe55-b0d7844f50e0",
                            "name_prefix": "",
                            "placement_group": "",
                            "protect_from_scale_in": "false",
                            "service_linked_role_arn": "arn:aws:iam::992382545251:role/aws-service-role/autoscaling.amazonaws.com/AWSServiceRoleForAutoScaling",
                            "suspended_processes.#": "0",
                            "tag.#": "5",
                            "tag.0.key": "eks:cluster-name",
                            "tag.0.propagate_at_launch": "true",
                            "tag.0.value": "RAK-EKS",
                            "tag.1.key": "eks:nodegroup-name",
                            "tag.1.propagate_at_launch": "true",
                            "tag.1.value": "RAK-NG1",
                            "tag.2.key": "k8s.io/cluster-autoscaler/RAK-EKS",
                            "tag.2.propagate_at_launch": "true",
                            "tag.2.value": "owned",
                            "tag.3.key": "k8s.io/cluster-autoscaler/enabled",
                            "tag.3.propagate_at_launch": "true",
                            "tag.3.value": "true",
                            "tag.4.key": "kubernetes.io/cluster/RAK-EKS",
                            "tag.4.propagate_at_launch": "true",
                            "tag.4.value": "owned",
                            "target_group_arns.#": "0",
                            "termination_policies.#": "3",
                            "termination_policies.0": "AllocationStrategy",
                            "termination_policies.1": "OldestLaunchTemplate",
                            "termination_policies.2": "OldestInstance",
                            "vpc_zone_identifier.#": "2",
                            "vpc_zone_identifier.0": "subnet-05f9aad22ed12c8c8",
                            "vpc_zone_identifier.1": "subnet-0794bcdafbe8da12b",
                            "wait_for_capacity_timeout": "10m",
                            "warm_pool.#": "0"
                        },
                        "meta": {
                            "schema_version": 0
                        },
                        "tainted": false
                    },
                    "deposed": [],
                    "provider": "provider.aws"
                },
                "aws_autoscaling_group.tfer--eks-ly-statuspage-nodes-8ecc9f86-809b-2a82-e716-d1bf70f1fa8f": {
                    "type": "aws_autoscaling_group",
                    "depends_on": [],
                    "primary": {
                        "id": "eks-ly-statuspage-nodes-8ecc9f86-809b-2a82-e716-d1bf70f1fa8f",
                        "attributes": {
                            "arn": "arn:aws:autoscaling:us-east-1:992382545251:autoScalingGroup:e2fba685-4b72-40f6-b73f-395b4b8a9f98:autoScalingGroupName/eks-ly-statuspage-nodes-8ecc9f86-809b-2a82-e716-d1bf70f1fa8f",
                            "availability_zones.#": "2",
                            "availability_zones.0": "us-east-1a",
                            "availability_zones.1": "us-east-1b",
                            "capacity_rebalance": "true",
                            "default_cooldown": "300",
                            "desired_capacity": "3",
                            "enabled_metrics.#": "21",
                            "enabled_metrics.0": "GroupAndWarmPoolDesiredCapacity",
                            "enabled_metrics.1": "GroupAndWarmPoolTotalCapacity",
                            "enabled_metrics.10": "GroupStandbyInstances",
                            "enabled_metrics.11": "GroupTerminatingCapacity",
                            "enabled_metrics.12": "GroupTerminatingInstances",
                            "enabled_metrics.13": "GroupTotalCapacity",
                            "enabled_metrics.14": "GroupTotalInstances",
                            "enabled_metrics.15": "WarmPoolDesiredCapacity",
                            "enabled_metrics.16": "WarmPoolMinSize",
                            "enabled_metrics.17": "WarmPoolPendingCapacity",
                            "enabled_metrics.18": "WarmPoolTerminatingCapacity",
                            "enabled_metrics.19": "WarmPoolTotalCapacity",
                            "enabled_metrics.2": "GroupDesiredCapacity",
                            "enabled_metrics.20": "WarmPoolWarmedCapacity",
                            "enabled_metrics.3": "GroupInServiceCapacity",
                            "enabled_metrics.4": "GroupInServiceInstances",
                            "enabled_metrics.5": "GroupMaxSize",
                            "enabled_metrics.6": "GroupMinSize",
                            "enabled_metrics.7": "GroupPendingCapacity",
                            "enabled_metrics.8": "GroupPendingInstances",
                            "enabled_metrics.9": "GroupStandbyCapacity",
                            "force_delete": "false",
                            "health_check_grace_period": "15",
                            "health_check_type": "EC2",
                            "id": "eks-ly-statuspage-nodes-8ecc9f86-809b-2a82-e716-d1bf70f1fa8f",
                            "launch_configuration": "",
                            "launch_template.#": "0",
                            "load_balancers.#": "0",
                            "max_instance_lifetime": "0",
                            "max_size": "5",
                            "metrics_granularity": "1Minute",
                            "min_size": "2",
                            "mixed_instances_policy.#": "1",
                            "mixed_instances_policy.0.instances_distribution.#": "1",
                            "mixed_instances_policy.0.instances_distribution.0.on_demand_allocation_strategy": "prioritized",
                            "mixed_instances_policy.0.instances_distribution.0.on_demand_base_capacity": "0",
                            "mixed_instances_policy.0.instances_distribution.0.on_demand_percentage_above_base_capacity": "0",
                            "mixed_instances_policy.0.instances_distribution.0.spot_allocation_strategy": "price-capacity-optimized",
                            "mixed_instances_policy.0.instances_distribution.0.spot_instance_pools": "0",
                            "mixed_instances_policy.0.instances_distribution.0.spot_max_price": "",
                            "mixed_instances_policy.0.launch_template.#": "1",
                            "mixed_instances_policy.0.launch_template.0.launch_template_specification.#": "1",
                            "mixed_instances_policy.0.launch_template.0.launch_template_specification.0.launch_template_id": "lt-0ad2cc642228a996f",
                            "mixed_instances_policy.0.launch_template.0.launch_template_specification.0.launch_template_name": "eks-8ecc9f86-809b-2a82-e716-d1bf70f1fa8f",
                            "mixed_instances_policy.0.launch_template.0.launch_template_specification.0.version": "1",
                            "mixed_instances_policy.0.launch_template.0.override.#": "1",
                            "mixed_instances_policy.0.launch_template.0.override.0.instance_type": "t3.medium",
                            "mixed_instances_policy.0.launch_template.0.override.0.launch_template_specification.#": "0",
                            "mixed_instances_policy.0.launch_template.0.override.0.weighted_capacity": "",
                            "name": "eks-ly-statuspage-nodes-8ecc9f86-809b-2a82-e716-d1bf70f1fa8f",
                            "name_prefix": "",
                            "placement_group": "",
                            "protect_from_scale_in": "false",
                            "service_linked_role_arn": "arn:aws:iam::992382545251:role/aws-service-role/autoscaling.amazonaws.com/AWSServiceRoleForAutoScaling",
                            "suspended_processes.#": "0",
                            "tag.#": "5",
                            "tag.0.key": "eks:cluster-name",
                            "tag.0.propagate_at_launch": "true",
                            "tag.0.value": "ly-statuspage-cluster",
                            "tag.1.key": "eks:nodegroup-name",
                            "tag.1.propagate_at_launch": "true",
                            "tag.1.value": "ly-statuspage-nodes",
                            "tag.2.key": "k8s.io/cluster-autoscaler/enabled",
                            "tag.2.propagate_at_launch": "true",
                            "tag.2.value": "true",
                            "tag.3.key": "k8s.io/cluster-autoscaler/ly-statuspage-cluster",
                            "tag.3.propagate_at_launch": "true",
                            "tag.3.value": "owned",
                            "tag.4.key": "kubernetes.io/cluster/ly-statuspage-cluster",
                            "tag.4.propagate_at_launch": "true",
                            "tag.4.value": "owned",
                            "target_group_arns.#": "0",
                            "termination_policies.#": "3",
                            "termination_policies.0": "AllocationStrategy",
                            "termination_policies.1": "OldestLaunchTemplate",
                            "termination_policies.2": "OldestInstance",
                            "vpc_zone_identifier.#": "2",
                            "vpc_zone_identifier.0": "subnet-00e7a11252d53d099",
                            "vpc_zone_identifier.1": "subnet-05a75df6462060933",
                            "wait_for_capacity_timeout": "10m",
                            "warm_pool.#": "0"
                        },
                        "meta": {
                            "schema_version": 0
                        },
                        "tainted": false
                    },
                    "deposed": [],
                    "provider": "provider.aws"
                },
                "aws_autoscaling_group.tfer--eks-msdw-nodegroup-a6cc9edf-3bdc-456b-7011-4d1a970a7bd7": {
                    "type": "aws_autoscaling_group",
                    "depends_on": [],
                    "primary": {
                        "id": "eks-msdw-nodegroup-a6cc9edf-3bdc-456b-7011-4d1a970a7bd7",
                        "attributes": {
                            "arn": "arn:aws:autoscaling:us-east-1:992382545251:autoScalingGroup:26d1d846-281c-445c-9e73-2f3cb9492a28:autoScalingGroupName/eks-msdw-nodegroup-a6cc9edf-3bdc-456b-7011-4d1a970a7bd7",
                            "availability_zones.#": "2",
                            "availability_zones.0": "us-east-1a",
                            "availability_zones.1": "us-east-1b",
                            "capacity_rebalance": "true",
                            "default_cooldown": "300",
                            "desired_capacity": "2",
                            "enabled_metrics.#": "21",
                            "enabled_metrics.0": "GroupAndWarmPoolDesiredCapacity",
                            "enabled_metrics.1": "GroupAndWarmPoolTotalCapacity",
                            "enabled_metrics.10": "GroupStandbyInstances",
                            "enabled_metrics.11": "GroupTerminatingCapacity",
                            "enabled_metrics.12": "GroupTerminatingInstances",
                            "enabled_metrics.13": "GroupTotalCapacity",
                            "enabled_metrics.14": "GroupTotalInstances",
                            "enabled_metrics.15": "WarmPoolDesiredCapacity",
                            "enabled_metrics.16": "WarmPoolMinSize",
                            "enabled_metrics.17": "WarmPoolPendingCapacity",
                            "enabled_metrics.18": "WarmPoolTerminatingCapacity",
                            "enabled_metrics.19": "WarmPoolTotalCapacity",
                            "enabled_metrics.2": "GroupDesiredCapacity",
                            "enabled_metrics.20": "WarmPoolWarmedCapacity",
                            "enabled_metrics.3": "GroupInServiceCapacity",
                            "enabled_metrics.4": "GroupInServiceInstances",
                            "enabled_metrics.5": "GroupMaxSize",
                            "enabled_metrics.6": "GroupMinSize",
                            "enabled_metrics.7": "GroupPendingCapacity",
                            "enabled_metrics.8": "GroupPendingInstances",
                            "enabled_metrics.9": "GroupStandbyCapacity",
                            "force_delete": "false",
                            "health_check_grace_period": "15",
                            "health_check_type": "EC2",
                            "id": "eks-msdw-nodegroup-a6cc9edf-3bdc-456b-7011-4d1a970a7bd7",
                            "launch_configuration": "",
                            "launch_template.#": "0",
                            "load_balancers.#": "0",
                            "max_instance_lifetime": "0",
                            "max_size": "3",
                            "metrics_granularity": "1Minute",
                            "min_size": "1",
                            "mixed_instances_policy.#": "1",
                            "mixed_instances_policy.0.instances_distribution.#": "1",
                            "mixed_instances_policy.0.instances_distribution.0.on_demand_allocation_strategy": "prioritized",
                            "mixed_instances_policy.0.instances_distribution.0.on_demand_base_capacity": "0",
                            "mixed_instances_policy.0.instances_distribution.0.on_demand_percentage_above_base_capacity": "100",
                            "mixed_instances_policy.0.instances_distribution.0.spot_allocation_strategy": "lowest-price",
                            "mixed_instances_policy.0.instances_distribution.0.spot_instance_pools": "2",
                            "mixed_instances_policy.0.instances_distribution.0.spot_max_price": "",
                            "mixed_instances_policy.0.launch_template.#": "1",
                            "mixed_instances_policy.0.launch_template.0.launch_template_specification.#": "1",
                            "mixed_instances_policy.0.launch_template.0.launch_template_specification.0.launch_template_id": "lt-0e8db8f65f03bf45f",
                            "mixed_instances_policy.0.launch_template.0.launch_template_specification.0.launch_template_name": "eks-a6cc9edf-3bdc-456b-7011-4d1a970a7bd7",
                            "mixed_instances_policy.0.launch_template.0.launch_template_specification.0.version": "1",
                            "mixed_instances_policy.0.launch_template.0.override.#": "1",
                            "mixed_instances_policy.0.launch_template.0.override.0.instance_type": "t2.large",
                            "mixed_instances_policy.0.launch_template.0.override.0.launch_template_specification.#": "0",
                            "mixed_instances_policy.0.launch_template.0.override.0.weighted_capacity": "",
                            "name": "eks-msdw-nodegroup-a6cc9edf-3bdc-456b-7011-4d1a970a7bd7",
                            "name_prefix": "",
                            "placement_group": "",
                            "protect_from_scale_in": "false",
                            "service_linked_role_arn": "arn:aws:iam::992382545251:role/aws-service-role/autoscaling.amazonaws.com/AWSServiceRoleForAutoScaling",
                            "suspended_processes.#": "0",
                            "tag.#": "5",
                            "tag.0.key": "eks:cluster-name",
                            "tag.0.propagate_at_launch": "true",
                            "tag.0.value": "msdw-eks",
                            "tag.1.key": "eks:nodegroup-name",
                            "tag.1.propagate_at_launch": "true",
                            "tag.1.value": "msdw-nodegroup",
                            "tag.2.key": "k8s.io/cluster-autoscaler/enabled",
                            "tag.2.propagate_at_launch": "true",
                            "tag.2.value": "true",
                            "tag.3.key": "k8s.io/cluster-autoscaler/msdw-eks",
                            "tag.3.propagate_at_launch": "true",
                            "tag.3.value": "owned",
                            "tag.4.key": "kubernetes.io/cluster/msdw-eks",
                            "tag.4.propagate_at_launch": "true",
                            "tag.4.value": "owned",
                            "target_group_arns.#": "0",
                            "termination_policies.#": "3",
                            "termination_policies.0": "AllocationStrategy",
                            "termination_policies.1": "OldestLaunchTemplate",
                            "termination_policies.2": "OldestInstance",
                            "vpc_zone_identifier.#": "4",
                            "vpc_zone_identifier.0": "subnet-02b499a6d981becd9",
                            "vpc_zone_identifier.1": "subnet-052928045b461bd10",
                            "vpc_zone_identifier.2": "subnet-070c17a7438d0faef",
                            "vpc_zone_identifier.3": "subnet-071e1b16b635f632a",
                            "wait_for_capacity_timeout": "10m",
                            "warm_pool.#": "0"
                        },
                        "meta": {
                            "schema_version": 0
                        },
                        "tainted": false
                    },
                    "deposed": [],
                    "provider": "provider.aws"
                },
                "aws_autoscaling_group.tfer--eks-status-page-ay-ec2-82cc9fc1-2997-b4a1-0f0d-1629cecde532": {
                    "type": "aws_autoscaling_group",
                    "depends_on": [],
                    "primary": {
                        "id": "eks-status-page-ay-ec2-82cc9fc1-2997-b4a1-0f0d-1629cecde532",
                        "attributes": {
                            "arn": "arn:aws:autoscaling:us-east-1:992382545251:autoScalingGroup:c734568f-6868-4fc4-8b60-f5866af1f524:autoScalingGroupName/eks-status-page-ay-ec2-82cc9fc1-2997-b4a1-0f0d-1629cecde532",
                            "availability_zones.#": "2",
                            "availability_zones.0": "us-east-1a",
                            "availability_zones.1": "us-east-1b",
                            "capacity_rebalance": "true",
                            "default_cooldown": "300",
                            "desired_capacity": "4",
                            "enabled_metrics.#": "21",
                            "enabled_metrics.0": "GroupAndWarmPoolDesiredCapacity",
                            "enabled_metrics.1": "GroupAndWarmPoolTotalCapacity",
                            "enabled_metrics.10": "GroupStandbyInstances",
                            "enabled_metrics.11": "GroupTerminatingCapacity",
                            "enabled_metrics.12": "GroupTerminatingInstances",
                            "enabled_metrics.13": "GroupTotalCapacity",
                            "enabled_metrics.14": "GroupTotalInstances",
                            "enabled_metrics.15": "WarmPoolDesiredCapacity",
                            "enabled_metrics.16": "WarmPoolMinSize",
                            "enabled_metrics.17": "WarmPoolPendingCapacity",
                            "enabled_metrics.18": "WarmPoolTerminatingCapacity",
                            "enabled_metrics.19": "WarmPoolTotalCapacity",
                            "enabled_metrics.2": "GroupDesiredCapacity",
                            "enabled_metrics.20": "WarmPoolWarmedCapacity",
                            "enabled_metrics.3": "GroupInServiceCapacity",
                            "enabled_metrics.4": "GroupInServiceInstances",
                            "enabled_metrics.5": "GroupMaxSize",
                            "enabled_metrics.6": "GroupMinSize",
                            "enabled_metrics.7": "GroupPendingCapacity",
                            "enabled_metrics.8": "GroupPendingInstances",
                            "enabled_metrics.9": "GroupStandbyCapacity",
                            "force_delete": "false",
                            "health_check_grace_period": "15",
                            "health_check_type": "EC2",
                            "id": "eks-status-page-ay-ec2-82cc9fc1-2997-b4a1-0f0d-1629cecde532",
                            "launch_configuration": "",
                            "launch_template.#": "0",
                            "load_balancers.#": "0",
                            "max_instance_lifetime": "0",
                            "max_size": "6",
                            "metrics_granularity": "1Minute",
                            "min_size": "4",
                            "mixed_instances_policy.#": "1",
                            "mixed_instances_policy.0.instances_distribution.#": "1",
                            "mixed_instances_policy.0.instances_distribution.0.on_demand_allocation_strategy": "prioritized",
                            "mixed_instances_policy.0.instances_distribution.0.on_demand_base_capacity": "0",
                            "mixed_instances_policy.0.instances_distribution.0.on_demand_percentage_above_base_capacity": "100",
                            "mixed_instances_policy.0.instances_distribution.0.spot_allocation_strategy": "lowest-price",
                            "mixed_instances_policy.0.instances_distribution.0.spot_instance_pools": "2",
                            "mixed_instances_policy.0.instances_distribution.0.spot_max_price": "",
                            "mixed_instances_policy.0.launch_template.#": "1",
                            "mixed_instances_policy.0.launch_template.0.launch_template_specification.#": "1",
                            "mixed_instances_policy.0.launch_template.0.launch_template_specification.0.launch_template_id": "lt-0a3347a672ac87d1c",
                            "mixed_instances_policy.0.launch_template.0.launch_template_specification.0.launch_template_name": "eks-82cc9fc1-2997-b4a1-0f0d-1629cecde532",
                            "mixed_instances_policy.0.launch_template.0.launch_template_specification.0.version": "1",
                            "mixed_instances_policy.0.launch_template.0.override.#": "1",
                            "mixed_instances_policy.0.launch_template.0.override.0.instance_type": "t3.small",
                            "mixed_instances_policy.0.launch_template.0.override.0.launch_template_specification.#": "0",
                            "mixed_instances_policy.0.launch_template.0.override.0.weighted_capacity": "",
                            "name": "eks-status-page-ay-ec2-82cc9fc1-2997-b4a1-0f0d-1629cecde532",
                            "name_prefix": "",
                            "placement_group": "",
                            "protect_from_scale_in": "false",
                            "service_linked_role_arn": "arn:aws:iam::992382545251:role/aws-service-role/autoscaling.amazonaws.com/AWSServiceRoleForAutoScaling",
                            "suspended_processes.#": "0",
                            "tag.#": "5",
                            "tag.0.key": "eks:cluster-name",
                            "tag.0.propagate_at_launch": "true",
                            "tag.0.value": "status-page-ay-eks",
                            "tag.1.key": "eks:nodegroup-name",
                            "tag.1.propagate_at_launch": "true",
                            "tag.1.value": "status-page-ay-ec2",
                            "tag.2.key": "k8s.io/cluster-autoscaler/enabled",
                            "tag.2.propagate_at_launch": "true",
                            "tag.2.value": "true",
                            "tag.3.key": "k8s.io/cluster-autoscaler/status-page-ay-eks",
                            "tag.3.propagate_at_launch": "true",
                            "tag.3.value": "owned",
                            "tag.4.key": "kubernetes.io/cluster/status-page-ay-eks",
                            "tag.4.propagate_at_launch": "true",
                            "tag.4.value": "owned",
                            "target_group_arns.#": "0",
                            "termination_policies.#": "3",
                            "termination_policies.0": "AllocationStrategy",
                            "termination_policies.1": "OldestLaunchTemplate",
                            "termination_policies.2": "OldestInstance",
                            "vpc_zone_identifier.#": "2",
                            "vpc_zone_identifier.0": "subnet-01414037a5eafa2bd",
                            "vpc_zone_identifier.1": "subnet-0e7be37767717a051",
                            "wait_for_capacity_timeout": "10m",
                            "warm_pool.#": "0"
                        },
                        "meta": {
                            "schema_version": 0
                        },
                        "tainted": false
                    },
                    "deposed": [],
                    "provider": "provider.aws"
                },
                "aws_autoscaling_group.tfer--eksctl-my-amazing-cluster-nodegroup-compute-ng-NodeGroup-JoDpdTW3n1oo": {
                    "type": "aws_autoscaling_group",
                    "depends_on": [],
                    "primary": {
                        "id": "eksctl-my-amazing-cluster-nodegroup-compute-ng-NodeGroup-JoDpdTW3n1oo",
                        "attributes": {
                            "arn": "arn:aws:autoscaling:us-east-1:992382545251:autoScalingGroup:1dc8a799-2667-408c-9063-f9ca94cc0bbc:autoScalingGroupName/eksctl-my-amazing-cluster-nodegroup-compute-ng-NodeGroup-JoDpdTW3n1oo",
                            "availability_zones.#": "2",
                            "availability_zones.0": "us-east-1a",
                            "availability_zones.1": "us-east-1c",
                            "capacity_rebalance": "false",
                            "default_cooldown": "300",
                            "desired_capacity": "1",
                            "enabled_metrics.#": "0",
                            "force_delete": "false",
                            "health_check_grace_period": "0",
                            "health_check_type": "EC2",
                            "id": "eksctl-my-amazing-cluster-nodegroup-compute-ng-NodeGroup-JoDpdTW3n1oo",
                            "launch_configuration": "",
                            "launch_template.#": "1",
                            "launch_template.0.id": "lt-0a71097e66a096988",
                            "launch_template.0.name": "eksctl-my-amazing-cluster-nodegroup-compute-ng",
                            "launch_template.0.version": "1",
                            "load_balancers.#": "0",
                            "max_instance_lifetime": "0",
                            "max_size": "2",
                            "metrics_granularity": "1Minute",
                            "min_size": "1",
                            "mixed_instances_policy.#": "0",
                            "name": "eksctl-my-amazing-cluster-nodegroup-compute-ng-NodeGroup-JoDpdTW3n1oo",
                            "name_prefix": "",
                            "placement_group": "",
                            "protect_from_scale_in": "false",
                            "service_linked_role_arn": "arn:aws:iam::992382545251:role/aws-service-role/autoscaling.amazonaws.com/AWSServiceRoleForAutoScaling",
                            "suspended_processes.#": "0",
                            "tag.#": "10",
                            "tag.0.key": "Environment",
                            "tag.0.propagate_at_launch": "true",
                            "tag.0.value": "dev",
                            "tag.1.key": "Name",
                            "tag.1.propagate_at_launch": "true",
                            "tag.1.value": "my-amazing-cluster-compute-ng-Node",
                            "tag.2.key": "Project",
                            "tag.2.propagate_at_launch": "true",
                            "tag.2.value": "DevOpsWorkshop",
                            "tag.3.key": "alpha.eksctl.io/cluster-name",
                            "tag.3.propagate_at_launch": "true",
                            "tag.3.value": "my-amazing-cluster",
                            "tag.4.key": "alpha.eksctl.io/eksctl-version",
                            "tag.4.propagate_at_launch": "true",
                            "tag.4.value": "0.214.0",
                            "tag.5.key": "alpha.eksctl.io/nodegroup-name",
                            "tag.5.propagate_at_launch": "true",
                            "tag.5.value": "compute-ng",
                            "tag.6.key": "alpha.eksctl.io/nodegroup-type",
                            "tag.6.propagate_at_launch": "true",
                            "tag.6.value": "unmanaged",
                            "tag.7.key": "eksctl.cluster.k8s.io/v1alpha1/cluster-name",
                            "tag.7.propagate_at_launch": "true",
                            "tag.7.value": "my-amazing-cluster",
                            "tag.8.key": "eksctl.io/v1alpha2/nodegroup-name",
                            "tag.8.propagate_at_launch": "true",
                            "tag.8.value": "compute-ng",
                            "tag.9.key": "kubernetes.io/cluster/my-amazing-cluster",
                            "tag.9.propagate_at_launch": "true",
                            "tag.9.value": "owned",
                            "target_group_arns.#": "0",
                            "termination_policies.#": "0",
                            "vpc_zone_identifier.#": "2",
                            "vpc_zone_identifier.0": "subnet-0972cc251792d5095",
                            "vpc_zone_identifier.1": "subnet-0e320d61192515d93",
                            "wait_for_capacity_timeout": "10m",
                            "warm_pool.#": "0"
                        },
                        "meta": {
                            "schema_version": 0
                        },
                        "tainted": false
                    },
                    "deposed": [],
                    "provider": "provider.aws"
                },
                "aws_autoscaling_group.tfer--eksctl-my-amazing-cluster-nodegroup-general-ng-NodeGroup-R1eLLHklNDQB": {
                    "type": "aws_autoscaling_group",
                    "depends_on": [],
                    "primary": {
                        "id": "eksctl-my-amazing-cluster-nodegroup-general-ng-NodeGroup-R1eLLHklNDQB",
                        "attributes": {
                            "arn": "arn:aws:autoscaling:us-east-1:992382545251:autoScalingGroup:c0843464-d6ae-4fb0-a81b-09f08bcb030c:autoScalingGroupName/eksctl-my-amazing-cluster-nodegroup-general-ng-NodeGroup-R1eLLHklNDQB",
                            "availability_zones.#": "2",
                            "availability_zones.0": "us-east-1a",
                            "availability_zones.1": "us-east-1c",
                            "capacity_rebalance": "false",
                            "default_cooldown": "300",
                            "desired_capacity": "2",
                            "enabled_metrics.#": "0",
                            "force_delete": "false",
                            "health_check_grace_period": "0",
                            "health_check_type": "EC2",
                            "id": "eksctl-my-amazing-cluster-nodegroup-general-ng-NodeGroup-R1eLLHklNDQB",
                            "launch_configuration": "",
                            "launch_template.#": "1",
                            "launch_template.0.id": "lt-0a323f866ef1de45b",
                            "launch_template.0.name": "eksctl-my-amazing-cluster-nodegroup-general-ng",
                            "launch_template.0.version": "1",
                            "load_balancers.#": "0",
                            "max_instance_lifetime": "0",
                            "max_size": "3",
                            "metrics_granularity": "1Minute",
                            "min_size": "1",
                            "mixed_instances_policy.#": "0",
                            "name": "eksctl-my-amazing-cluster-nodegroup-general-ng-NodeGroup-R1eLLHklNDQB",
                            "name_prefix": "",
                            "placement_group": "",
                            "protect_from_scale_in": "false",
                            "service_linked_role_arn": "arn:aws:iam::992382545251:role/aws-service-role/autoscaling.amazonaws.com/AWSServiceRoleForAutoScaling",
                            "suspended_processes.#": "0",
                            "tag.#": "10",
                            "tag.0.key": "Environment",
                            "tag.0.propagate_at_launch": "true",
                            "tag.0.value": "dev",
                            "tag.1.key": "Name",
                            "tag.1.propagate_at_launch": "true",
                            "tag.1.value": "my-amazing-cluster-general-ng-Node",
                            "tag.2.key": "Project",
                            "tag.2.propagate_at_launch": "true",
                            "tag.2.value": "DevOpsWorkshop",
                            "tag.3.key": "alpha.eksctl.io/cluster-name",
                            "tag.3.propagate_at_launch": "true",
                            "tag.3.value": "my-amazing-cluster",
                            "tag.4.key": "alpha.eksctl.io/eksctl-version",
                            "tag.4.propagate_at_launch": "true",
                            "tag.4.value": "0.214.0",
                            "tag.5.key": "alpha.eksctl.io/nodegroup-name",
                            "tag.5.propagate_at_launch": "true",
                            "tag.5.value": "general-ng",
                            "tag.6.key": "alpha.eksctl.io/nodegroup-type",
                            "tag.6.propagate_at_launch": "true",
                            "tag.6.value": "unmanaged",
                            "tag.7.key": "eksctl.cluster.k8s.io/v1alpha1/cluster-name",
                            "tag.7.propagate_at_launch": "true",
                            "tag.7.value": "my-amazing-cluster",
                            "tag.8.key": "eksctl.io/v1alpha2/nodegroup-name",
                            "tag.8.propagate_at_launch": "true",
                            "tag.8.value": "general-ng",
                            "tag.9.key": "kubernetes.io/cluster/my-amazing-cluster",
                            "tag.9.propagate_at_launch": "true",
                            "tag.9.value": "owned",
                            "target_group_arns.#": "0",
                            "termination_policies.#": "0",
                            "vpc_zone_identifier.#": "2",
                            "vpc_zone_identifier.0": "subnet-0972cc251792d5095",
                            "vpc_zone_identifier.1": "subnet-0e320d61192515d93",
                            "wait_for_capacity_timeout": "10m",
                            "warm_pool.#": "0"
                        },
                        "meta": {
                            "schema_version": 0
                        },
                        "tainted": false
                    },
                    "deposed": [],
                    "provider": "provider.aws"
                },
                "aws_launch_template.tfer--eks-82cc9fc1-2997-b4a1-0f0d-1629cecde532": {
                    "type": "aws_launch_template",
                    "depends_on": [],
                    "primary": {
                        "id": "lt-0a3347a672ac87d1c",
                        "attributes": {
                            "arn": "arn:aws:ec2:us-east-1:992382545251:launch-template/lt-0a3347a672ac87d1c",
                            "block_device_mappings.#": "1",
                            "block_device_mappings.0.device_name": "/dev/xvda",
                            "block_device_mappings.0.ebs.#": "1",
                            "block_device_mappings.0.ebs.0.delete_on_termination": "true",
                            "block_device_mappings.0.ebs.0.encrypted": "",
                            "block_device_mappings.0.ebs.0.iops": "0",
                            "block_device_mappings.0.ebs.0.kms_key_id": "",
                            "block_device_mappings.0.ebs.0.snapshot_id": "",
                            "block_device_mappings.0.ebs.0.throughput": "0",
                            "block_device_mappings.0.ebs.0.volume_size": "20",
                            "block_device_mappings.0.ebs.0.volume_type": "gp2",
                            "block_device_mappings.0.no_device": "",
                            "block_device_mappings.0.virtual_name": "",
                            "capacity_reservation_specification.#": "0",
                            "cpu_options.#": "0",
                            "credit_specification.#": "0",
                            "default_version": "1",
                            "description": "",
                            "disable_api_termination": "false",
                            "ebs_optimized": "",
                            "elastic_gpu_specifications.#": "0",
                            "elastic_inference_accelerator.#": "0",
                            "enclave_options.#": "0",
                            "hibernation_options.#": "0",
                            "iam_instance_profile.#": "1",
                            "iam_instance_profile.0.arn": "",
                            "iam_instance_profile.0.name": "eks-82cc9fc1-2997-b4a1-0f0d-1629cecde532",
                            "id": "lt-0a3347a672ac87d1c",
                            "image_id": "ami-09e9eacf9f8f2c3e5",
                            "instance_initiated_shutdown_behavior": "",
                            "instance_market_options.#": "0",
                            "instance_type": "t3.small",
                            "kernel_id": "",
                            "key_name": "",
                            "latest_version": "1",
                            "license_specification.#": "0",
                            "metadata_options.#": "1",
                            "metadata_options.0.http_endpoint": "",
                            "metadata_options.0.http_protocol_ipv6": "",
                            "metadata_options.0.http_put_response_hop_limit": "2",
                            "metadata_options.0.http_tokens": "",
                            "metadata_options.0.instance_metadata_tags": "disabled",
                            "monitoring.#": "0",
                            "name": "eks-82cc9fc1-2997-b4a1-0f0d-1629cecde532",
                            "name_prefix": "",
                            "network_interfaces.#": "1",
                            "network_interfaces.0.associate_carrier_ip_address": "",
                            "network_interfaces.0.associate_public_ip_address": "",
                            "network_interfaces.0.delete_on_termination": "",
                            "network_interfaces.0.description": "",
                            "network_interfaces.0.device_index": "0",
                            "network_interfaces.0.interface_type": "",
                            "network_interfaces.0.ipv4_address_count": "0",
                            "network_interfaces.0.ipv4_addresses.#": "0",
                            "network_interfaces.0.ipv6_address_count": "0",
                            "network_interfaces.0.ipv6_addresses.#": "0",
                            "network_interfaces.0.network_card_index": "0",
                            "network_interfaces.0.network_interface_id": "",
                            "network_interfaces.0.private_ip_address": "",
                            "network_interfaces.0.security_groups.#": "1",
                            "network_interfaces.0.security_groups.0": "sg-0e1f1bf9003d285a6",
                            "network_interfaces.0.subnet_id": "",
                            "placement.#": "0",
                            "ram_disk_id": "",
                            "security_group_names.#": "0",
                            "tag_specifications.#": "0",
                            "tags.%": "2",
                            "tags.eks:cluster-name": "status-page-ay-eks",
                            "tags.eks:nodegroup-name": "status-page-ay-ec2",
                            "tags_all.%": "2",
                            "tags_all.eks:cluster-name": "status-page-ay-eks",
                            "tags_all.eks:nodegroup-name": "status-page-ay-ec2",
                            "user_data": "TUlNRS1WZXJzaW9uOiAxLjAKQ29udGVudC1UeXBlOiBtdWx0aXBhcnQvbWl4ZWQ7IGJvdW5kYXJ5PSIvLyIKCi0tLy8KQ29udGVudC1UeXBlOiB0ZXh0L3gtc2hlbGxzY3JpcHQ7IGNoYXJzZXQ9InVzLWFzY2lpIgojIS9iaW4vYmFzaApzZXQgLWV4CkI2NF9DTFVTVEVSX0NBPUxTMHRMUzFDUlVkSlRpQkRSVkpVU1VaSlEwRlVSUzB0TFMwdENrMUpTVVJDVkVORFFXVXlaMEYzU1VKQlowbEpTV2RMUkVWa1ZYUkNXRFIzUkZGWlNrdHZXa2xvZG1OT1FWRkZURUpSUVhkR1ZFVlVUVUpGUjBFeFZVVUtRWGhOUzJFelZtbGFXRXAxV2xoU2JHTjZRV1ZHZHpCNVRsUkJOVTFVU1hoT2FsVXhUV3BXWVVaM01IcE9WRUUxVFZSQmVFNTZRWGROYWxaaFRVSlZlQXBGZWtGU1FtZE9Wa0pCVFZSRGJYUXhXVzFXZVdKdFZqQmFXRTEzWjJkRmFVMUJNRWREVTNGSFUwbGlNMFJSUlVKQlVWVkJRVFJKUWtSM1FYZG5aMFZMQ2tGdlNVSkJVVVF3Y1RKYU9HNWhaM2xQYkc0NU56aFpPR1U0UkRFME1HSmFZbTloUTJoTFpVbEhWR1ptWjJsMWRHRTNNREZRZHpaYVJEQjNXazFLTDNjS1dsWk9SRnBhTWpkYU9ITjJjbnBPVEU5RE1uRm9ZVmdyTW14aVN5OVdOemhUTmpaS09WUndTMlJUUWpkSGFsUmhaSEJqTHpSVVpVTTFlR2w1UjBoNE5RcDFPRWR1TkhOV01FOWljRmxMWkhGc1pIUnBVM05DYkhWamNVNVVlRUZrZWpoTVpuZE1kSGRGYmxCb1oxSkxXSEJTWVhaVFRUY3dZbU5JYWs1WmEzZEJDbUpaV1d0dGN6aDBSVUl4ZUdwcFRGQjZOVVZpY21wWWJIUjJPV0k1VldzM1dtOHpVRmh4THpocmFucFJURVJOVkhCSmJHNTNjVmhRY21GeUswWkNiMFFLUlUxb1MzUXZlVVpDTWtRMlNXOXRWRzV2YVRKNVptbHdNM0IyYUdsYWRVMHlaRU5RYUdjdmFYZHVURlJRZVdKcWRYaFpialZyVUdGeldFUllhR05KVWdwUk1URTJSV05VTmtOQ1QyVkdWMmR3ZFdaME5pczRTSEYyT1dWMlFXZE5Ra0ZCUjJwWFZFSllUVUUwUjBFeFZXUkVkMFZDTDNkUlJVRjNTVU53UkVGUUNrSm5UbFpJVWsxQ1FXWTRSVUpVUVVSQlVVZ3ZUVUl3UjBFeFZXUkVaMUZYUWtKUmJUbGFTWFppUjNCVFZHNU5ValF3VVZOd2VEWTNOMGswWVROVVFWWUtRbWRPVmtoU1JVVkVha0ZOWjJkd2NtUlhTbXhqYlRWc1pFZFdlazFCTUVkRFUzRkhVMGxpTTBSUlJVSkRkMVZCUVRSSlFrRlJRVXR5ZW13dlNVRTBkQXB1YVdwV1RFOU9lazVNZDNWRVRGRlVVbGQ0VGtkMWVsZ3ZiRmhwSzJ3d1VXVmpSMWh6WkZacldtaGFTa2RNUXpnMloyUmtVbWhOU0hCVE5IRkNaSEpLQ2tOR2NuTkRha0ZQTlRsalQwWnBUbUpyTVZSRmNrSkxPR2x2TldOUFZsQmFUbWt3U1VWRGNHZGlSR2RyVGxSSWJGWmtPVk5UVWs1MVZVVjRWR1ZuWm04S1kxaFlhWGRxZW1wNU9YSjRUMUIxV1U1aE1sbDNWaTlHUzJKc2FVaDNjbXROUWxSSlZtZGxObTk2VFVOcE9WVkhZa0p6T1RsSVJXdEVTakY1VURsRVZ3cFRhMUZSY1RWSlpUZFlUVlVyZG1OallYSkxUMlJPYXpRNFJGRmlaVkE0WVVGRlkxaERkV1Y0ZEcwemN6STBSbWhOVFZFMkswOVZVR0V4VDJGUk5FVnpDbXMwUkZabFRFbG1OSFozTTIxSk9EbFZTR0phTlVOcE1FaE1XV3g1WlhwdE1UazRUVkJ6UjJwSWMwTlJPSEEzVkZnMVEzRndkVFYwYW1WcWNIbDRSbFFLZFU0M1NXcFJOSFp4VFU1TkNpMHRMUzB0UlU1RUlFTkZVbFJKUmtsRFFWUkZMUzB0TFMwSwpBUElfU0VSVkVSX1VSTD1odHRwczovLzE2QTVFMzFGODlDNkJFRTQyQjc2MzhCQzNCRjNBQzhFLmdyNy51cy1lYXN0LTEuZWtzLmFtYXpvbmF3cy5jb20KSzhTX0NMVVNURVJfRE5TX0lQPTE3Mi4yMC4wLjEwCi9ldGMvZWtzL2Jvb3RzdHJhcC5zaCBzdGF0dXMtcGFnZS1heS1la3MgLS1rdWJlbGV0LWV4dHJhLWFyZ3MgJy0tbm9kZS1sYWJlbHM9ZWtzLmFtYXpvbmF3cy5jb20vbm9kZWdyb3VwLWltYWdlPWFtaS0wOWU5ZWFjZjlmOGYyYzNlNSxla3MuYW1hem9uYXdzLmNvbS9jYXBhY2l0eVR5cGU9T05fREVNQU5ELGVrcy5hbWF6b25hd3MuY29tL25vZGVncm91cD1zdGF0dXMtcGFnZS1heS1lYzIgLS1tYXgtcG9kcz0xMScgLS1iNjQtY2x1c3Rlci1jYSAkQjY0X0NMVVNURVJfQ0EgLS1hcGlzZXJ2ZXItZW5kcG9pbnQgJEFQSV9TRVJWRVJfVVJMIC0tZG5zLWNsdXN0ZXItaXAgJEs4U19DTFVTVEVSX0ROU19JUCAtLXVzZS1tYXgtcG9kcyBmYWxzZQoKLS0vLy0t",
                            "vpc_security_group_ids.#": "0"
                        },
                        "meta": {
                            "schema_version": 0
                        },
                        "tainted": false
                    },
                    "deposed": [],
                    "provider": "provider.aws"
                },
                "aws_launch_template.tfer--eks-8ecc9f86-809b-2a82-e716-d1bf70f1fa8f": {
                    "type": "aws_launch_template",
                    "depends_on": [],
                    "primary": {
                        "id": "lt-0ad2cc642228a996f",
                        "attributes": {
                            "arn": "arn:aws:ec2:us-east-1:992382545251:launch-template/lt-0ad2cc642228a996f",
                            "block_device_mappings.#": "1",
                            "block_device_mappings.0.device_name": "/dev/xvda",
                            "block_device_mappings.0.ebs.#": "1",
                            "block_device_mappings.0.ebs.0.delete_on_termination": "true",
                            "block_device_mappings.0.ebs.0.encrypted": "",
                            "block_device_mappings.0.ebs.0.iops": "0",
                            "block_device_mappings.0.ebs.0.kms_key_id": "",
                            "block_device_mappings.0.ebs.0.snapshot_id": "",
                            "block_device_mappings.0.ebs.0.throughput": "0",
                            "block_device_mappings.0.ebs.0.volume_size": "20",
                            "block_device_mappings.0.ebs.0.volume_type": "gp2",
                            "block_device_mappings.0.no_device": "",
                            "block_device_mappings.0.virtual_name": "",
                            "capacity_reservation_specification.#": "0",
                            "cpu_options.#": "0",
                            "credit_specification.#": "0",
                            "default_version": "1",
                            "description": "",
                            "disable_api_termination": "false",
                            "ebs_optimized": "",
                            "elastic_gpu_specifications.#": "0",
                            "elastic_inference_accelerator.#": "0",
                            "enclave_options.#": "0",
                            "hibernation_options.#": "0",
                            "iam_instance_profile.#": "1",
                            "iam_instance_profile.0.arn": "",
                            "iam_instance_profile.0.name": "eks-8ecc9f86-809b-2a82-e716-d1bf70f1fa8f",
                            "id": "lt-0ad2cc642228a996f",
                            "image_id": "ami-09d48d0ab6a1c4fff",
                            "instance_initiated_shutdown_behavior": "",
                            "instance_market_options.#": "0",
                            "instance_type": "t3.medium",
                            "kernel_id": "",
                            "key_name": "yuvalyhome",
                            "latest_version": "1",
                            "license_specification.#": "0",
                            "metadata_options.#": "1",
                            "metadata_options.0.http_endpoint": "",
                            "metadata_options.0.http_protocol_ipv6": "",
                            "metadata_options.0.http_put_response_hop_limit": "2",
                            "metadata_options.0.http_tokens": "",
                            "metadata_options.0.instance_metadata_tags": "disabled",
                            "monitoring.#": "0",
                            "name": "eks-8ecc9f86-809b-2a82-e716-d1bf70f1fa8f",
                            "name_prefix": "",
                            "network_interfaces.#": "1",
                            "network_interfaces.0.associate_carrier_ip_address": "",
                            "network_interfaces.0.associate_public_ip_address": "",
                            "network_interfaces.0.delete_on_termination": "",
                            "network_interfaces.0.description": "",
                            "network_interfaces.0.device_index": "0",
                            "network_interfaces.0.interface_type": "",
                            "network_interfaces.0.ipv4_address_count": "0",
                            "network_interfaces.0.ipv4_addresses.#": "0",
                            "network_interfaces.0.ipv6_address_count": "0",
                            "network_interfaces.0.ipv6_addresses.#": "0",
                            "network_interfaces.0.network_card_index": "0",
                            "network_interfaces.0.network_interface_id": "",
                            "network_interfaces.0.private_ip_address": "",
                            "network_interfaces.0.security_groups.#": "2",
                            "network_interfaces.0.security_groups.0": "sg-0069fc73a334b3c3d",
                            "network_interfaces.0.security_groups.1": "sg-01931070472c72441",
                            "network_interfaces.0.subnet_id": "",
                            "placement.#": "0",
                            "ram_disk_id": "",
                            "security_group_names.#": "0",
                            "tag_specifications.#": "0",
                            "tags.%": "2",
                            "tags.eks:cluster-name": "ly-statuspage-cluster",
                            "tags.eks:nodegroup-name": "ly-statuspage-nodes",
                            "tags_all.%": "2",
                            "tags_all.eks:cluster-name": "ly-statuspage-cluster",
                            "tags_all.eks:nodegroup-name": "ly-statuspage-nodes",
                            "user_data": "TUlNRS1WZXJzaW9uOiAxLjAKQ29udGVudC1UeXBlOiBtdWx0aXBhcnQvbWl4ZWQ7IGJvdW5kYXJ5PSIvLyIKCi0tLy8KQ29udGVudC1UeXBlOiB0ZXh0L3gtc2hlbGxzY3JpcHQ7IGNoYXJzZXQ9InVzLWFzY2lpIgojIS9iaW4vYmFzaApzZXQgLWV4CkI2NF9DTFVTVEVSX0NBPUxTMHRMUzFDUlVkSlRpQkRSVkpVU1VaSlEwRlVSUzB0TFMwdENrMUpTVVJDVkVORFFXVXlaMEYzU1VKQlowbEpUa296Y2taSGMzUkhaMnQzUkZGWlNrdHZXa2xvZG1OT1FWRkZURUpSUVhkR1ZFVlVUVUpGUjBFeFZVVUtRWGhOUzJFelZtbGFXRXAxV2xoU2JHTjZRV1ZHZHpCNVRsUkJOVTFFWjNkUFZFRjZUVVJHWVVaM01IcE9WRUUxVFVSWmQwOVVRVFJOUkVaaFRVSlZlQXBGZWtGU1FtZE9Wa0pCVFZSRGJYUXhXVzFXZVdKdFZqQmFXRTEzWjJkRmFVMUJNRWREVTNGSFUwbGlNMFJSUlVKQlVWVkJRVFJKUWtSM1FYZG5aMFZMQ2tGdlNVSkJVVU4wYjFOS05VRlBOR0U1VEhOVVZGVnBUR3hWY25SRVdYTnVRbkpNTVhsbVNWcFlabVJPUTJnd2RXWlVNVXR6YjBaQ2F5dGhXVU5EVXpVS05FbHlja0V5YTNKNkswVnRXa1ZTVUdGR1NIZFZjRFIzS3lzNE0xSmhlbm93Tms5dlZuWmtObGN4Y2xkTmRtZG9RalJ0UmpGclVtbzVXaTgwTVN0MlZRcE5NbUl6VjNwVFdFbEtPVU0yYjFsRlFtVndPSFpoU1RJNFVuSk5lREZaZUZrelMxY3pRa2xLTkM5VmJtTTFkRXRDV0hwelJIRm5kRnBQZGtKR05pdFNDbU4zTW5wTkx6VkZNRklyTlZsVlIwdDFPRXBoV205aVNrRjBZbWhyTmpWeE9FOTVaMHRHTjNwV1pqaFlhWGhWZW1SWlNEbE5jMkpOTTBoamVVWkJVRVFLSzI5Tk16RkZkVVFyZGtSaEwxUlphbEZtTUZoR2QzTmpNVGhETjFwelZVVTFWVEZ0YkROUlJtOXlaemh1ZUhkWGFUUkpTazF2TVhOclZXdFhkVm95U3dwTFpXaDJibmRKWkcxR2FUa3laRUZaUlhscU1qbGFUVE14YkU5dVFXZE5Ra0ZCUjJwWFZFSllUVUUwUjBFeFZXUkVkMFZDTDNkUlJVRjNTVU53UkVGUUNrSm5UbFpJVWsxQ1FXWTRSVUpVUVVSQlVVZ3ZUVUl3UjBFeFZXUkVaMUZYUWtKU01rZFFiVlVyZEZoNWMyWXhheTlIWW5aM1pVSnRWbVpRZEc5RVFWWUtRbWRPVmtoU1JVVkVha0ZOWjJkd2NtUlhTbXhqYlRWc1pFZFdlazFCTUVkRFUzRkhVMGxpTTBSUlJVSkRkMVZCUVRSSlFrRlJRWFJGTWtOYWVFaFpRd3BDUm5CYWFrbFNUVlJrYUZwU1NrNUdVR05rUzJWdmJ6RlBPSEpGVTFabVNWWndaa2RVYkZWNU9XNUZkbHBwYmk5emFXbDBSSGhtU1ZGYWVGWnhTRzl5Q2xObVRERjZRbE5VVUZZeVVUWjRhRWREVW5WRGJVNXVNekY2T1dacVdFbGphbGw2UzBoSE5teHhiRk5aUW5JeGNFUlplak5xTDJZelZsTjJUeTlqVkRjS1UyOUxValo1VERZMGNDOVlWMk5uYVROcWNUSTRhMm9yU2s5V2JYaHJjRzQ0UVZGMlNHbDNRbUpyY0Zkb2RYTkZXRkZVU1hGcWMwSlRkMWx5TjFoS1ZncE9aU3RKU2pCdWFHMTFRVWRHUTBoemRWbzROVXh3VFRCWVRqSkNVRk5LU0dwUldTOW9abmt2TDJaTFdUSnlMMlpoYW05dGNGTTBTV05IVkc5QmJVWnFDbFZXWldoRlZ6UTVTWFJXYzNaSU5XZEJhVkJuUWxSUFFtTkJRV1J5Y1RKWlJtSTBkVGhsUlhod1NGUkZRMGRaTmlzcmJEUXdXRWhyU2pVeFVDdDBNWGtLVG1waEwwb3ZkVzFpU3poeUNpMHRMUzB0UlU1RUlFTkZVbFJKUmtsRFFWUkZMUzB0TFMwSwpBUElfU0VSVkVSX1VSTD1odHRwczovLzRFODg2NERGN0QxRkQzOTFDODA3MUVEQzY4OTJFREVCLmdyNy51cy1lYXN0LTEuZWtzLmFtYXpvbmF3cy5jb20KSzhTX0NMVVNURVJfRE5TX0lQPTE3Mi4yMC4wLjEwCi9ldGMvZWtzL2Jvb3RzdHJhcC5zaCBseS1zdGF0dXNwYWdlLWNsdXN0ZXIgLS1rdWJlbGV0LWV4dHJhLWFyZ3MgJy0tbm9kZS1sYWJlbHM9ZWtzLmFtYXpvbmF3cy5jb20vbm9kZWdyb3VwLWltYWdlPWFtaS0wOWQ0OGQwYWI2YTFjNGZmZixla3MuYW1hem9uYXdzLmNvbS9jYXBhY2l0eVR5cGU9U1BPVCxla3MuYW1hem9uYXdzLmNvbS9ub2RlZ3JvdXA9bHktc3RhdHVzcGFnZS1ub2RlcyAtLW1heC1wb2RzPTE3JyAtLWI2NC1jbHVzdGVyLWNhICRCNjRfQ0xVU1RFUl9DQSAtLWFwaXNlcnZlci1lbmRwb2ludCAkQVBJX1NFUlZFUl9VUkwgLS1kbnMtY2x1c3Rlci1pcCAkSzhTX0NMVVNURVJfRE5TX0lQIC0tdXNlLW1heC1wb2RzIGZhbHNlCgotLS8vLS0=",
                            "vpc_security_group_ids.#": "0"
                        },
                        "meta": {
                            "schema_version": 0
                        },
                        "tainted": false
                    },
                    "deposed": [],
                    "provider": "provider.aws"
                },
                "aws_launch_template.tfer--eks-a6cc9edf-3bdc-456b-7011-4d1a970a7bd7": {
                    "type": "aws_launch_template",
                    "depends_on": [],
                    "primary": {
                        "id": "lt-0e8db8f65f03bf45f",
                        "attributes": {
                            "arn": "arn:aws:ec2:us-east-1:992382545251:launch-template/lt-0e8db8f65f03bf45f",
                            "block_device_mappings.#": "1",
                            "block_device_mappings.0.device_name": "/dev/xvda",
                            "block_device_mappings.0.ebs.#": "1",
                            "block_device_mappings.0.ebs.0.delete_on_termination": "true",
                            "block_device_mappings.0.ebs.0.encrypted": "",
                            "block_device_mappings.0.ebs.0.iops": "0",
                            "block_device_mappings.0.ebs.0.kms_key_id": "",
                            "block_device_mappings.0.ebs.0.snapshot_id": "",
                            "block_device_mappings.0.ebs.0.throughput": "0",
                            "block_device_mappings.0.ebs.0.volume_size": "20",
                            "block_device_mappings.0.ebs.0.volume_type": "gp3",
                            "block_device_mappings.0.no_device": "",
                            "block_device_mappings.0.virtual_name": "",
                            "capacity_reservation_specification.#": "0",
                            "cpu_options.#": "0",
                            "credit_specification.#": "0",
                            "default_version": "1",
                            "description": "",
                            "disable_api_termination": "false",
                            "ebs_optimized": "",
                            "elastic_gpu_specifications.#": "0",
                            "elastic_inference_accelerator.#": "0",
                            "enclave_options.#": "0",
                            "hibernation_options.#": "0",
                            "iam_instance_profile.#": "1",
                            "iam_instance_profile.0.arn": "",
                            "iam_instance_profile.0.name": "eks-a6cc9edf-3bdc-456b-7011-4d1a970a7bd7",
                            "id": "lt-0e8db8f65f03bf45f",
                            "image_id": "ami-0b643482870c8f6db",
                            "instance_initiated_shutdown_behavior": "",
                            "instance_market_options.#": "0",
                            "instance_type": "t2.large",
                            "kernel_id": "",
                            "key_name": "marom-laptop",
                            "latest_version": "1",
                            "license_specification.#": "0",
                            "metadata_options.#": "1",
                            "metadata_options.0.http_endpoint": "",
                            "metadata_options.0.http_protocol_ipv6": "",
                            "metadata_options.0.http_put_response_hop_limit": "1",
                            "metadata_options.0.http_tokens": "required",
                            "metadata_options.0.instance_metadata_tags": "disabled",
                            "monitoring.#": "0",
                            "name": "eks-a6cc9edf-3bdc-456b-7011-4d1a970a7bd7",
                            "name_prefix": "",
                            "network_interfaces.#": "1",
                            "network_interfaces.0.associate_carrier_ip_address": "",
                            "network_interfaces.0.associate_public_ip_address": "",
                            "network_interfaces.0.delete_on_termination": "",
                            "network_interfaces.0.description": "",
                            "network_interfaces.0.device_index": "0",
                            "network_interfaces.0.interface_type": "",
                            "network_interfaces.0.ipv4_address_count": "0",
                            "network_interfaces.0.ipv4_addresses.#": "0",
                            "network_interfaces.0.ipv6_address_count": "0",
                            "network_interfaces.0.ipv6_addresses.#": "0",
                            "network_interfaces.0.network_card_index": "0",
                            "network_interfaces.0.network_interface_id": "",
                            "network_interfaces.0.private_ip_address": "",
                            "network_interfaces.0.security_groups.#": "2",
                            "network_interfaces.0.security_groups.0": "sg-07640c01a78717d4f",
                            "network_interfaces.0.security_groups.1": "sg-0af78db509c125dd6",
                            "network_interfaces.0.subnet_id": "",
                            "placement.#": "0",
                            "ram_disk_id": "",
                            "security_group_names.#": "0",
                            "tag_specifications.#": "0",
                            "tags.%": "2",
                            "tags.eks:cluster-name": "msdw-eks",
                            "tags.eks:nodegroup-name": "msdw-nodegroup",
                            "tags_all.%": "2",
                            "tags_all.eks:cluster-name": "msdw-eks",
                            "tags_all.eks:nodegroup-name": "msdw-nodegroup",
                            "user_data": "TUlNRS1WZXJzaW9uOiAxLjAKQ29udGVudC1UeXBlOiBtdWx0aXBhcnQvbWl4ZWQ7IGJvdW5kYXJ5PSIvLyIKCi0tLy8KQ29udGVudC1UeXBlOiBhcHBsaWNhdGlvbi9ub2RlLmVrcy5hd3MKCi0tLQphcGlWZXJzaW9uOiBub2RlLmVrcy5hd3MvdjFhbHBoYTEKa2luZDogTm9kZUNvbmZpZwpzcGVjOgogIGNsdXN0ZXI6CiAgICBhcGlTZXJ2ZXJFbmRwb2ludDogaHR0cHM6Ly9EMEY2MTUxQUZDQzIxRUJDNDBFMjdFQjczQTY4NTlBMS5ncjcudXMtZWFzdC0xLmVrcy5hbWF6b25hd3MuY29tCiAgICBjZXJ0aWZpY2F0ZUF1dGhvcml0eTogTFMwdExTMUNSVWRKVGlCRFJWSlVTVVpKUTBGVVJTMHRMUzB0Q2sxSlNVUkNWRU5EUVdVeVowRjNTVUpCWjBsSlIwMDNWSEpoWm05MWRtdDNSRkZaU2t0dldrbG9kbU5PUVZGRlRFSlJRWGRHVkVWVVRVSkZSMEV4VlVVS1FYaE5TMkV6Vm1sYVdFcDFXbGhTYkdONlFXVkdkekI1VGxSQk5VMVVTWGhOVkVrMFRYcFdZVVozTUhwT1ZFRTFUVlJCZUUxVVRYcE5lbFpoVFVKVmVBcEZla0ZTUW1kT1ZrSkJUVlJEYlhReFdXMVdlV0p0VmpCYVdFMTNaMmRGYVUxQk1FZERVM0ZIVTBsaU0wUlJSVUpCVVZWQlFUUkpRa1IzUVhkblowVkxDa0Z2U1VKQlVVUXpMMlZpUjJaYVJFbDNSMjVHWjBwTFZqVTFXWGhSVms1UmJrVm1WelF2VjNkRmFVUkxkU3NyZERaTlRXVnNZMHBYV0RoWmIwSnpkRTRLYVZaa2NVUTVOVEF4YkZsVFZVUlFTbVpMYVdKSVpFMUtRMW8yYUVacEwwdG9OV1JYYTFCeWNqUlRhVzVVY0ZOS00yMXNWbEk0VGswdk5qZEJMekJ0TlFwclVsSlpUbVp3WVdsNVMzaGpPRXBNWjJwalZHbzFOMHhtYkdacGExWlRkVUpTU2t3MlExWXZMelZtUlcxNGVtVjFabFZJVm01cVZrc3JRVVJ6ZDFsdkNsTndjV0ZKY1RWNWVUSm9XRWxRVXpWWmNFaE1ZVEF6Vldwa1NWVktTVTVuTDFKTVlsZzJkbVJ2YVN0MlNEWXhhbk5RZG5GV1ExUm5iMmxVUjA1MFJrc0tRa2xyZEhkQ04yVlNWVlJMSzNaNWVGWkhWMlY0V25GVVdFWlZVRVoxYzFkbVdXOW1NakEzYm5Ca09TczFXbnBRZFhkTmQxcFBXa05yUzI1RE1Vd3pOUW8xYkRadFp6TkJaa2RpZVhaNFl6aDJkbk5STjJscllXSm5iWEpvUVdkTlFrRkJSMnBYVkVKWVRVRTBSMEV4VldSRWQwVkNMM2RSUlVGM1NVTndSRUZRQ2tKblRsWklVazFDUVdZNFJVSlVRVVJCVVVndlRVSXdSMEV4VldSRVoxRlhRa0pSTUc1S04waEZRWE16TnpBcmNsRjBabWRWY1c1TFFtNHJkamxxUVZZS1FtZE9Wa2hTUlVWRWFrRk5aMmR3Y21SWFNteGpiVFZzWkVkV2VrMUJNRWREVTNGSFUwbGlNMFJSUlVKRGQxVkJRVFJKUWtGUlJFeGFRVTFoVVVGMmVRcHdNRTFtTWpSeGMxSTJjemRyV1RseVpqSmFlVU4zZWpoS1dYVndPVFZOYUZFcmVrWm1UVzFpVkdkNWRXWlViMk4wUm1jMVozTkVRa2dyVHpoS1dUTXZDa3g2U21KNlRXcEVOMmMzVmxsRGIyUm1ZbXBKUmsxWlVrZzBURWRqVmxWWGJWUlJZa0ZCZEhOT1QxWnFOeXRFVEdoeGRUUk9NMXBXWm0xalNEWmhkMEVLWjFrd1ZDOHlabTlMT0dsdWF6SjFXazVGTkVKak0xRkhTMlpQUm1KMWEyRXdNa1pqZDNaUmRsSm1WamcwUjJsQ1dDOHlibHBDYjNWcGVrVjZaMEp5YWdwdU0yOXVUVmt2Y1RCNVMwWnhZbFF6WjNKdE5ubHpWa2N6Y3pCamN6WnBjVWxpZFRKeFVXd3JNbWQyUlhCbFZtMWFTREpqVmtScE5EaGljMVpIU25ad0NtWTNkek16UjBZcmRrRnBiVXc1Ums0NFRXZHFNV2hPT0ROdmQzUnVXRlZKZUZsNE9WZGphRVJsY0Vwdk5YVlhVMDFwVWtoVlMxazNTa1IyUVZwNmNUZ0tiMEZ6UzJsRVkySXpjbTFrQ2kwdExTMHRSVTVFSUVORlVsUkpSa2xEUVZSRkxTMHRMUzBLCiAgICBjaWRyOiAxOTIuMTY4LjEwLjAvMjQKICAgIG5hbWU6IG1zZHctZWtzCiAga3ViZWxldDoKICAgIGNvbmZpZzoKICAgICAgbWF4UG9kczogMzUKICAgICAgY2x1c3RlckROUzoKICAgICAgLSAxOTIuMTY4LjEwLjEwCiAgICBmbGFnczoKICAgIC0gIi0tbm9kZS1sYWJlbHM9ZWtzLmFtYXpvbmF3cy5jb20vbm9kZWdyb3VwLWltYWdlPWFtaS0wYjY0MzQ4Mjg3MGM4ZjZkYixla3MuYW1hem9uYXdzLmNvbS9jYXBhY2l0eVR5cGU9T05fREVNQU5ELGVrcy5hbWF6b25hd3MuY29tL25vZGVncm91cD1tc2R3LW5vZGVncm91cCIKCi0tLy8tLQ==",
                            "vpc_security_group_ids.#": "0"
                        },
                        "meta": {
                            "schema_version": 0
                        },
                        "tainted": false
                    },
                    "deposed": [],
                    "provider": "provider.aws"
                },
                "aws_launch_template.tfer--eks-b2cc9e5f-12c9-3180-fe55-b0d7844f50e0": {
                    "type": "aws_launch_template",
                    "depends_on": [],
                    "primary": {
                        "id": "lt-0f25a45812f3080af",
                        "attributes": {
                            "arn": "arn:aws:ec2:us-east-1:992382545251:launch-template/lt-0f25a45812f3080af",
                            "block_device_mappings.#": "1",
                            "block_device_mappings.0.device_name": "/dev/xvda",
                            "block_device_mappings.0.ebs.#": "1",
                            "block_device_mappings.0.ebs.0.delete_on_termination": "true",
                            "block_device_mappings.0.ebs.0.encrypted": "",
                            "block_device_mappings.0.ebs.0.iops": "0",
                            "block_device_mappings.0.ebs.0.kms_key_id": "",
                            "block_device_mappings.0.ebs.0.snapshot_id": "",
                            "block_device_mappings.0.ebs.0.throughput": "0",
                            "block_device_mappings.0.ebs.0.volume_size": "20",
                            "block_device_mappings.0.ebs.0.volume_type": "gp3",
                            "block_device_mappings.0.no_device": "",
                            "block_device_mappings.0.virtual_name": "",
                            "capacity_reservation_specification.#": "0",
                            "cpu_options.#": "0",
                            "credit_specification.#": "0",
                            "default_version": "1",
                            "description": "",
                            "disable_api_termination": "false",
                            "ebs_optimized": "",
                            "elastic_gpu_specifications.#": "0",
                            "elastic_inference_accelerator.#": "0",
                            "enclave_options.#": "0",
                            "hibernation_options.#": "0",
                            "iam_instance_profile.#": "1",
                            "iam_instance_profile.0.arn": "",
                            "iam_instance_profile.0.name": "eks-b2cc9e5f-12c9-3180-fe55-b0d7844f50e0",
                            "id": "lt-0f25a45812f3080af",
                            "image_id": "ami-0b643482870c8f6db",
                            "instance_initiated_shutdown_behavior": "",
                            "instance_market_options.#": "0",
                            "instance_type": "t3.small",
                            "kernel_id": "",
                            "key_name": "",
                            "latest_version": "1",
                            "license_specification.#": "0",
                            "metadata_options.#": "1",
                            "metadata_options.0.http_endpoint": "",
                            "metadata_options.0.http_protocol_ipv6": "",
                            "metadata_options.0.http_put_response_hop_limit": "1",
                            "metadata_options.0.http_tokens": "required",
                            "metadata_options.0.instance_metadata_tags": "disabled",
                            "monitoring.#": "0",
                            "name": "eks-b2cc9e5f-12c9-3180-fe55-b0d7844f50e0",
                            "name_prefix": "",
                            "network_interfaces.#": "1",
                            "network_interfaces.0.associate_carrier_ip_address": "",
                            "network_interfaces.0.associate_public_ip_address": "",
                            "network_interfaces.0.delete_on_termination": "",
                            "network_interfaces.0.description": "",
                            "network_interfaces.0.device_index": "0",
                            "network_interfaces.0.interface_type": "",
                            "network_interfaces.0.ipv4_address_count": "0",
                            "network_interfaces.0.ipv4_addresses.#": "0",
                            "network_interfaces.0.ipv6_address_count": "0",
                            "network_interfaces.0.ipv6_addresses.#": "0",
                            "network_interfaces.0.network_card_index": "0",
                            "network_interfaces.0.network_interface_id": "",
                            "network_interfaces.0.private_ip_address": "",
                            "network_interfaces.0.security_groups.#": "1",
                            "network_interfaces.0.security_groups.0": "sg-0754b76e4b35b763c",
                            "network_interfaces.0.subnet_id": "",
                            "placement.#": "0",
                            "ram_disk_id": "",
                            "security_group_names.#": "0",
                            "tag_specifications.#": "0",
                            "tags.%": "2",
                            "tags.eks:cluster-name": "RAK-EKS",
                            "tags.eks:nodegroup-name": "RAK-NG1",
                            "tags_all.%": "2",
                            "tags_all.eks:cluster-name": "RAK-EKS",
                            "tags_all.eks:nodegroup-name": "RAK-NG1",
                            "user_data": "TUlNRS1WZXJzaW9uOiAxLjAKQ29udGVudC1UeXBlOiBtdWx0aXBhcnQvbWl4ZWQ7IGJvdW5kYXJ5PSIvLyIKCi0tLy8KQ29udGVudC1UeXBlOiBhcHBsaWNhdGlvbi9ub2RlLmVrcy5hd3MKCi0tLQphcGlWZXJzaW9uOiBub2RlLmVrcy5hd3MvdjFhbHBoYTEKa2luZDogTm9kZUNvbmZpZwpzcGVjOgogIGNsdXN0ZXI6CiAgICBhcGlTZXJ2ZXJFbmRwb2ludDogaHR0cHM6Ly9ENEFGREU2NDRENEZDOTE0RUU1OTlDNjg1RDcxNDlGRi5ncjcudXMtZWFzdC0xLmVrcy5hbWF6b25hd3MuY29tCiAgICBjZXJ0aWZpY2F0ZUF1dGhvcml0eTogTFMwdExTMUNSVWRKVGlCRFJWSlVTVVpKUTBGVVJTMHRMUzB0Q2sxSlNVUkNWRU5EUVdVeVowRjNTVUpCWjBsSlduUXhNRVYyZW1ocGF6aDNSRkZaU2t0dldrbG9kbU5PUVZGRlRFSlJRWGRHVkVWVVRVSkZSMEV4VlVVS1FYaE5TMkV6Vm1sYVdFcDFXbGhTYkdONlFXVkdkekI1VGxSQk5VMVVRWGhOZWtVMVRVUlNZVVozTUhwT1ZFRTFUVVJuZUUxNlNUQk5SRkpoVFVKVmVBcEZla0ZTUW1kT1ZrSkJUVlJEYlhReFdXMVdlV0p0VmpCYVdFMTNaMmRGYVUxQk1FZERVM0ZIVTBsaU0wUlJSVUpCVVZWQlFUUkpRa1IzUVhkblowVkxDa0Z2U1VKQlVVUk5SaTlKTHpOdmRUZFFTa0ozUWtwbU4zbGhORVZvTDBoRGRVSlFkMUZ4Wmk4MlYwc3pkMjFuVVN0UVppOTRabkpTUnpSclRrUXJhVzhLVWxaeWVYZHJlV2hFYkhkNWFqZ3hUMDFhTWxkUFNVdHZRVFJoVEdOR1NYSXphbnBaUVdOdVRFcHBWMWc1U0RsR1kwSmpOWE5vVkZKUFNWUm1RbE5tYkFvelMwWkpaRU5wU2lzM09WUlRkelEyZW1JMlprcFNUWEZxYkRkdmJ6ZEhSME51Tm5kTFkzbElNeko0UXpkQ1NTODFUVlpsY2xSa1YyOXhjRTVXZVZjeUNtOTJVbWxXY3pKTk4yTm5Xa0ZGTjIwd1dHdzNNVTlKYnpsc2FHeFBTVU5aYTBOR1VVNW5lRGxqUjFCM1ZsVXpNMlZoVG1veU4yVTBPRXBzT1doQk5WWUtUbGRUYWtSYWJrMVNNMWc0YVVGeWJHRmlSSEp1T0hGQ1NVWXJja1o2VFhCak1FMVJSWG94VERGU1VqbFNkbUpQUnpsVGFFcGFORkZvYlZZck16RmxZZ3B4ZDA1NVJEaG9VWHB1VmpKNVMyNXJSMGgyUkhCQ00yTnZSbkZXUVdkTlFrRkJSMnBYVkVKWVRVRTBSMEV4VldSRWQwVkNMM2RSUlVGM1NVTndSRUZRQ2tKblRsWklVazFDUVdZNFJVSlVRVVJCVVVndlRVSXdSMEV4VldSRVoxRlhRa0pUVmpSdVFXaHJUV05zY21FMmJuZHBMMmxTSzNoUmVEUlNZekpVUVZZS1FtZE9Wa2hTUlVWRWFrRk5aMmR3Y21SWFNteGpiVFZzWkVkV2VrMUJNRWREVTNGSFUwbGlNMFJSUlVKRGQxVkJRVFJKUWtGUlFrUlBURTlRUVM5cUt3cHRiMm92TWxsTlJrOTZSMDVNWlVWMlEyNHZXRmhwY0dNcmFreHhUVzFUUm5JeEwySnJNVVJ1VW1sNGNYaFFUazQxYlRjMWJDdHdOMjFFUkZoSmNGWXpDbTExWTI5SFVqSlBTbWsyV25JMWFtbGtkVEl4WlV0U2VUbHFXWFE0YnpKNlEzbHlTRTByTmxJM1QzQnZXSFpHUVdKMWEzZzBkRVJhTUZoUFRYRkxSRW9LUVhGNGR6RmpSMjFrVlhoclIxWnhZVzUwUjNrMlZVeEhTWFpHTm1oM1FVUkpiV1JqVDFCSlFWVnBRbTVLZEVreU9EZHVVaTl6VlRjeFYxVlFXREo0VEFveWVITlFielV5SzA5amRuUlFaMnd2VFhWeWVIQndWbU5XWm10ak5FcFdTSGN3ZUdkeFRXNTBaakJCYzFkVk4zRjFVQ3RVVmk4dmQxQTFablJYVVdSTkNrMTZWV1EwWjB4MldUVnVkbkJ1ZVN0eVNHdE1aR05GYTJKNVRtVXJPVFJ0VUVwRWVpOVRSM2hGTnpWMFRrUmtlRTU0TmxKNEwwUm5lVkYwVFRodVlVWUtOM05aTXk4MmIwNXdVM05wQ2kwdExTMHRSVTVFSUVORlVsUkpSa2xEUVZSRkxTMHRMUzBLCiAgICBjaWRyOiAxNzIuMjAuMC4wLzE2CiAgICBuYW1lOiBSQUstRUtTCiAga3ViZWxldDoKICAgIGNvbmZpZzoKICAgICAgbWF4UG9kczogMTEKICAgICAgY2x1c3RlckROUzoKICAgICAgLSAxNzIuMjAuMC4xMAogICAgZmxhZ3M6CiAgICAtICItLW5vZGUtbGFiZWxzPWVrcy5hbWF6b25hd3MuY29tL25vZGVncm91cC1pbWFnZT1hbWktMGI2NDM0ODI4NzBjOGY2ZGIsZWtzLmFtYXpvbmF3cy5jb20vY2FwYWNpdHlUeXBlPU9OX0RFTUFORCxla3MuYW1hem9uYXdzLmNvbS9ub2RlZ3JvdXA9UkFLLU5HMSIKCi0tLy8tLQ==",
                            "vpc_security_group_ids.#": "0"
                        },
                        "meta": {
                            "schema_version": 0
                        },
                        "tainted": false
                    },
                    "deposed": [],
                    "provider": "provider.aws"
                },
                "aws_launch_template.tfer--eksctl-my-amazing-cluster-nodegroup-compute-ng": {
                    "type": "aws_launch_template",
                    "depends_on": [],
                    "primary": {
                        "id": "lt-0a71097e66a096988",
                        "attributes": {
                            "arn": "arn:aws:ec2:us-east-1:992382545251:launch-template/lt-0a71097e66a096988",
                            "block_device_mappings.#": "1",
                            "block_device_mappings.0.device_name": "/dev/xvda",
                            "block_device_mappings.0.ebs.#": "1",
                            "block_device_mappings.0.ebs.0.delete_on_termination": "",
                            "block_device_mappings.0.ebs.0.encrypted": "false",
                            "block_device_mappings.0.ebs.0.iops": "3000",
                            "block_device_mappings.0.ebs.0.kms_key_id": "",
                            "block_device_mappings.0.ebs.0.snapshot_id": "",
                            "block_device_mappings.0.ebs.0.throughput": "125",
                            "block_device_mappings.0.ebs.0.volume_size": "30",
                            "block_device_mappings.0.ebs.0.volume_type": "gp3",
                            "block_device_mappings.0.no_device": "",
                            "block_device_mappings.0.virtual_name": "",
                            "capacity_reservation_specification.#": "0",
                            "cpu_options.#": "0",
                            "credit_specification.#": "0",
                            "default_version": "1",
                            "description": "",
                            "disable_api_termination": "false",
                            "ebs_optimized": "",
                            "elastic_gpu_specifications.#": "0",
                            "elastic_inference_accelerator.#": "0",
                            "enclave_options.#": "0",
                            "hibernation_options.#": "0",
                            "iam_instance_profile.#": "1",
                            "iam_instance_profile.0.arn": "arn:aws:iam::992382545251:instance-profile/eksctl-my-amazing-cluster-nodegroup-compute-ng-NodeInstanceProfile-TivmeKt9HwAn",
                            "iam_instance_profile.0.name": "",
                            "id": "lt-0a71097e66a096988",
                            "image_id": "ami-0eeaed97c333b7cc0",
                            "instance_initiated_shutdown_behavior": "",
                            "instance_market_options.#": "0",
                            "instance_type": "t3.large",
                            "kernel_id": "",
                            "key_name": "finalprojectesting-i",
                            "latest_version": "1",
                            "license_specification.#": "0",
                            "metadata_options.#": "1",
                            "metadata_options.0.http_endpoint": "",
                            "metadata_options.0.http_protocol_ipv6": "",
                            "metadata_options.0.http_put_response_hop_limit": "2",
                            "metadata_options.0.http_tokens": "required",
                            "metadata_options.0.instance_metadata_tags": "",
                            "monitoring.#": "0",
                            "name": "eksctl-my-amazing-cluster-nodegroup-compute-ng",
                            "name_prefix": "",
                            "network_interfaces.#": "1",
                            "network_interfaces.0.associate_carrier_ip_address": "",
                            "network_interfaces.0.associate_public_ip_address": "",
                            "network_interfaces.0.delete_on_termination": "",
                            "network_interfaces.0.description": "",
                            "network_interfaces.0.device_index": "0",
                            "network_interfaces.0.interface_type": "",
                            "network_interfaces.0.ipv4_address_count": "0",
                            "network_interfaces.0.ipv4_addresses.#": "0",
                            "network_interfaces.0.ipv6_address_count": "0",
                            "network_interfaces.0.ipv6_addresses.#": "0",
                            "network_interfaces.0.network_card_index": "0",
                            "network_interfaces.0.network_interface_id": "",
                            "network_interfaces.0.private_ip_address": "",
                            "network_interfaces.0.security_groups.#": "2",
                            "network_interfaces.0.security_groups.0": "sg-08210a7a52196cc37",
                            "network_interfaces.0.security_groups.1": "sg-0d8ed3af1c22b0ab5",
                            "network_interfaces.0.subnet_id": "",
                            "placement.#": "0",
                            "ram_disk_id": "",
                            "security_group_names.#": "0",
                            "tag_specifications.#": "3",
                            "tag_specifications.0.resource_type": "instance",
                            "tag_specifications.0.tags.%": "3",
                            "tag_specifications.0.tags.Environment": "dev",
                            "tag_specifications.0.tags.Name": "my-amazing-cluster-compute-ng-Node",
                            "tag_specifications.0.tags.Project": "DevOpsWorkshop",
                            "tag_specifications.1.resource_type": "volume",
                            "tag_specifications.1.tags.%": "3",
                            "tag_specifications.1.tags.Environment": "dev",
                            "tag_specifications.1.tags.Name": "my-amazing-cluster-compute-ng-Node",
                            "tag_specifications.1.tags.Project": "DevOpsWorkshop",
                            "tag_specifications.2.resource_type": "network-interface",
                            "tag_specifications.2.tags.%": "3",
                            "tag_specifications.2.tags.Environment": "dev",
                            "tag_specifications.2.tags.Name": "my-amazing-cluster-compute-ng-Node",
                            "tag_specifications.2.tags.Project": "DevOpsWorkshop",
                            "tags.%": "0",
                            "tags_all.%": "0",
                            "user_data": "H4sIAAAAAAAA/7xYfXPiuJP+P59Cx6Q2O7djsHnJbFKVq8MgEwyYWLZk8NwUJWwFG8sva4uXMJfvfmUIGZhhp26vrn7/kFh6nlZ3S+6n5Q8eT1e+5KXJc7i4yqgX0QUr7kGy4vwqXyVe7N9fSUACtTXNazyc1/aEWuHlYSaKGosKT/DaPE1FIXKaVSmvV4vgH1ECxjOWl6xNHgo2ew45K8pVvTQRLBH34Obb680VAOkmYfk9yNNU3Jc/VwBkVAT3oMaEd7QbreaMMyGxrchpdVmkSQljeRwWRZgmxT2oyLfNZuXU/n9LVwAA0BkbdrtvQDRD2LD7I/hQImiYsNw/AIbYsiGaGe0RfIhfJBrTXZgsJI+vCsHyPab91J9ZEBGIZhgNHwIhsuK+VlPaqtLqwE63pcK7TvNzA35WGp26qmhqR1a0z9VF/rm6KiRGCyEpVRYV1dJ6mtBNUfXSeG9bvW3Ojj502g9DSxZDS+kg7Ot2qHYR0bGFXd2UNYz2c7LoRIpuYdQh0OiaDn5xZa1hYV11Za5bE3fpde6MubO9dR3RQJrmWpFYOxFP/dgYm0TTbKgjc+L3CCTYxrqGZLglGA/MSWBYdbgjMacOzBSHB9a8Z9yaDun5O7Vlc6QaWIG0EYwJlF9sgnpT7DZGj9mYQKjYGC0ZbGE8CQwC3cDGOmHtTGORZpmxPyaRrtoEdecTc+s4isMcXZClSh2oNNy6r1GsqCPod3FDe8QyD0cyQgjrKiZENW2kmxFqmBM/cWUy7ETauowZY7QayFrEOLo1Yy7bUDecrrtC+C4ZEXMz76oDa6JGdow0J8maI6xwqy7vcMShgUnAHG2CG2TsRW7HjfEAxeJpFLUsh0RrH2d9M0GPHvxTpo8+mStuQW21iSMiM5yppO5GSNYLd6lZ08gw511OkRK4hoJao3oQEy3o2JHCLTNtkNhcG4/4xZjAhpOo1MEjxeqIEFnF1oNNBUFfnu50bCrT3XxCiJVkBp54ytw2djbkEYWKzrASmLjIseYTS9ayTpIRP9K4a92JMSGpobhbPxQ6WRJq4iw0FdL0FNWaNtov2NkS73FR92yj75Ko4cGWZjRGstFVG7jO1YHMBeZoQ7g3MOq6S+q67mqwTqHi2BOt5xMjx5r2OJVHa3NCMNUywsI/W9O6T1AU9Ae7RXPU1U1kGxhp5NZTXHM8CabOo5ebjqzY7cw0l9qtJaPReMIDqxFYvkOaw53WN+IMUqhgCgPLdHzDjDQV1bMJgfrUxlDen0+nzBDpDBs+Qrg878YGQc3sRHpic7ePI6VjOtMmwjo2MVIxXqxt3N8cua6iTcxIxyOoJzjSJ3bs69Od1rBIe230mnV7p2tDmcDRRLs1yXRwOK+BhTCBNNIMt+5vvBhNrHi7nNukcKHvsOjiee36yvG8agj1+g0au6rVQE+OmcpeY5EzjgaWE/QsmTTcR20yJcF2Go3Wrq0nBjESQ3ODUUMbOtiwx46vjnZGwySj1rROGmNoKHMleMLcTdxJf+dExlMnCrQ5z0L8coc8eavhbtAfOVpOcTBBjtI18LY7bCBEu8RBS92a2uYa20YfQ75kluDznu+6OAjnvbtbY6JSovkZ44uB09PdoewPcUP7i9QD09xB2cCLFy/yB8y669vLMtfpC3n0Uyva1F0e5H6XILeHklEoNDPx+25vGzox7zBNs5xetjY2WT52Fmu7t03n+E7gOlIRbCGEja4f+8RT+oqHCRw/ujKdjLbmUg1ojIp5LNxxT78d7Mydk6DWmBiy19WX457SwXGLdmKNWst2y534Q9Lg6VwJptPGaO0tdcNdGmMLG9xS1JYBC4XCZm53g9yq/9lkTivweZpj2yXM9lPf6e+IRriJs51b3wwIaW+cjjAtO+DTpTrohIcajHAL9qGhYY50FPGuSZB2qN3yYF/XjXEXzoZtFQ6tB8qzgFYPYlYN09qbtkgJjdkFzfn0Iz5JfbbI01V2YHhpnK0Ek5LFpzzl78/fly0Vz7YezvSta1gPilxVZLla/v5D6a2yZP2/0Nz9ih/+rTYPk9qcFsHVfqBgAkgpYHnOtqE4HcrCjD3TkJ+OJekqKZh4o6ar3GP/h7Zjz2ZekILKAXUP8lWShMniPbzvvMoe/fN4tQhA5frbaYvwWgH/tUcDIEk0CwuWr1kuscTP0jARJfy8WzgjzG+bx02WPFqCz+X/DOwnxTs4zE4d6RrWGfKsP5JovihK9ACrcAjtGZzYqD1ro9456b0PkvJVIsKY7Vf4sV06oVx/g0ZbHcLZcNxpD2djbD+NLfv+D0liCZ1zJvHUo1xKVyJLi30mLuFfK68nFo8R9bulnfdo/dNo+93XyuvVpR2NWb4od3RVsBykmSjPJQgTkYJjRg5N8L5lPGxyua3gJo+B9Ayuv9mjp1mZpllnbGivNwBO+vYetvwLSAW4qX6Rv4J/B9Uvyteb05SW8H7vtfJzmt9n/qOcO7d/8CBeX5i5ZPztDXgpBIs9wYFPWZwmUs54Sv1L55sVguaiTMj7gYiKyg9W3lBHyAU7fpqwyi/rwz+7N/xUNj63Wv+isnG5kIEPoLyPgPJqIlgC5i/g3emM5QcTHwAuGOiPuta6DkQKFkyAmAnqU0H3AHs8gMZD5fp3b5VzIElFyFkigDQBT9gG0iOoTCS6KSTm1aUjURJpxBJJCC4VzEsTv7gHt7JcAeWVorxR3N5V661m9e1vjVPBClGjWVjbMz8edvN5lXjlYS+dmh1t//4RfHt7r37w6Beu3IPrfRwVUPm1CyVNKnm1a+XgxOvVpbvRhfp36ZpzofLtYX3DsttGB8763TK1p/GBMCkETTwmhf7HH9DDvgY7084Q/j2Jh89M8l48zt7Ip8J4XlvvpTdvTsW0cv3t5PEdMmpPZk/j7n7++P85/60HOPIPj6+fSk3fO7X36eH628/BvP7UCJyk4JRRVsjDbhxrSFntH36vSNJhGTpnvHg496Dycc/48gVICTiP7rUCvn4Fv/12Zu6Pvb2cLcJ9jd6EIpBKARHvho/kj28vkCTFdCtlqV8AWgAKOsM+oPliFZenMiyAz7KceVQw/xMQQViUYxRs0jyiebpKfFDqEgcb9h0JilWWpbkAz2kOYrp9Sv3iieVG6rPzaI578YtQjs49nKI/nqXxu3Q+nBTo8vnLf3495vzsC8JP7cKZvUNpf7jZF6ayIuUJE6w4FqfaBdm6ueDQmZm//UZyYJ4JzcNNTcTZ2TIn0J+/lVzqCO4lP/UilvuvFfAB+OyZrvhhPyivg+WqECBMgEcL9gkkqSjF2S9HVvNVIlb/H7ryvcu7LC3/EwAA///R5XMzARMAAA==",
                            "vpc_security_group_ids.#": "0"
                        },
                        "meta": {
                            "schema_version": 0
                        },
                        "tainted": false
                    },
                    "deposed": [],
                    "provider": "provider.aws"
                },
                "aws_launch_template.tfer--eksctl-my-amazing-cluster-nodegroup-general-ng": {
                    "type": "aws_launch_template",
                    "depends_on": [],
                    "primary": {
                        "id": "lt-0a323f866ef1de45b",
                        "attributes": {
                            "arn": "arn:aws:ec2:us-east-1:992382545251:launch-template/lt-0a323f866ef1de45b",
                            "block_device_mappings.#": "1",
                            "block_device_mappings.0.device_name": "/dev/xvda",
                            "block_device_mappings.0.ebs.#": "1",
                            "block_device_mappings.0.ebs.0.delete_on_termination": "",
                            "block_device_mappings.0.ebs.0.encrypted": "false",
                            "block_device_mappings.0.ebs.0.iops": "3000",
                            "block_device_mappings.0.ebs.0.kms_key_id": "",
                            "block_device_mappings.0.ebs.0.snapshot_id": "",
                            "block_device_mappings.0.ebs.0.throughput": "125",
                            "block_device_mappings.0.ebs.0.volume_size": "20",
                            "block_device_mappings.0.ebs.0.volume_type": "gp3",
                            "block_device_mappings.0.no_device": "",
                            "block_device_mappings.0.virtual_name": "",
                            "capacity_reservation_specification.#": "0",
                            "cpu_options.#": "0",
                            "credit_specification.#": "0",
                            "default_version": "1",
                            "description": "",
                            "disable_api_termination": "false",
                            "ebs_optimized": "",
                            "elastic_gpu_specifications.#": "0",
                            "elastic_inference_accelerator.#": "0",
                            "enclave_options.#": "0",
                            "hibernation_options.#": "0",
                            "iam_instance_profile.#": "1",
                            "iam_instance_profile.0.arn": "arn:aws:iam::992382545251:instance-profile/eksctl-my-amazing-cluster-nodegroup-general-ng-NodeInstanceProfile-hSNc6Aa3qLLX",
                            "iam_instance_profile.0.name": "",
                            "id": "lt-0a323f866ef1de45b",
                            "image_id": "ami-0eeaed97c333b7cc0",
                            "instance_initiated_shutdown_behavior": "",
                            "instance_market_options.#": "0",
                            "instance_type": "t3.medium",
                            "kernel_id": "",
                            "key_name": "finalprojectesting-i",
                            "latest_version": "1",
                            "license_specification.#": "0",
                            "metadata_options.#": "1",
                            "metadata_options.0.http_endpoint": "",
                            "metadata_options.0.http_protocol_ipv6": "",
                            "metadata_options.0.http_put_response_hop_limit": "2",
                            "metadata_options.0.http_tokens": "required",
                            "metadata_options.0.instance_metadata_tags": "",
                            "monitoring.#": "0",
                            "name": "eksctl-my-amazing-cluster-nodegroup-general-ng",
                            "name_prefix": "",
                            "network_interfaces.#": "1",
                            "network_interfaces.0.associate_carrier_ip_address": "",
                            "network_interfaces.0.associate_public_ip_address": "",
                            "network_interfaces.0.delete_on_termination": "",
                            "network_interfaces.0.description": "",
                            "network_interfaces.0.device_index": "0",
                            "network_interfaces.0.interface_type": "",
                            "network_interfaces.0.ipv4_address_count": "0",
                            "network_interfaces.0.ipv4_addresses.#": "0",
                            "network_interfaces.0.ipv6_address_count": "0",
                            "network_interfaces.0.ipv6_addresses.#": "0",
                            "network_interfaces.0.network_card_index": "0",
                            "network_interfaces.0.network_interface_id": "",
                            "network_interfaces.0.private_ip_address": "",
                            "network_interfaces.0.security_groups.#": "2",
                            "network_interfaces.0.security_groups.0": "sg-095d97b821221b280",
                            "network_interfaces.0.security_groups.1": "sg-0d8ed3af1c22b0ab5",
                            "network_interfaces.0.subnet_id": "",
                            "placement.#": "0",
                            "ram_disk_id": "",
                            "security_group_names.#": "0",
                            "tag_specifications.#": "3",
                            "tag_specifications.0.resource_type": "instance",
                            "tag_specifications.0.tags.%": "3",
                            "tag_specifications.0.tags.Environment": "dev",
                            "tag_specifications.0.tags.Name": "my-amazing-cluster-general-ng-Node",
                            "tag_specifications.0.tags.Project": "DevOpsWorkshop",
                            "tag_specifications.1.resource_type": "volume",
                            "tag_specifications.1.tags.%": "3",
                            "tag_specifications.1.tags.Environment": "dev",
                            "tag_specifications.1.tags.Name": "my-amazing-cluster-general-ng-Node",
                            "tag_specifications.1.tags.Project": "DevOpsWorkshop",
                            "tag_specifications.2.resource_type": "network-interface",
                            "tag_specifications.2.tags.%": "3",
                            "tag_specifications.2.tags.Environment": "dev",
                            "tag_specifications.2.tags.Name": "my-amazing-cluster-general-ng-Node",
                            "tag_specifications.2.tags.Project": "DevOpsWorkshop",
                            "tags.%": "0",
                            "tags_all.%": "0",
                            "user_data": "H4sIAAAAAAAA/7xY63Liupb+n6fQ0F0nu+dsg80lvZMqpgaDTDBgYtmSwT1dlLAVbCxfji0uoSfvPmUIadjhdM2emjp/SCx939K6ea0lf/J4uvYlL02ew+VNRr2ILlnxAJI15zf5OvFi/+FGAhKobWhe4+GidiDUCi8PM1HUWFR4gtcWaSoKkdOsSnm9WgR/iRIwnrG8ZG3zULD5c8hZUZ7qpYlgiXgAtz9eb28ASLcJyx9Anqbiofy5ASCjIngANSa8k9xovWCcCYntRE6rqyJNShjL47AowjQpHkBFvms2K+fy/1u6AQCA7ghbNkRzozOG7fhFojHdh8lS8vi6ECw/YDpPg7kFEYFojtGoHQiRFQ+1mtJRlVYXdnstFd53m18b8KvS6NZVRVO7sqJ9rS7zr9V1ITFaCEmpsqioltLThG6LqpfGB9nqXXN+0qHbaY8sWYwspYuwr9uh2kNExxZ2dVPWMDrsyaIbKbqFUZdAo2c6+MWVtYaFddWVuW5N3ZXXvTcWzu7OdUQDaZprRWLjRDz1Y2NiEk2zoY7Mqd8nkGAb6xqS4Y5gPDSngWHV4Z7EnDowUxweWIu+cWc6pO/v1ZbNkWpgBdJGMCFQfrEJ6s+w2xg/ZhMCoWJjtGKwhfE0MAh0AxvrhHUyjUWaZcb+hES6ahPUW0zNneMoDnN0QVYqdaDScOu+RrGijqHfww3tEcs8HMsIIayrmBDVtJFuRqhhTv3ElcmoG2mb0maM0XooaxHj6M6MuWxD3XB67hrh+2RMzO2ipw6tqRrZMdKcJGuOscKturzHEYcGJgFztClukIkXuV03xkMUi6dx1LIcEm18nA3MBD168A+ZPvpkobgFtdUmjojMcKaSuhshWS/clWbNIsNc9DhFSuAaCmqN60FMtKBrRwq3zLRBYnNjPOIXYwobTqJSB48VqytCZBU7DzYVBH15ttexqcz2iykhVpIZeOopC9vY25BHFCo6w0pg4iLHmk8sWcu6SUb8SOOudS8mhKSG4u78UOhkRaiJs9BUSNNTVGvW6LxgZ0e8x2Xds42BS6KGB1ua0RjLRk9t4DpXhzIXmKMt4d7QqOsuqeu6q8E6hYpjT7W+T4wca9rjTB5vzCnBVMsIC/9ozeo+QVEwGO6XzXFPN5FtYKSRO09xzck0mDmPXm46smJ3MtNcaXeWjMaTKQ+sRmD5DmmO9trAiDNIoYIpDCzT8Q0z0lRUz6YE6jMbQ/mQn07pIdIdNXyEcJnvxhZBzexGemJzd4AjpWs6sybCOjYxUjFebmw82J64rqJNzUjHY6gnONKnduzrs73WsEhnY/SbdXuvayOZwPFUuzPJbHjM18BCmEAaaYZb97dejKZWvFstbFK40HdYdDVfe75yylcNof6gQWNXtRroyTFT2Wssc8bR0HKCviWThvuoTWck2M2i8ca19cQgRmJobjBuaCMHG/bE8dXx3miYZNya1UljAg1loQRPmLuJOx3snch46kaBtuBZiF/ukSfvNNwLBmNHyykOpshRegbe9UYNhGiPOGilWzPb3GDbGGDIV8wSfNH3XRcH4aJ/f2dMVUo0P2N8OXT6ujuS/RFuaP8g9cA091A28PLFi/whs+4H9qr0dfpCHv3UirZ1lwe53yPI7aNkHArNTPyB29+FTsy7TNMsp59tjG2WT5zlxu7v0gW+F7iOVARbCGGj58c+8ZSB4mECJ4+uTKfjnblSAxqjYhELd9LX74Z7c+8kqDUhhuz19NWkr3Rx3KLdWKPWqtNyp/6INHi6UILZrDHeeCvdcFfGxMIGtxS1ZcBCobCZ270gt+p/NJnTCnye5th2CbP91HcGe6IRbuJs79a3Q0I6W6crTMsO+GylDrvhsQYj3IIDaGiYIx1FvGcSpB1rtzw81HVj0oPzUUeFI6udp5y1lyxhOeW/U54FtHpsXNUwrb01GimhMbvSgD7gk9RnyzxdZ0fGm1gpWf481u4MDNtqX/S3nmG1FbmqyHK1/D3uTYwSCtEcYcMejGG77I40TFju/8XWW2XJ5n/Rcw/Hfvq32iJMagtaBDeHhYIJIKWA5TnbheJ8KQsz9kxDfr6WpOukYOKNmq5zj/0fxo4Dm3lBCipH1API10kSJst3837yKgf0x/VqEYDK5x/nM8RrBfzXAQ2AJNEsLFi+YbnEEj9Lw0SU8Mtx4oKwuGueAi95tARfzgcXYD8p3sFhdq5Iz7AukBfzkUTzZVGih1iFI2jP4dRGnXkH9S9J77kg5etEhDE7nPDnlDmjfP4BjY46gvPRpNsZzSfYfppY9sPfJYkldMGZxFOPcildiywtDp64hn+tvJ5JPFk06JVy3q31z60d9F4rrzfXIhqzfFlGdF2wHKSZKPMShIlIwckjxyH4MDIeg1yGFdzmMZCewecf9vhpXrpp3p0Y2ustgNOBfYCt/gGkAtxWv8nfwb+D6jfl++25S0v4oP9a+ejm953/KPcu5R81iDdXdq4Jf3sDXgrBYk9w4FMWp4mUM55S/1p+s0LQXJQOeU+IqKj8Scob6gS5IsdPE1b5ZX34a/eGD2Xja6v1Lyob1wsZ+ATK+wgoryaCJWDxAt6Vzlh+FPEJ4IKBwbhnbepApGDJBIiZoD4V9ACwJ0NotCuff/PWOQeSVIScJQJIU/CEbSA9gspUottCYl5dOhElkUYskYTgUsG8NPGLB3AnyxVQ3jnKK8fdfbXealbf/tY4FawQNZqFtQPzyzGaz+vEK5O9VGp+kv3bF/Dj7b36k0a/UOUBfD7YUQGVX6tQ0qSSV/usHJV4vbl2ebpS/67dg65UvgNsYFh2x+jC+aBXuvbcPhAmhaCJx6TQ//In9Gigwe6sO4L/nMTDZyZ5Lx5nb+TzznlZWx+kN23Ou23l84+zx3fIuDOdP016h/3T/5f8tyHhxD8+vv5e9vmDUged2p9/fDTm9cNwcOaCc0ZZIY/RONWQstq3f6tI0vEYumC8aF9qUPlyYHz7BqQEXFr3WgHfv4O//e1C3N8P8nK2DA81ehuKQCobiHgXfCJ/eXuBJCmmOylL/QLQAlDQHQ0AzZfruMzKsAA+y3LmUcH834EIwqJco2Cb5hHN03Xig7IvcbBlP5GgWGdZmgvwnOYgprun1C+eWG6kPru05hSLX5hyUq59jv5y4cafrbN9VqDL52//+f3k84tPDB/GhQt5x9Levj0UprIi5QkTrDgVp9qVtnV7RaELMf/0G8mRedFo2rc1EWcXx5xBP86L1yaCB8lPvYjl/msFfAI+e6ZrfowH5XWwWhcChAnwaMF+B0kqyubslyvrxToR6/+PvvJzyrveWv4nAAD//8QLkiEBEwAA",
                            "vpc_security_group_ids.#": "0"
                        },
                        "meta": {
                            "schema_version": 0
                        },
                        "tainted": false
                    },
                    "deposed": [],
                    "provider": "provider.aws"
                }
            },
            "depends_on": []
        }
    ]
}
